// !$*UTF8*$!
{
	archiveVersion = 1;
	classes = {
	};
	objectVersion = 46;
	objects = {

/* Begin PBXAggregateTarget section */
		47FF10011E6D77FC00558FA6 /* UniversalLib */ = {
			isa = PBXAggregateTarget;
			buildConfigurationList = 47FF10021E6D77FC00558FA6 /* Build configuration list for PBXAggregateTarget "UniversalLib" */;
			buildPhases = (
				47FF10051E6D781300558FA6 /* ShellScript */,
			);
			dependencies = (
			);
			name = UniversalLib;
			productName = UniversalLib;
		};
/* End PBXAggregateTarget section */

/* Begin PBXBuildFile section */
		4705E95C1E264CBE000B795F /* LoopMeMRAIDClient.h in Headers */ = {isa = PBXBuildFile; fileRef = 4705E95A1E264CBE000B795F /* LoopMeMRAIDClient.h */; };
		4705E95D1E264CBE000B795F /* LoopMeMRAIDClient.m in Sources */ = {isa = PBXBuildFile; fileRef = 4705E95B1E264CBE000B795F /* LoopMeMRAIDClient.m */; };
		4705E9601E264CD2000B795F /* LoopMeCloseButton.h in Headers */ = {isa = PBXBuildFile; fileRef = 4705E95E1E264CD2000B795F /* LoopMeCloseButton.h */; };
		4705E9611E264CD2000B795F /* LoopMeCloseButton.m in Sources */ = {isa = PBXBuildFile; fileRef = 4705E95F1E264CD2000B795F /* LoopMeCloseButton.m */; };
		474EC5131CEAF6BF0033C849 /* LoopMeAdView.m in Sources */ = {isa = PBXBuildFile; fileRef = 474EC4B31CEAF6BF0033C849 /* LoopMeAdView.m */; };
		474EC5141CEAF6BF0033C849 /* LoopMeMaximizedViewController.h in Headers */ = {isa = PBXBuildFile; fileRef = 474EC4B51CEAF6BF0033C849 /* LoopMeMaximizedViewController.h */; };
		474EC5151CEAF6BF0033C849 /* LoopMeMaximizedViewController.m in Sources */ = {isa = PBXBuildFile; fileRef = 474EC4B61CEAF6BF0033C849 /* LoopMeMaximizedViewController.m */; };
		474EC5161CEAF6BF0033C849 /* LoopMeMinimizedAdView.h in Headers */ = {isa = PBXBuildFile; fileRef = 474EC4B81CEAF6BF0033C849 /* LoopMeMinimizedAdView.h */; };
		474EC5171CEAF6BF0033C849 /* LoopMeMinimizedAdView.m in Sources */ = {isa = PBXBuildFile; fileRef = 474EC4B91CEAF6BF0033C849 /* LoopMeMinimizedAdView.m */; };
		474EC5181CEAF6BF0033C849 /* LoopMeServerURLBuilder.h in Headers */ = {isa = PBXBuildFile; fileRef = 474EC4BB1CEAF6BF0033C849 /* LoopMeServerURLBuilder.h */; };
		474EC5191CEAF6BF0033C849 /* LoopMeServerURLBuilder.m in Sources */ = {isa = PBXBuildFile; fileRef = 474EC4BC1CEAF6BF0033C849 /* LoopMeServerURLBuilder.m */; };
		474EC51A1CEAF6BF0033C849 /* LoopMeJSClient.h in Headers */ = {isa = PBXBuildFile; fileRef = 474EC4BE1CEAF6BF0033C849 /* LoopMeJSClient.h */; };
		474EC51B1CEAF6BF0033C849 /* LoopMeJSClient.m in Sources */ = {isa = PBXBuildFile; fileRef = 474EC4BF1CEAF6BF0033C849 /* LoopMeJSClient.m */; };
		474EC51C1CEAF6BF0033C849 /* LoopMeVideoClient.h in Headers */ = {isa = PBXBuildFile; fileRef = 474EC4C01CEAF6BF0033C849 /* LoopMeVideoClient.h */; };
		474EC51D1CEAF6BF0033C849 /* LoopMeVideoClient.m in Sources */ = {isa = PBXBuildFile; fileRef = 474EC4C11CEAF6BF0033C849 /* LoopMeVideoClient.m */; };
		474EC51E1CEAF6BF0033C849 /* LoopMeJSCommunicatorProtocol.h in Headers */ = {isa = PBXBuildFile; fileRef = 474EC4C31CEAF6BF0033C849 /* LoopMeJSCommunicatorProtocol.h */; };
		474EC51F1CEAF6BF0033C849 /* LoopMeVideoCommunicatorProtocol.h in Headers */ = {isa = PBXBuildFile; fileRef = 474EC4C41CEAF6BF0033C849 /* LoopMeVideoCommunicatorProtocol.h */; };
		474EC5201CEAF6BF0033C849 /* LoopMeAdDisplayController.h in Headers */ = {isa = PBXBuildFile; fileRef = 474EC4C61CEAF6BF0033C849 /* LoopMeAdDisplayController.h */; };
		474EC5211CEAF6BF0033C849 /* LoopMeAdDisplayController.m in Sources */ = {isa = PBXBuildFile; fileRef = 474EC4C71CEAF6BF0033C849 /* LoopMeAdDisplayController.m */; };
		474EC5221CEAF6BF0033C849 /* LoopMeDestinationDisplayController.h in Headers */ = {isa = PBXBuildFile; fileRef = 474EC4C81CEAF6BF0033C849 /* LoopMeDestinationDisplayController.h */; };
		474EC5231CEAF6BF0033C849 /* LoopMeDestinationDisplayController.m in Sources */ = {isa = PBXBuildFile; fileRef = 474EC4C91CEAF6BF0033C849 /* LoopMeDestinationDisplayController.m */; };
		474EC5251CEAF6BF0033C849 /* LoopMeAdConfiguration.h in Headers */ = {isa = PBXBuildFile; fileRef = 474EC4CD1CEAF6BF0033C849 /* LoopMeAdConfiguration.h */; };
		474EC5261CEAF6BF0033C849 /* LoopMeAdConfiguration.m in Sources */ = {isa = PBXBuildFile; fileRef = 474EC4CE1CEAF6BF0033C849 /* LoopMeAdConfiguration.m */; };
		474EC5271CEAF6BF0033C849 /* LoopMeAdManager.h in Headers */ = {isa = PBXBuildFile; fileRef = 474EC4CF1CEAF6BF0033C849 /* LoopMeAdManager.h */; };
		474EC5281CEAF6BF0033C849 /* LoopMeAdManager.m in Sources */ = {isa = PBXBuildFile; fileRef = 474EC4D01CEAF6BF0033C849 /* LoopMeAdManager.m */; };
		474EC5291CEAF6BF0033C849 /* LoopMeReachability.h in Headers */ = {isa = PBXBuildFile; fileRef = 474EC4D11CEAF6BF0033C849 /* LoopMeReachability.h */; };
		474EC52A1CEAF6BF0033C849 /* LoopMeReachability.m in Sources */ = {isa = PBXBuildFile; fileRef = 474EC4D21CEAF6BF0033C849 /* LoopMeReachability.m */; };
		474EC52B1CEAF6BF0033C849 /* LoopMeServerCommunicator.h in Headers */ = {isa = PBXBuildFile; fileRef = 474EC4D31CEAF6BF0033C849 /* LoopMeServerCommunicator.h */; };
		474EC52C1CEAF6BF0033C849 /* LoopMeServerCommunicator.m in Sources */ = {isa = PBXBuildFile; fileRef = 474EC4D41CEAF6BF0033C849 /* LoopMeServerCommunicator.m */; };
		474EC52D1CEAF6BF0033C849 /* LoopMeURLResolver.h in Headers */ = {isa = PBXBuildFile; fileRef = 474EC4D51CEAF6BF0033C849 /* LoopMeURLResolver.h */; };
		474EC52E1CEAF6BF0033C849 /* LoopMeURLResolver.m in Sources */ = {isa = PBXBuildFile; fileRef = 474EC4D61CEAF6BF0033C849 /* LoopMeURLResolver.m */; };
		474EC52F1CEAF6BF0033C849 /* LoopMeVideoManager.h in Headers */ = {isa = PBXBuildFile; fileRef = 474EC4D71CEAF6BF0033C849 /* LoopMeVideoManager.h */; };
		474EC5301CEAF6BF0033C849 /* LoopMeVideoManager.m in Sources */ = {isa = PBXBuildFile; fileRef = 474EC4D81CEAF6BF0033C849 /* LoopMeVideoManager.m */; };
		474EC5311CEAF6BF0033C849 /* LoopMeTargeting.m in Sources */ = {isa = PBXBuildFile; fileRef = 474EC4DA1CEAF6BF0033C849 /* LoopMeTargeting.m */; };
		474EC5321CEAF6BF0033C849 /* NSData+LoopMeAES128.h in Headers */ = {isa = PBXBuildFile; fileRef = 474EC4DD1CEAF6BF0033C849 /* NSData+LoopMeAES128.h */; };
		474EC5331CEAF6BF0033C849 /* NSData+LoopMeAES128.m in Sources */ = {isa = PBXBuildFile; fileRef = 474EC4DE1CEAF6BF0033C849 /* NSData+LoopMeAES128.m */; };
		474EC5341CEAF6BF0033C849 /* NSURL+LoopMeAdditions.h in Headers */ = {isa = PBXBuildFile; fileRef = 474EC4DF1CEAF6BF0033C849 /* NSURL+LoopMeAdditions.h */; };
		474EC5351CEAF6BF0033C849 /* NSURL+LoopMeAdditions.m in Sources */ = {isa = PBXBuildFile; fileRef = 474EC4E01CEAF6BF0033C849 /* NSURL+LoopMeAdditions.m */; };
		474EC5361CEAF6BF0033C849 /* UIImage+LoopMeBinaryImage.h in Headers */ = {isa = PBXBuildFile; fileRef = 474EC4E11CEAF6BF0033C849 /* UIImage+LoopMeBinaryImage.h */; };
		474EC5371CEAF6BF0033C849 /* UIImage+LoopMeBinaryImage.m in Sources */ = {isa = PBXBuildFile; fileRef = 474EC4E21CEAF6BF0033C849 /* UIImage+LoopMeBinaryImage.m */; };
		474EC5381CEAF6BF0033C849 /* LoopMeAnalyticsProvider.h in Headers */ = {isa = PBXBuildFile; fileRef = 474EC4E31CEAF6BF0033C849 /* LoopMeAnalyticsProvider.h */; };
		474EC5391CEAF6BF0033C849 /* LoopMeAnalyticsProvider.m in Sources */ = {isa = PBXBuildFile; fileRef = 474EC4E41CEAF6BF0033C849 /* LoopMeAnalyticsProvider.m */; };
		474EC53A1CEAF6BF0033C849 /* LoopMeDefinitions.h in Headers */ = {isa = PBXBuildFile; fileRef = 474EC4E51CEAF6BF0033C849 /* LoopMeDefinitions.h */; };
		474EC53B1CEAF6BF0033C849 /* LoopMeError.h in Headers */ = {isa = PBXBuildFile; fileRef = 474EC4E61CEAF6BF0033C849 /* LoopMeError.h */; };
		474EC53C1CEAF6BF0033C849 /* LoopMeError.m in Sources */ = {isa = PBXBuildFile; fileRef = 474EC4E71CEAF6BF0033C849 /* LoopMeError.m */; };
		474EC53D1CEAF6BF0033C849 /* LoopMeErrorEventSender.h in Headers */ = {isa = PBXBuildFile; fileRef = 474EC4E81CEAF6BF0033C849 /* LoopMeErrorEventSender.h */; };
		474EC53E1CEAF6BF0033C849 /* LoopMeErrorEventSender.m in Sources */ = {isa = PBXBuildFile; fileRef = 474EC4E91CEAF6BF0033C849 /* LoopMeErrorEventSender.m */; };
		474EC53F1CEAF6BF0033C849 /* LoopMeGeoLocationProvider.h in Headers */ = {isa = PBXBuildFile; fileRef = 474EC4EA1CEAF6BF0033C849 /* LoopMeGeoLocationProvider.h */; };
		474EC5401CEAF6BF0033C849 /* LoopMeGeoLocationProvider.m in Sources */ = {isa = PBXBuildFile; fileRef = 474EC4EB1CEAF6BF0033C849 /* LoopMeGeoLocationProvider.m */; };
		474EC5411CEAF6BF0033C849 /* LoopMeGlobalSettings.h in Headers */ = {isa = PBXBuildFile; fileRef = 474EC4EC1CEAF6BF0033C849 /* LoopMeGlobalSettings.h */; };
		474EC5421CEAF6BF0033C849 /* LoopMeGlobalSettings.m in Sources */ = {isa = PBXBuildFile; fileRef = 474EC4ED1CEAF6BF0033C849 /* LoopMeGlobalSettings.m */; };
		474EC5431CEAF6BF0033C849 /* LoopMeIdentityProvider.h in Headers */ = {isa = PBXBuildFile; fileRef = 474EC4EE1CEAF6BF0033C849 /* LoopMeIdentityProvider.h */; };
		474EC5441CEAF6BF0033C849 /* LoopMeIdentityProvider.m in Sources */ = {isa = PBXBuildFile; fileRef = 474EC4EF1CEAF6BF0033C849 /* LoopMeIdentityProvider.m */; };
		474EC5471CEAF6BF0033C849 /* LoopMeLogging.h in Headers */ = {isa = PBXBuildFile; fileRef = 474EC4F21CEAF6BF0033C849 /* LoopMeLogging.h */; };
		474EC5481CEAF6BF0033C849 /* LoopMeLogging.m in Sources */ = {isa = PBXBuildFile; fileRef = 474EC4F31CEAF6BF0033C849 /* LoopMeLogging.m */; };
		474EC5491CEAF6BF0033C849 /* LoopMe360ViewController.h in Headers */ = {isa = PBXBuildFile; fileRef = 474EC4F61CEAF6BF0033C849 /* LoopMe360ViewController.h */; };
		474EC54A1CEAF6BF0033C849 /* LoopMe360ViewController.m in Sources */ = {isa = PBXBuildFile; fileRef = 474EC4F71CEAF6BF0033C849 /* LoopMe360ViewController.m */; };
		474EC54B1CEAF6BF0033C849 /* LoopMeGLProgram.h in Headers */ = {isa = PBXBuildFile; fileRef = 474EC4F91CEAF6BF0033C849 /* LoopMeGLProgram.h */; };
		474EC54C1CEAF6BF0033C849 /* LoopMeGLProgram.m in Sources */ = {isa = PBXBuildFile; fileRef = 474EC4FA1CEAF6BF0033C849 /* LoopMeGLProgram.m */; };
		474EC54D1CEAF6BF0033C849 /* LoopMeInterstitialViewController.h in Headers */ = {isa = PBXBuildFile; fileRef = 474EC4FE1CEAF6BF0033C849 /* LoopMeInterstitialViewController.h */; };
		474EC54E1CEAF6BF0033C849 /* LoopMeInterstitialViewController.m in Sources */ = {isa = PBXBuildFile; fileRef = 474EC4FF1CEAF6BF0033C849 /* LoopMeInterstitialViewController.m */; };
		474EC54F1CEAF6BF0033C849 /* LoopMeBrowserViewController.h in Headers */ = {isa = PBXBuildFile; fileRef = 474EC5011CEAF6BF0033C849 /* LoopMeBrowserViewController.h */; };
		474EC5501CEAF6BF0033C849 /* LoopMeBrowserViewController.m in Sources */ = {isa = PBXBuildFile; fileRef = 474EC5021CEAF6BF0033C849 /* LoopMeBrowserViewController.m */; };
		474EC5511CEAF6BF0033C849 /* LoopMeBackView.h in Headers */ = {isa = PBXBuildFile; fileRef = 474EC5041CEAF6BF0033C849 /* LoopMeBackView.h */; };
		474EC5521CEAF6BF0033C849 /* LoopMeBackView.m in Sources */ = {isa = PBXBuildFile; fileRef = 474EC5051CEAF6BF0033C849 /* LoopMeBackView.m */; };
		474EC5531CEAF6BF0033C849 /* LoopMeCancelView.h in Headers */ = {isa = PBXBuildFile; fileRef = 474EC5061CEAF6BF0033C849 /* LoopMeCancelView.h */; };
		474EC5541CEAF6BF0033C849 /* LoopMeCancelView.m in Sources */ = {isa = PBXBuildFile; fileRef = 474EC5071CEAF6BF0033C849 /* LoopMeCancelView.m */; };
		474EC5551CEAF6BF0033C849 /* LoopMeActivityIndicatorView.h in Headers */ = {isa = PBXBuildFile; fileRef = 474EC5091CEAF6BF0033C849 /* LoopMeActivityIndicatorView.h */; };
		474EC5561CEAF6BF0033C849 /* LoopMeActivityIndicatorView.m in Sources */ = {isa = PBXBuildFile; fileRef = 474EC50A1CEAF6BF0033C849 /* LoopMeActivityIndicatorView.m */; };
		474EC5571CEAF6BF0033C849 /* LoopMeProgressOverlayView.h in Headers */ = {isa = PBXBuildFile; fileRef = 474EC50B1CEAF6BF0033C849 /* LoopMeProgressOverlayView.h */; };
		474EC5581CEAF6BF0033C849 /* LoopMeProgressOverlayView.m in Sources */ = {isa = PBXBuildFile; fileRef = 474EC50C1CEAF6BF0033C849 /* LoopMeProgressOverlayView.m */; };
		474EC5591CEAF6BF0033C849 /* LoopMeAdWebView.h in Headers */ = {isa = PBXBuildFile; fileRef = 474EC50E1CEAF6BF0033C849 /* LoopMeAdWebView.h */; };
		474EC55A1CEAF6BF0033C849 /* LoopMeAdWebView.m in Sources */ = {isa = PBXBuildFile; fileRef = 474EC50F1CEAF6BF0033C849 /* LoopMeAdWebView.m */; };
		474EC55B1CEAF6BF0033C849 /* LoopMeAdView.h in Headers */ = {isa = PBXBuildFile; fileRef = 474EC5101CEAF6BF0033C849 /* LoopMeAdView.h */; };
		474EC55C1CEAF6BF0033C849 /* LoopMeInterstitial.h in Headers */ = {isa = PBXBuildFile; fileRef = 474EC5111CEAF6BF0033C849 /* LoopMeInterstitial.h */; };
		474EC55D1CEAF6BF0033C849 /* LoopMeTargeting.h in Headers */ = {isa = PBXBuildFile; fileRef = 474EC5121CEAF6BF0033C849 /* LoopMeTargeting.h */; };
		47E7CF4D1E71B2FA0041FC55 /* FlashRuntimeExtensions.h in Headers */ = {isa = PBXBuildFile; fileRef = 47E7CF4A1E71B2FA0041FC55 /* FlashRuntimeExtensions.h */; };
		47E7CF4E1E71B2FA0041FC55 /* LoopMeANE.h in Headers */ = {isa = PBXBuildFile; fileRef = 47E7CF4B1E71B2FA0041FC55 /* LoopMeANE.h */; };
		47E7CF4F1E71B2FA0041FC55 /* LoopMeANE.m in Sources */ = {isa = PBXBuildFile; fileRef = 47E7CF4C1E71B2FA0041FC55 /* LoopMeANE.m */; };
		47EAE8621D23E6DC00FB7638 /* LoopMeInterstitial.m in Sources */ = {isa = PBXBuildFile; fileRef = 47EAE8611D23E6DC00FB7638 /* LoopMeInterstitial.m */; };
		62777CFF15B5996000A7E4CA /* Foundation.framework in Frameworks */ = {isa = PBXBuildFile; fileRef = 62777CFE15B5996000A7E4CA /* Foundation.framework */; settings = {ATTRIBUTES = (Required, ); }; };
/* End PBXBuildFile section */

/* Begin PBXFileReference section */
		4705E95A1E264CBE000B795F /* LoopMeMRAIDClient.h */ = {isa = PBXFileReference; fileEncoding = 4; lastKnownFileType = sourcecode.c.h; path = LoopMeMRAIDClient.h; sourceTree = "<group>"; };
		4705E95B1E264CBE000B795F /* LoopMeMRAIDClient.m */ = {isa = PBXFileReference; fileEncoding = 4; lastKnownFileType = sourcecode.c.objc; path = LoopMeMRAIDClient.m; sourceTree = "<group>"; };
		4705E95E1E264CD2000B795F /* LoopMeCloseButton.h */ = {isa = PBXFileReference; fileEncoding = 4; lastKnownFileType = sourcecode.c.h; path = LoopMeCloseButton.h; sourceTree = "<group>"; };
		4705E95F1E264CD2000B795F /* LoopMeCloseButton.m */ = {isa = PBXFileReference; fileEncoding = 4; lastKnownFileType = sourcecode.c.objc; path = LoopMeCloseButton.m; sourceTree = "<group>"; };
		474EC4B31CEAF6BF0033C849 /* LoopMeAdView.m */ = {isa = PBXFileReference; fileEncoding = 4; lastKnownFileType = sourcecode.c.objc; path = LoopMeAdView.m; sourceTree = "<group>"; };
		474EC4B51CEAF6BF0033C849 /* LoopMeMaximizedViewController.h */ = {isa = PBXFileReference; fileEncoding = 4; lastKnownFileType = sourcecode.c.h; path = LoopMeMaximizedViewController.h; sourceTree = "<group>"; };
		474EC4B61CEAF6BF0033C849 /* LoopMeMaximizedViewController.m */ = {isa = PBXFileReference; fileEncoding = 4; lastKnownFileType = sourcecode.c.objc; path = LoopMeMaximizedViewController.m; sourceTree = "<group>"; };
		474EC4B81CEAF6BF0033C849 /* LoopMeMinimizedAdView.h */ = {isa = PBXFileReference; fileEncoding = 4; lastKnownFileType = sourcecode.c.h; path = LoopMeMinimizedAdView.h; sourceTree = "<group>"; };
		474EC4B91CEAF6BF0033C849 /* LoopMeMinimizedAdView.m */ = {isa = PBXFileReference; fileEncoding = 4; lastKnownFileType = sourcecode.c.objc; path = LoopMeMinimizedAdView.m; sourceTree = "<group>"; };
		474EC4BB1CEAF6BF0033C849 /* LoopMeServerURLBuilder.h */ = {isa = PBXFileReference; fileEncoding = 4; lastKnownFileType = sourcecode.c.h; path = LoopMeServerURLBuilder.h; sourceTree = "<group>"; };
		474EC4BC1CEAF6BF0033C849 /* LoopMeServerURLBuilder.m */ = {isa = PBXFileReference; fileEncoding = 4; lastKnownFileType = sourcecode.c.objc; path = LoopMeServerURLBuilder.m; sourceTree = "<group>"; };
		474EC4BE1CEAF6BF0033C849 /* LoopMeJSClient.h */ = {isa = PBXFileReference; fileEncoding = 4; lastKnownFileType = sourcecode.c.h; path = LoopMeJSClient.h; sourceTree = "<group>"; };
		474EC4BF1CEAF6BF0033C849 /* LoopMeJSClient.m */ = {isa = PBXFileReference; fileEncoding = 4; lastKnownFileType = sourcecode.c.objc; path = LoopMeJSClient.m; sourceTree = "<group>"; };
		474EC4C01CEAF6BF0033C849 /* LoopMeVideoClient.h */ = {isa = PBXFileReference; fileEncoding = 4; lastKnownFileType = sourcecode.c.h; path = LoopMeVideoClient.h; sourceTree = "<group>"; };
		474EC4C11CEAF6BF0033C849 /* LoopMeVideoClient.m */ = {isa = PBXFileReference; fileEncoding = 4; lastKnownFileType = sourcecode.c.objc; path = LoopMeVideoClient.m; sourceTree = "<group>"; };
		474EC4C31CEAF6BF0033C849 /* LoopMeJSCommunicatorProtocol.h */ = {isa = PBXFileReference; fileEncoding = 4; lastKnownFileType = sourcecode.c.h; path = LoopMeJSCommunicatorProtocol.h; sourceTree = "<group>"; };
		474EC4C41CEAF6BF0033C849 /* LoopMeVideoCommunicatorProtocol.h */ = {isa = PBXFileReference; fileEncoding = 4; lastKnownFileType = sourcecode.c.h; path = LoopMeVideoCommunicatorProtocol.h; sourceTree = "<group>"; };
		474EC4C61CEAF6BF0033C849 /* LoopMeAdDisplayController.h */ = {isa = PBXFileReference; fileEncoding = 4; lastKnownFileType = sourcecode.c.h; path = LoopMeAdDisplayController.h; sourceTree = "<group>"; };
		474EC4C71CEAF6BF0033C849 /* LoopMeAdDisplayController.m */ = {isa = PBXFileReference; fileEncoding = 4; lastKnownFileType = sourcecode.c.objc; path = LoopMeAdDisplayController.m; sourceTree = "<group>"; };
		474EC4C81CEAF6BF0033C849 /* LoopMeDestinationDisplayController.h */ = {isa = PBXFileReference; fileEncoding = 4; lastKnownFileType = sourcecode.c.h; path = LoopMeDestinationDisplayController.h; sourceTree = "<group>"; };
		474EC4C91CEAF6BF0033C849 /* LoopMeDestinationDisplayController.m */ = {isa = PBXFileReference; fileEncoding = 4; lastKnownFileType = sourcecode.c.objc; path = LoopMeDestinationDisplayController.m; sourceTree = "<group>"; };
		474EC4CD1CEAF6BF0033C849 /* LoopMeAdConfiguration.h */ = {isa = PBXFileReference; fileEncoding = 4; lastKnownFileType = sourcecode.c.h; path = LoopMeAdConfiguration.h; sourceTree = "<group>"; };
		474EC4CE1CEAF6BF0033C849 /* LoopMeAdConfiguration.m */ = {isa = PBXFileReference; fileEncoding = 4; lastKnownFileType = sourcecode.c.objc; path = LoopMeAdConfiguration.m; sourceTree = "<group>"; };
		474EC4CF1CEAF6BF0033C849 /* LoopMeAdManager.h */ = {isa = PBXFileReference; fileEncoding = 4; lastKnownFileType = sourcecode.c.h; path = LoopMeAdManager.h; sourceTree = "<group>"; };
		474EC4D01CEAF6BF0033C849 /* LoopMeAdManager.m */ = {isa = PBXFileReference; fileEncoding = 4; lastKnownFileType = sourcecode.c.objc; path = LoopMeAdManager.m; sourceTree = "<group>"; };
		474EC4D11CEAF6BF0033C849 /* LoopMeReachability.h */ = {isa = PBXFileReference; fileEncoding = 4; lastKnownFileType = sourcecode.c.h; path = LoopMeReachability.h; sourceTree = "<group>"; };
		474EC4D21CEAF6BF0033C849 /* LoopMeReachability.m */ = {isa = PBXFileReference; fileEncoding = 4; lastKnownFileType = sourcecode.c.objc; path = LoopMeReachability.m; sourceTree = "<group>"; };
		474EC4D31CEAF6BF0033C849 /* LoopMeServerCommunicator.h */ = {isa = PBXFileReference; fileEncoding = 4; lastKnownFileType = sourcecode.c.h; path = LoopMeServerCommunicator.h; sourceTree = "<group>"; };
		474EC4D41CEAF6BF0033C849 /* LoopMeServerCommunicator.m */ = {isa = PBXFileReference; fileEncoding = 4; lastKnownFileType = sourcecode.c.objc; path = LoopMeServerCommunicator.m; sourceTree = "<group>"; };
		474EC4D51CEAF6BF0033C849 /* LoopMeURLResolver.h */ = {isa = PBXFileReference; fileEncoding = 4; lastKnownFileType = sourcecode.c.h; path = LoopMeURLResolver.h; sourceTree = "<group>"; };
		474EC4D61CEAF6BF0033C849 /* LoopMeURLResolver.m */ = {isa = PBXFileReference; fileEncoding = 4; lastKnownFileType = sourcecode.c.objc; path = LoopMeURLResolver.m; sourceTree = "<group>"; };
		474EC4D71CEAF6BF0033C849 /* LoopMeVideoManager.h */ = {isa = PBXFileReference; fileEncoding = 4; lastKnownFileType = sourcecode.c.h; path = LoopMeVideoManager.h; sourceTree = "<group>"; };
		474EC4D81CEAF6BF0033C849 /* LoopMeVideoManager.m */ = {isa = PBXFileReference; fileEncoding = 4; lastKnownFileType = sourcecode.c.objc; path = LoopMeVideoManager.m; sourceTree = "<group>"; };
		474EC4DA1CEAF6BF0033C849 /* LoopMeTargeting.m */ = {isa = PBXFileReference; fileEncoding = 4; lastKnownFileType = sourcecode.c.objc; path = LoopMeTargeting.m; sourceTree = "<group>"; };
		474EC4DD1CEAF6BF0033C849 /* NSData+LoopMeAES128.h */ = {isa = PBXFileReference; fileEncoding = 4; lastKnownFileType = sourcecode.c.h; path = "NSData+LoopMeAES128.h"; sourceTree = "<group>"; };
		474EC4DE1CEAF6BF0033C849 /* NSData+LoopMeAES128.m */ = {isa = PBXFileReference; fileEncoding = 4; lastKnownFileType = sourcecode.c.objc; path = "NSData+LoopMeAES128.m"; sourceTree = "<group>"; };
		474EC4DF1CEAF6BF0033C849 /* NSURL+LoopMeAdditions.h */ = {isa = PBXFileReference; fileEncoding = 4; lastKnownFileType = sourcecode.c.h; path = "NSURL+LoopMeAdditions.h"; sourceTree = "<group>"; };
		474EC4E01CEAF6BF0033C849 /* NSURL+LoopMeAdditions.m */ = {isa = PBXFileReference; fileEncoding = 4; lastKnownFileType = sourcecode.c.objc; path = "NSURL+LoopMeAdditions.m"; sourceTree = "<group>"; };
		474EC4E11CEAF6BF0033C849 /* UIImage+LoopMeBinaryImage.h */ = {isa = PBXFileReference; fileEncoding = 4; lastKnownFileType = sourcecode.c.h; path = "UIImage+LoopMeBinaryImage.h"; sourceTree = "<group>"; };
		474EC4E21CEAF6BF0033C849 /* UIImage+LoopMeBinaryImage.m */ = {isa = PBXFileReference; fileEncoding = 4; lastKnownFileType = sourcecode.c.objc; path = "UIImage+LoopMeBinaryImage.m"; sourceTree = "<group>"; };
		474EC4E31CEAF6BF0033C849 /* LoopMeAnalyticsProvider.h */ = {isa = PBXFileReference; fileEncoding = 4; lastKnownFileType = sourcecode.c.h; path = LoopMeAnalyticsProvider.h; sourceTree = "<group>"; };
		474EC4E41CEAF6BF0033C849 /* LoopMeAnalyticsProvider.m */ = {isa = PBXFileReference; fileEncoding = 4; lastKnownFileType = sourcecode.c.objc; path = LoopMeAnalyticsProvider.m; sourceTree = "<group>"; };
		474EC4E51CEAF6BF0033C849 /* LoopMeDefinitions.h */ = {isa = PBXFileReference; fileEncoding = 4; lastKnownFileType = sourcecode.c.h; path = LoopMeDefinitions.h; sourceTree = "<group>"; };
		474EC4E61CEAF6BF0033C849 /* LoopMeError.h */ = {isa = PBXFileReference; fileEncoding = 4; lastKnownFileType = sourcecode.c.h; path = LoopMeError.h; sourceTree = "<group>"; };
		474EC4E71CEAF6BF0033C849 /* LoopMeError.m */ = {isa = PBXFileReference; fileEncoding = 4; lastKnownFileType = sourcecode.c.objc; path = LoopMeError.m; sourceTree = "<group>"; };
		474EC4E81CEAF6BF0033C849 /* LoopMeErrorEventSender.h */ = {isa = PBXFileReference; fileEncoding = 4; lastKnownFileType = sourcecode.c.h; path = LoopMeErrorEventSender.h; sourceTree = "<group>"; };
		474EC4E91CEAF6BF0033C849 /* LoopMeErrorEventSender.m */ = {isa = PBXFileReference; fileEncoding = 4; lastKnownFileType = sourcecode.c.objc; path = LoopMeErrorEventSender.m; sourceTree = "<group>"; };
		474EC4EA1CEAF6BF0033C849 /* LoopMeGeoLocationProvider.h */ = {isa = PBXFileReference; fileEncoding = 4; lastKnownFileType = sourcecode.c.h; path = LoopMeGeoLocationProvider.h; sourceTree = "<group>"; };
		474EC4EB1CEAF6BF0033C849 /* LoopMeGeoLocationProvider.m */ = {isa = PBXFileReference; fileEncoding = 4; lastKnownFileType = sourcecode.c.objc; path = LoopMeGeoLocationProvider.m; sourceTree = "<group>"; };
		474EC4EC1CEAF6BF0033C849 /* LoopMeGlobalSettings.h */ = {isa = PBXFileReference; fileEncoding = 4; lastKnownFileType = sourcecode.c.h; path = LoopMeGlobalSettings.h; sourceTree = "<group>"; };
		474EC4ED1CEAF6BF0033C849 /* LoopMeGlobalSettings.m */ = {isa = PBXFileReference; fileEncoding = 4; lastKnownFileType = sourcecode.c.objc; path = LoopMeGlobalSettings.m; sourceTree = "<group>"; };
		474EC4EE1CEAF6BF0033C849 /* LoopMeIdentityProvider.h */ = {isa = PBXFileReference; fileEncoding = 4; lastKnownFileType = sourcecode.c.h; path = LoopMeIdentityProvider.h; sourceTree = "<group>"; };
		474EC4EF1CEAF6BF0033C849 /* LoopMeIdentityProvider.m */ = {isa = PBXFileReference; fileEncoding = 4; lastKnownFileType = sourcecode.c.objc; path = LoopMeIdentityProvider.m; sourceTree = "<group>"; };
		474EC4F21CEAF6BF0033C849 /* LoopMeLogging.h */ = {isa = PBXFileReference; fileEncoding = 4; lastKnownFileType = sourcecode.c.h; path = LoopMeLogging.h; sourceTree = "<group>"; };
		474EC4F31CEAF6BF0033C849 /* LoopMeLogging.m */ = {isa = PBXFileReference; fileEncoding = 4; lastKnownFileType = sourcecode.c.objc; path = LoopMeLogging.m; sourceTree = "<group>"; };
		474EC4F61CEAF6BF0033C849 /* LoopMe360ViewController.h */ = {isa = PBXFileReference; fileEncoding = 4; lastKnownFileType = sourcecode.c.h; path = LoopMe360ViewController.h; sourceTree = "<group>"; };
		474EC4F71CEAF6BF0033C849 /* LoopMe360ViewController.m */ = {isa = PBXFileReference; fileEncoding = 4; lastKnownFileType = sourcecode.c.objc; path = LoopMe360ViewController.m; sourceTree = "<group>"; };
		474EC4F91CEAF6BF0033C849 /* LoopMeGLProgram.h */ = {isa = PBXFileReference; fileEncoding = 4; lastKnownFileType = sourcecode.c.h; path = LoopMeGLProgram.h; sourceTree = "<group>"; };
		474EC4FA1CEAF6BF0033C849 /* LoopMeGLProgram.m */ = {isa = PBXFileReference; fileEncoding = 4; lastKnownFileType = sourcecode.c.objc; path = LoopMeGLProgram.m; sourceTree = "<group>"; };
		474EC4FB1CEAF6BF0033C849 /* Shader.fsh */ = {isa = PBXFileReference; fileEncoding = 4; lastKnownFileType = sourcecode.glsl; path = Shader.fsh; sourceTree = "<group>"; };
		474EC4FC1CEAF6BF0033C849 /* Shader.vsh */ = {isa = PBXFileReference; fileEncoding = 4; lastKnownFileType = sourcecode.glsl; path = Shader.vsh; sourceTree = "<group>"; };
		474EC4FE1CEAF6BF0033C849 /* LoopMeInterstitialViewController.h */ = {isa = PBXFileReference; fileEncoding = 4; lastKnownFileType = sourcecode.c.h; path = LoopMeInterstitialViewController.h; sourceTree = "<group>"; };
		474EC4FF1CEAF6BF0033C849 /* LoopMeInterstitialViewController.m */ = {isa = PBXFileReference; fileEncoding = 4; lastKnownFileType = sourcecode.c.objc; path = LoopMeInterstitialViewController.m; sourceTree = "<group>"; };
		474EC5011CEAF6BF0033C849 /* LoopMeBrowserViewController.h */ = {isa = PBXFileReference; fileEncoding = 4; lastKnownFileType = sourcecode.c.h; path = LoopMeBrowserViewController.h; sourceTree = "<group>"; };
		474EC5021CEAF6BF0033C849 /* LoopMeBrowserViewController.m */ = {isa = PBXFileReference; fileEncoding = 4; lastKnownFileType = sourcecode.c.objc; path = LoopMeBrowserViewController.m; sourceTree = "<group>"; };
		474EC5041CEAF6BF0033C849 /* LoopMeBackView.h */ = {isa = PBXFileReference; fileEncoding = 4; lastKnownFileType = sourcecode.c.h; path = LoopMeBackView.h; sourceTree = "<group>"; };
		474EC5051CEAF6BF0033C849 /* LoopMeBackView.m */ = {isa = PBXFileReference; fileEncoding = 4; lastKnownFileType = sourcecode.c.objc; path = LoopMeBackView.m; sourceTree = "<group>"; };
		474EC5061CEAF6BF0033C849 /* LoopMeCancelView.h */ = {isa = PBXFileReference; fileEncoding = 4; lastKnownFileType = sourcecode.c.h; path = LoopMeCancelView.h; sourceTree = "<group>"; };
		474EC5071CEAF6BF0033C849 /* LoopMeCancelView.m */ = {isa = PBXFileReference; fileEncoding = 4; lastKnownFileType = sourcecode.c.objc; path = LoopMeCancelView.m; sourceTree = "<group>"; };
		474EC5091CEAF6BF0033C849 /* LoopMeActivityIndicatorView.h */ = {isa = PBXFileReference; fileEncoding = 4; lastKnownFileType = sourcecode.c.h; path = LoopMeActivityIndicatorView.h; sourceTree = "<group>"; };
		474EC50A1CEAF6BF0033C849 /* LoopMeActivityIndicatorView.m */ = {isa = PBXFileReference; fileEncoding = 4; lastKnownFileType = sourcecode.c.objc; path = LoopMeActivityIndicatorView.m; sourceTree = "<group>"; };
		474EC50B1CEAF6BF0033C849 /* LoopMeProgressOverlayView.h */ = {isa = PBXFileReference; fileEncoding = 4; lastKnownFileType = sourcecode.c.h; path = LoopMeProgressOverlayView.h; sourceTree = "<group>"; };
		474EC50C1CEAF6BF0033C849 /* LoopMeProgressOverlayView.m */ = {isa = PBXFileReference; fileEncoding = 4; lastKnownFileType = sourcecode.c.objc; path = LoopMeProgressOverlayView.m; sourceTree = "<group>"; };
		474EC50E1CEAF6BF0033C849 /* LoopMeAdWebView.h */ = {isa = PBXFileReference; fileEncoding = 4; lastKnownFileType = sourcecode.c.h; path = LoopMeAdWebView.h; sourceTree = "<group>"; };
		474EC50F1CEAF6BF0033C849 /* LoopMeAdWebView.m */ = {isa = PBXFileReference; fileEncoding = 4; lastKnownFileType = sourcecode.c.objc; path = LoopMeAdWebView.m; sourceTree = "<group>"; };
		474EC5101CEAF6BF0033C849 /* LoopMeAdView.h */ = {isa = PBXFileReference; fileEncoding = 4; lastKnownFileType = sourcecode.c.h; path = LoopMeAdView.h; sourceTree = "<group>"; };
		474EC5111CEAF6BF0033C849 /* LoopMeInterstitial.h */ = {isa = PBXFileReference; fileEncoding = 4; lastKnownFileType = sourcecode.c.h; path = LoopMeInterstitial.h; sourceTree = "<group>"; };
		474EC5121CEAF6BF0033C849 /* LoopMeTargeting.h */ = {isa = PBXFileReference; fileEncoding = 4; lastKnownFileType = sourcecode.c.h; path = LoopMeTargeting.h; sourceTree = "<group>"; };
		47E7CF4A1E71B2FA0041FC55 /* FlashRuntimeExtensions.h */ = {isa = PBXFileReference; fileEncoding = 4; lastKnownFileType = sourcecode.c.h; name = FlashRuntimeExtensions.h; path = "../loopme-ios-sdk-develop/ANE/FlashRuntimeExtensions.h"; sourceTree = "<group>"; };
		47E7CF4B1E71B2FA0041FC55 /* LoopMeANE.h */ = {isa = PBXFileReference; fileEncoding = 4; lastKnownFileType = sourcecode.c.h; name = LoopMeANE.h; path = "../loopme-ios-sdk-develop/ANE/LoopMeANE.h"; sourceTree = "<group>"; };
		47E7CF4C1E71B2FA0041FC55 /* LoopMeANE.m */ = {isa = PBXFileReference; fileEncoding = 4; lastKnownFileType = sourcecode.c.objc; name = LoopMeANE.m; path = "../loopme-ios-sdk-develop/ANE/LoopMeANE.m"; sourceTree = "<group>"; };
		47EAE8611D23E6DC00FB7638 /* LoopMeInterstitial.m */ = {isa = PBXFileReference; fileEncoding = 4; lastKnownFileType = sourcecode.c.objc; path = LoopMeInterstitial.m; sourceTree = "<group>"; };
		62777CFB15B5995F00A7E4CA /* libLoopMeSDK.a */ = {isa = PBXFileReference; explicitFileType = archive.ar; includeInIndex = 0; path = libLoopMeSDK.a; sourceTree = BUILT_PRODUCTS_DIR; };
		62777CFE15B5996000A7E4CA /* Foundation.framework */ = {isa = PBXFileReference; lastKnownFileType = wrapper.framework; name = Foundation.framework; path = System/Library/Frameworks/Foundation.framework; sourceTree = SDKROOT; };
/* End PBXFileReference section */

/* Begin PBXFrameworksBuildPhase section */
		62777CF715B5995F00A7E4CA /* Frameworks */ = {
			isa = PBXFrameworksBuildPhase;
			buildActionMask = 2147483647;
			files = (
				62777CFF15B5996000A7E4CA /* Foundation.framework in Frameworks */,
			);
			runOnlyForDeploymentPostprocessing = 0;
		};
/* End PBXFrameworksBuildPhase section */

/* Begin PBXGroup section */
		474EC4B01CEAF6BF0033C849 /* LoopMeSDK */ = {
			isa = PBXGroup;
			children = (
				474EC4B11CEAF6BF0033C849 /* Internal */,
				474EC5101CEAF6BF0033C849 /* LoopMeAdView.h */,
				474EC5111CEAF6BF0033C849 /* LoopMeInterstitial.h */,
				474EC5121CEAF6BF0033C849 /* LoopMeTargeting.h */,
			);
			path = LoopMeSDK;
			sourceTree = "<group>";
		};
		474EC4B11CEAF6BF0033C849 /* Internal */ = {
			isa = PBXGroup;
			children = (
				474EC4B21CEAF6BF0033C849 /* AdView */,
				474EC4BA1CEAF6BF0033C849 /* Builder */,
				474EC4BD1CEAF6BF0033C849 /* Clients */,
				474EC4C51CEAF6BF0033C849 /* Controllers */,
				474EC4CA1CEAF6BF0033C849 /* Interstitial */,
				474EC4CC1CEAF6BF0033C849 /* Network */,
				474EC4D91CEAF6BF0033C849 /* Targeting */,
				474EC4DB1CEAF6BF0033C849 /* Utility */,
				474EC4F41CEAF6BF0033C849 /* ViewControllers */,
				474EC5031CEAF6BF0033C849 /* Views */,
			);
			path = Internal;
			sourceTree = "<group>";
		};
		474EC4B21CEAF6BF0033C849 /* AdView */ = {
			isa = PBXGroup;
			children = (
				474EC4B31CEAF6BF0033C849 /* LoopMeAdView.m */,
				474EC4B41CEAF6BF0033C849 /* maximized */,
				474EC4B71CEAF6BF0033C849 /* minimized */,
			);
			path = AdView;
			sourceTree = "<group>";
		};
		474EC4B41CEAF6BF0033C849 /* maximized */ = {
			isa = PBXGroup;
			children = (
				474EC4B51CEAF6BF0033C849 /* LoopMeMaximizedViewController.h */,
				474EC4B61CEAF6BF0033C849 /* LoopMeMaximizedViewController.m */,
			);
			path = maximized;
			sourceTree = "<group>";
		};
		474EC4B71CEAF6BF0033C849 /* minimized */ = {
			isa = PBXGroup;
			children = (
				474EC4B81CEAF6BF0033C849 /* LoopMeMinimizedAdView.h */,
				474EC4B91CEAF6BF0033C849 /* LoopMeMinimizedAdView.m */,
			);
			path = minimized;
			sourceTree = "<group>";
		};
		474EC4BA1CEAF6BF0033C849 /* Builder */ = {
			isa = PBXGroup;
			children = (
				474EC4BB1CEAF6BF0033C849 /* LoopMeServerURLBuilder.h */,
				474EC4BC1CEAF6BF0033C849 /* LoopMeServerURLBuilder.m */,
			);
			path = Builder;
			sourceTree = "<group>";
		};
		474EC4BD1CEAF6BF0033C849 /* Clients */ = {
			isa = PBXGroup;
			children = (
				4705E95A1E264CBE000B795F /* LoopMeMRAIDClient.h */,
				4705E95B1E264CBE000B795F /* LoopMeMRAIDClient.m */,
				474EC4BE1CEAF6BF0033C849 /* LoopMeJSClient.h */,
				474EC4BF1CEAF6BF0033C849 /* LoopMeJSClient.m */,
				474EC4C01CEAF6BF0033C849 /* LoopMeVideoClient.h */,
				474EC4C11CEAF6BF0033C849 /* LoopMeVideoClient.m */,
				474EC4C21CEAF6BF0033C849 /* Protocols */,
			);
			path = Clients;
			sourceTree = "<group>";
		};
		474EC4C21CEAF6BF0033C849 /* Protocols */ = {
			isa = PBXGroup;
			children = (
				474EC4C31CEAF6BF0033C849 /* LoopMeJSCommunicatorProtocol.h */,
				474EC4C41CEAF6BF0033C849 /* LoopMeVideoCommunicatorProtocol.h */,
			);
			path = Protocols;
			sourceTree = "<group>";
		};
		474EC4C51CEAF6BF0033C849 /* Controllers */ = {
			isa = PBXGroup;
			children = (
				474EC4C61CEAF6BF0033C849 /* LoopMeAdDisplayController.h */,
				474EC4C71CEAF6BF0033C849 /* LoopMeAdDisplayController.m */,
				474EC4C81CEAF6BF0033C849 /* LoopMeDestinationDisplayController.h */,
				474EC4C91CEAF6BF0033C849 /* LoopMeDestinationDisplayController.m */,
			);
			path = Controllers;
			sourceTree = "<group>";
		};
		474EC4CA1CEAF6BF0033C849 /* Interstitial */ = {
			isa = PBXGroup;
			children = (
				47EAE8611D23E6DC00FB7638 /* LoopMeInterstitial.m */,
			);
			path = Interstitial;
			sourceTree = "<group>";
		};
		474EC4CC1CEAF6BF0033C849 /* Network */ = {
			isa = PBXGroup;
			children = (
				474EC4CD1CEAF6BF0033C849 /* LoopMeAdConfiguration.h */,
				474EC4CE1CEAF6BF0033C849 /* LoopMeAdConfiguration.m */,
				474EC4CF1CEAF6BF0033C849 /* LoopMeAdManager.h */,
				474EC4D01CEAF6BF0033C849 /* LoopMeAdManager.m */,
				474EC4D11CEAF6BF0033C849 /* LoopMeReachability.h */,
				474EC4D21CEAF6BF0033C849 /* LoopMeReachability.m */,
				474EC4D31CEAF6BF0033C849 /* LoopMeServerCommunicator.h */,
				474EC4D41CEAF6BF0033C849 /* LoopMeServerCommunicator.m */,
				474EC4D51CEAF6BF0033C849 /* LoopMeURLResolver.h */,
				474EC4D61CEAF6BF0033C849 /* LoopMeURLResolver.m */,
				474EC4D71CEAF6BF0033C849 /* LoopMeVideoManager.h */,
				474EC4D81CEAF6BF0033C849 /* LoopMeVideoManager.m */,
			);
			path = Network;
			sourceTree = "<group>";
		};
		474EC4D91CEAF6BF0033C849 /* Targeting */ = {
			isa = PBXGroup;
			children = (
				474EC4DA1CEAF6BF0033C849 /* LoopMeTargeting.m */,
			);
			path = Targeting;
			sourceTree = "<group>";
		};
		474EC4DB1CEAF6BF0033C849 /* Utility */ = {
			isa = PBXGroup;
			children = (
				474EC4DC1CEAF6BF0033C849 /* Categories */,
				474EC4E31CEAF6BF0033C849 /* LoopMeAnalyticsProvider.h */,
				474EC4E41CEAF6BF0033C849 /* LoopMeAnalyticsProvider.m */,
				474EC4E51CEAF6BF0033C849 /* LoopMeDefinitions.h */,
				474EC4E61CEAF6BF0033C849 /* LoopMeError.h */,
				474EC4E71CEAF6BF0033C849 /* LoopMeError.m */,
				474EC4E81CEAF6BF0033C849 /* LoopMeErrorEventSender.h */,
				474EC4E91CEAF6BF0033C849 /* LoopMeErrorEventSender.m */,
				474EC4EA1CEAF6BF0033C849 /* LoopMeGeoLocationProvider.h */,
				474EC4EB1CEAF6BF0033C849 /* LoopMeGeoLocationProvider.m */,
				474EC4EC1CEAF6BF0033C849 /* LoopMeGlobalSettings.h */,
				474EC4ED1CEAF6BF0033C849 /* LoopMeGlobalSettings.m */,
				474EC4EE1CEAF6BF0033C849 /* LoopMeIdentityProvider.h */,
				474EC4EF1CEAF6BF0033C849 /* LoopMeIdentityProvider.m */,
				474EC4F21CEAF6BF0033C849 /* LoopMeLogging.h */,
				474EC4F31CEAF6BF0033C849 /* LoopMeLogging.m */,
			);
			path = Utility;
			sourceTree = "<group>";
		};
		474EC4DC1CEAF6BF0033C849 /* Categories */ = {
			isa = PBXGroup;
			children = (
				474EC4DD1CEAF6BF0033C849 /* NSData+LoopMeAES128.h */,
				474EC4DE1CEAF6BF0033C849 /* NSData+LoopMeAES128.m */,
				474EC4DF1CEAF6BF0033C849 /* NSURL+LoopMeAdditions.h */,
				474EC4E01CEAF6BF0033C849 /* NSURL+LoopMeAdditions.m */,
				474EC4E11CEAF6BF0033C849 /* UIImage+LoopMeBinaryImage.h */,
				474EC4E21CEAF6BF0033C849 /* UIImage+LoopMeBinaryImage.m */,
			);
			path = Categories;
			sourceTree = "<group>";
		};
		474EC4F41CEAF6BF0033C849 /* ViewControllers */ = {
			isa = PBXGroup;
			children = (
				474EC4F51CEAF6BF0033C849 /* 360 */,
				474EC4FD1CEAF6BF0033C849 /* Ad */,
				474EC5001CEAF6BF0033C849 /* Browser */,
			);
			path = ViewControllers;
			sourceTree = "<group>";
		};
		474EC4F51CEAF6BF0033C849 /* 360 */ = {
			isa = PBXGroup;
			children = (
				474EC4F61CEAF6BF0033C849 /* LoopMe360ViewController.h */,
				474EC4F71CEAF6BF0033C849 /* LoopMe360ViewController.m */,
				474EC4F81CEAF6BF0033C849 /* Shaders */,
			);
			path = 360;
			sourceTree = "<group>";
		};
		474EC4F81CEAF6BF0033C849 /* Shaders */ = {
			isa = PBXGroup;
			children = (
				474EC4F91CEAF6BF0033C849 /* LoopMeGLProgram.h */,
				474EC4FA1CEAF6BF0033C849 /* LoopMeGLProgram.m */,
				474EC4FB1CEAF6BF0033C849 /* Shader.fsh */,
				474EC4FC1CEAF6BF0033C849 /* Shader.vsh */,
			);
			path = Shaders;
			sourceTree = "<group>";
		};
		474EC4FD1CEAF6BF0033C849 /* Ad */ = {
			isa = PBXGroup;
			children = (
				474EC4FE1CEAF6BF0033C849 /* LoopMeInterstitialViewController.h */,
				474EC4FF1CEAF6BF0033C849 /* LoopMeInterstitialViewController.m */,
			);
			path = Ad;
			sourceTree = "<group>";
		};
		474EC5001CEAF6BF0033C849 /* Browser */ = {
			isa = PBXGroup;
			children = (
				474EC5011CEAF6BF0033C849 /* LoopMeBrowserViewController.h */,
				474EC5021CEAF6BF0033C849 /* LoopMeBrowserViewController.m */,
			);
			path = Browser;
			sourceTree = "<group>";
		};
		474EC5031CEAF6BF0033C849 /* Views */ = {
			isa = PBXGroup;
			children = (
				4705E95E1E264CD2000B795F /* LoopMeCloseButton.h */,
				4705E95F1E264CD2000B795F /* LoopMeCloseButton.m */,
				474EC5041CEAF6BF0033C849 /* LoopMeBackView.h */,
				474EC5051CEAF6BF0033C849 /* LoopMeBackView.m */,
				474EC5061CEAF6BF0033C849 /* LoopMeCancelView.h */,
				474EC5071CEAF6BF0033C849 /* LoopMeCancelView.m */,
				474EC5081CEAF6BF0033C849 /* ProgressOvelray */,
				474EC50D1CEAF6BF0033C849 /* WebView */,
			);
			path = Views;
			sourceTree = "<group>";
		};
		474EC5081CEAF6BF0033C849 /* ProgressOvelray */ = {
			isa = PBXGroup;
			children = (
				474EC5091CEAF6BF0033C849 /* LoopMeActivityIndicatorView.h */,
				474EC50A1CEAF6BF0033C849 /* LoopMeActivityIndicatorView.m */,
				474EC50B1CEAF6BF0033C849 /* LoopMeProgressOverlayView.h */,
				474EC50C1CEAF6BF0033C849 /* LoopMeProgressOverlayView.m */,
			);
			path = ProgressOvelray;
			sourceTree = "<group>";
		};
		474EC50D1CEAF6BF0033C849 /* WebView */ = {
			isa = PBXGroup;
			children = (
				474EC50E1CEAF6BF0033C849 /* LoopMeAdWebView.h */,
				474EC50F1CEAF6BF0033C849 /* LoopMeAdWebView.m */,
			);
			path = WebView;
			sourceTree = "<group>";
		};
		62777CEE15B5995F00A7E4CA = {
			isa = PBXGroup;
			children = (
				47E7CF4A1E71B2FA0041FC55 /* FlashRuntimeExtensions.h */,
				47E7CF4B1E71B2FA0041FC55 /* LoopMeANE.h */,
				47E7CF4C1E71B2FA0041FC55 /* LoopMeANE.m */,
				474EC4B01CEAF6BF0033C849 /* LoopMeSDK */,
				62777D0115B5996000A7E4CA /* Supporting Files */,
				62777CFD15B5995F00A7E4CA /* Frameworks */,
				62777CFC15B5995F00A7E4CA /* Products */,
			);
			sourceTree = "<group>";
		};
		62777CFC15B5995F00A7E4CA /* Products */ = {
			isa = PBXGroup;
			children = (
				62777CFB15B5995F00A7E4CA /* libLoopMeSDK.a */,
			);
			name = Products;
			sourceTree = "<group>";
		};
		62777CFD15B5995F00A7E4CA /* Frameworks */ = {
			isa = PBXGroup;
			children = (
				62777CFE15B5996000A7E4CA /* Foundation.framework */,
			);
			name = Frameworks;
			sourceTree = "<group>";
		};
		62777D0115B5996000A7E4CA /* Supporting Files */ = {
			isa = PBXGroup;
			children = (
			);
			name = "Supporting Files";
			path = SDK;
			sourceTree = "<group>";
		};
/* End PBXGroup section */

/* Begin PBXHeadersBuildPhase section */
		62777CF815B5995F00A7E4CA /* Headers */ = {
			isa = PBXHeadersBuildPhase;
			buildActionMask = 2147483647;
			files = (
				474EC55D1CEAF6BF0033C849 /* LoopMeTargeting.h in Headers */,
				474EC5471CEAF6BF0033C849 /* LoopMeLogging.h in Headers */,
				474EC55C1CEAF6BF0033C849 /* LoopMeInterstitial.h in Headers */,
				474EC55B1CEAF6BF0033C849 /* LoopMeAdView.h in Headers */,
				474EC54B1CEAF6BF0033C849 /* LoopMeGLProgram.h in Headers */,
				474EC5591CEAF6BF0033C849 /* LoopMeAdWebView.h in Headers */,
				474EC52F1CEAF6BF0033C849 /* LoopMeVideoManager.h in Headers */,
				474EC53A1CEAF6BF0033C849 /* LoopMeDefinitions.h in Headers */,
				474EC54F1CEAF6BF0033C849 /* LoopMeBrowserViewController.h in Headers */,
				47E7CF4E1E71B2FA0041FC55 /* LoopMeANE.h in Headers */,
				474EC5381CEAF6BF0033C849 /* LoopMeAnalyticsProvider.h in Headers */,
				474EC53D1CEAF6BF0033C849 /* LoopMeErrorEventSender.h in Headers */,
				474EC5321CEAF6BF0033C849 /* NSData+LoopMeAES128.h in Headers */,
				474EC5251CEAF6BF0033C849 /* LoopMeAdConfiguration.h in Headers */,
				474EC5341CEAF6BF0033C849 /* NSURL+LoopMeAdditions.h in Headers */,
				474EC51E1CEAF6BF0033C849 /* LoopMeJSCommunicatorProtocol.h in Headers */,
				474EC5141CEAF6BF0033C849 /* LoopMeMaximizedViewController.h in Headers */,
				474EC52B1CEAF6BF0033C849 /* LoopMeServerCommunicator.h in Headers */,
				4705E9601E264CD2000B795F /* LoopMeCloseButton.h in Headers */,
				4705E95C1E264CBE000B795F /* LoopMeMRAIDClient.h in Headers */,
				474EC5411CEAF6BF0033C849 /* LoopMeGlobalSettings.h in Headers */,
				474EC5491CEAF6BF0033C849 /* LoopMe360ViewController.h in Headers */,
				474EC5181CEAF6BF0033C849 /* LoopMeServerURLBuilder.h in Headers */,
				474EC51C1CEAF6BF0033C849 /* LoopMeVideoClient.h in Headers */,
				47E7CF4D1E71B2FA0041FC55 /* FlashRuntimeExtensions.h in Headers */,
				474EC5431CEAF6BF0033C849 /* LoopMeIdentityProvider.h in Headers */,
				474EC5201CEAF6BF0033C849 /* LoopMeAdDisplayController.h in Headers */,
				474EC5531CEAF6BF0033C849 /* LoopMeCancelView.h in Headers */,
				474EC54D1CEAF6BF0033C849 /* LoopMeInterstitialViewController.h in Headers */,
				474EC53F1CEAF6BF0033C849 /* LoopMeGeoLocationProvider.h in Headers */,
				474EC51F1CEAF6BF0033C849 /* LoopMeVideoCommunicatorProtocol.h in Headers */,
				474EC52D1CEAF6BF0033C849 /* LoopMeURLResolver.h in Headers */,
				474EC5271CEAF6BF0033C849 /* LoopMeAdManager.h in Headers */,
				474EC5551CEAF6BF0033C849 /* LoopMeActivityIndicatorView.h in Headers */,
				474EC5361CEAF6BF0033C849 /* UIImage+LoopMeBinaryImage.h in Headers */,
				474EC5571CEAF6BF0033C849 /* LoopMeProgressOverlayView.h in Headers */,
				474EC53B1CEAF6BF0033C849 /* LoopMeError.h in Headers */,
				474EC51A1CEAF6BF0033C849 /* LoopMeJSClient.h in Headers */,
				474EC5221CEAF6BF0033C849 /* LoopMeDestinationDisplayController.h in Headers */,
				474EC5161CEAF6BF0033C849 /* LoopMeMinimizedAdView.h in Headers */,
				474EC5511CEAF6BF0033C849 /* LoopMeBackView.h in Headers */,
				474EC5291CEAF6BF0033C849 /* LoopMeReachability.h in Headers */,
			);
			runOnlyForDeploymentPostprocessing = 0;
		};
/* End PBXHeadersBuildPhase section */

/* Begin PBXNativeTarget section */
		62777CFA15B5995F00A7E4CA /* LoopMeSDK */ = {
			isa = PBXNativeTarget;
			buildConfigurationList = 62777D0815B5996000A7E4CA /* Build configuration list for PBXNativeTarget "LoopMeSDK" */;
			buildPhases = (
				62777CF615B5995F00A7E4CA /* Sources */,
				62777CF715B5995F00A7E4CA /* Frameworks */,
				62777CF815B5995F00A7E4CA /* Headers */,
			);
			buildRules = (
			);
			dependencies = (
			);
			name = LoopMeSDK;
			productName = LMWrapper;
			productReference = 62777CFB15B5995F00A7E4CA /* libLoopMeSDK.a */;
			productType = "com.apple.product-type.library.static";
		};
/* End PBXNativeTarget section */

/* Begin PBXProject section */
		62777CF015B5995F00A7E4CA /* Project object */ = {
			isa = PBXProject;
			attributes = {
				LastUpgradeCheck = 0820;
				ORGANIZATIONNAME = "";
				TargetAttributes = {
					47FF10011E6D77FC00558FA6 = {
						CreatedOnToolsVersion = 8.2.1;
						DevelopmentTeam = Q876VLK88R;
						ProvisioningStyle = Automatic;
					};
				};
			};
			buildConfigurationList = 62777CF315B5995F00A7E4CA /* Build configuration list for PBXProject "LoopMeSDK" */;
			compatibilityVersion = "Xcode 3.2";
			developmentRegion = English;
			hasScannedForEncodings = 0;
			knownRegions = (
				en,
				ru,
				fr,
				de,
				pt,
				es,
				it,
				nl,
			);
			mainGroup = 62777CEE15B5995F00A7E4CA;
			productRefGroup = 62777CFC15B5995F00A7E4CA /* Products */;
			projectDirPath = "";
			projectRoot = "";
			targets = (
				62777CFA15B5995F00A7E4CA /* LoopMeSDK */,
				47FF10011E6D77FC00558FA6 /* UniversalLib */,
			);
		};
/* End PBXProject section */

/* Begin PBXShellScriptBuildPhase section */
		47FF10051E6D781300558FA6 /* ShellScript */ = {
			isa = PBXShellScriptBuildPhase;
			buildActionMask = 2147483647;
			files = (
			);
			inputPaths = (
			);
			outputPaths = (
			);
			runOnlyForDeploymentPostprocessing = 0;
			shellPath = /bin/sh;
			shellScript = "# define output folder environment variable\nUNIVERSAL_OUTPUTFOLDER=${BUILD_DIR}/${CONFIGURATION}-universal\n\n# Step 1. Build Device and Simulator versions\nxcodebuild -target ${PROJECT_NAME} ONLY_ACTIVE_ARCH=NO -configuration ${CONFIGURATION} -sdk iphoneos  BUILD_DIR=\"${BUILD_DIR}\" BUILD_ROOT=\"${BUILD_ROOT}\"\nxcodebuild -target ${PROJECT_NAME} -configuration ${CONFIGURATION} -sdk iphonesimulator -arch x86_64 -arch i386 -arch armv7 -arch armv7s -arch arm64 BUILD_DIR=\"${BUILD_DIR}\" BUILD_ROOT=\"${BUILD_ROOT}\"\n\n# make sure the output directory exists\nmkdir -p \"${UNIVERSAL_OUTPUTFOLDER}\"\n\n# Step 2. Create universal binary file using lipo\nlipo -create -output \"${UNIVERSAL_OUTPUTFOLDER}/lib${PROJECT_NAME}.a\" \"${BUILD_DIR}/${CONFIGURATION}-iphoneos/lib${PROJECT_NAME}.a\" \"${BUILD_DIR}/${CONFIGURATION}-iphonesimulator/lib${PROJECT_NAME}.a\"\n\necho \"Universal library can be found here:\"\necho ${UNIVERSAL_OUTPUTFOLDER}/lib${PROJECT_NAME}.a\n\n# Last touch. copy the header files. Just for convenience\ncp -R \"${BUILD_DIR}/${CONFIGURATION}-iphoneos/include\" \"${UNIVERSAL_OUTPUTFOLDER}/\"";
		};
/* End PBXShellScriptBuildPhase section */

/* Begin PBXSourcesBuildPhase section */
		62777CF615B5995F00A7E4CA /* Sources */ = {
			isa = PBXSourcesBuildPhase;
			buildActionMask = 2147483647;
			files = (
				474EC53E1CEAF6BF0033C849 /* LoopMeErrorEventSender.m in Sources */,
				474EC52A1CEAF6BF0033C849 /* LoopMeReachability.m in Sources */,
				474EC5191CEAF6BF0033C849 /* LoopMeServerURLBuilder.m in Sources */,
				474EC5581CEAF6BF0033C849 /* LoopMeProgressOverlayView.m in Sources */,
				474EC5521CEAF6BF0033C849 /* LoopMeBackView.m in Sources */,
				474EC52C1CEAF6BF0033C849 /* LoopMeServerCommunicator.m in Sources */,
				474EC51B1CEAF6BF0033C849 /* LoopMeJSClient.m in Sources */,
				474EC5351CEAF6BF0033C849 /* NSURL+LoopMeAdditions.m in Sources */,
				47E7CF4F1E71B2FA0041FC55 /* LoopMeANE.m in Sources */,
				474EC51D1CEAF6BF0033C849 /* LoopMeVideoClient.m in Sources */,
				474EC5331CEAF6BF0033C849 /* NSData+LoopMeAES128.m in Sources */,
				474EC5391CEAF6BF0033C849 /* LoopMeAnalyticsProvider.m in Sources */,
				474EC5281CEAF6BF0033C849 /* LoopMeAdManager.m in Sources */,
				474EC5131CEAF6BF0033C849 /* LoopMeAdView.m in Sources */,
				474EC53C1CEAF6BF0033C849 /* LoopMeError.m in Sources */,
				474EC54E1CEAF6BF0033C849 /* LoopMeInterstitialViewController.m in Sources */,
				474EC54A1CEAF6BF0033C849 /* LoopMe360ViewController.m in Sources */,
				474EC5171CEAF6BF0033C849 /* LoopMeMinimizedAdView.m in Sources */,
				474EC5541CEAF6BF0033C849 /* LoopMeCancelView.m in Sources */,
				474EC5261CEAF6BF0033C849 /* LoopMeAdConfiguration.m in Sources */,
				474EC52E1CEAF6BF0033C849 /* LoopMeURLResolver.m in Sources */,
				474EC5371CEAF6BF0033C849 /* UIImage+LoopMeBinaryImage.m in Sources */,
				474EC5301CEAF6BF0033C849 /* LoopMeVideoManager.m in Sources */,
				4705E95D1E264CBE000B795F /* LoopMeMRAIDClient.m in Sources */,
				474EC55A1CEAF6BF0033C849 /* LoopMeAdWebView.m in Sources */,
				474EC5561CEAF6BF0033C849 /* LoopMeActivityIndicatorView.m in Sources */,
				47EAE8621D23E6DC00FB7638 /* LoopMeInterstitial.m in Sources */,
				474EC5401CEAF6BF0033C849 /* LoopMeGeoLocationProvider.m in Sources */,
				474EC5151CEAF6BF0033C849 /* LoopMeMaximizedViewController.m in Sources */,
				474EC5311CEAF6BF0033C849 /* LoopMeTargeting.m in Sources */,
				474EC5211CEAF6BF0033C849 /* LoopMeAdDisplayController.m in Sources */,
				4705E9611E264CD2000B795F /* LoopMeCloseButton.m in Sources */,
				474EC54C1CEAF6BF0033C849 /* LoopMeGLProgram.m in Sources */,
				474EC5231CEAF6BF0033C849 /* LoopMeDestinationDisplayController.m in Sources */,
				474EC5501CEAF6BF0033C849 /* LoopMeBrowserViewController.m in Sources */,
				474EC5441CEAF6BF0033C849 /* LoopMeIdentityProvider.m in Sources */,
				474EC5421CEAF6BF0033C849 /* LoopMeGlobalSettings.m in Sources */,
				474EC5481CEAF6BF0033C849 /* LoopMeLogging.m in Sources */,
			);
			runOnlyForDeploymentPostprocessing = 0;
		};
/* End PBXSourcesBuildPhase section */

/* Begin XCBuildConfiguration section */
		47FF10031E6D77FC00558FA6 /* Debug */ = {
			isa = XCBuildConfiguration;
			buildSettings = {
				DEVELOPMENT_TEAM = Q876VLK88R;
				PRODUCT_NAME = "$(TARGET_NAME)";
			};
			name = Debug;
		};
		47FF10041E6D77FC00558FA6 /* Release */ = {
			isa = XCBuildConfiguration;
			buildSettings = {
				DEVELOPMENT_TEAM = Q876VLK88R;
				PRODUCT_NAME = "$(TARGET_NAME)";
			};
			name = Release;
		};
		62777D0615B5996000A7E4CA /* Debug */ = {
			isa = XCBuildConfiguration;
			buildSettings = {
				ALWAYS_SEARCH_USER_PATHS = NO;
				CLANG_ANALYZER_LOCALIZABILITY_NONLOCALIZED = YES;
				CLANG_WARN_BOOL_CONVERSION = YES;
				CLANG_WARN_CONSTANT_CONVERSION = YES;
				CLANG_WARN_EMPTY_BODY = YES;
				CLANG_WARN_ENUM_CONVERSION = YES;
				CLANG_WARN_INFINITE_RECURSION = YES;
				CLANG_WARN_INT_CONVERSION = YES;
				CLANG_WARN_SUSPICIOUS_MOVE = YES;
				CLANG_WARN_UNREACHABLE_CODE = YES;
				CLANG_WARN__DUPLICATE_METHOD_MATCH = YES;
				COPY_PHASE_STRIP = NO;
				ENABLE_STRICT_OBJC_MSGSEND = YES;
				ENABLE_TESTABILITY = YES;
				GCC_C_LANGUAGE_STANDARD = gnu99;
				GCC_DYNAMIC_NO_PIC = NO;
				GCC_GENERATE_DEBUGGING_SYMBOLS = NO;
				GCC_LINK_WITH_DYNAMIC_LIBRARIES = YES;
				GCC_NO_COMMON_BLOCKS = YES;
				GCC_OPTIMIZATION_LEVEL = 0;
				GCC_PREPROCESSOR_DEFINITIONS = (
					"DEBUG=1",
					"$(inherited)",
				);
				GCC_SYMBOLS_PRIVATE_EXTERN = NO;
				GCC_VERSION = com.apple.compilers.llvm.clang.1_0;
				GCC_WARN_64_TO_32_BIT_CONVERSION = YES;
				GCC_WARN_ABOUT_RETURN_TYPE = YES;
				GCC_WARN_UNDECLARED_SELECTOR = YES;
				GCC_WARN_UNINITIALIZED_AUTOS = YES;
				GCC_WARN_UNUSED_FUNCTION = YES;
				GCC_WARN_UNUSED_VARIABLE = YES;
				IPHONEOS_DEPLOYMENT_TARGET = 9.0;
				ONLY_ACTIVE_ARCH = YES;
				OTHER_LDFLAGS = (
					"-ObjC",
					"-all_load",
				);
				SDKROOT = iphoneos;
				SKIP_INSTALL = YES;
			};
			name = Debug;
		};
		62777D0715B5996000A7E4CA /* Release */ = {
			isa = XCBuildConfiguration;
			buildSettings = {
				ALWAYS_SEARCH_USER_PATHS = NO;
				CLANG_ANALYZER_LOCALIZABILITY_NONLOCALIZED = YES;
				CLANG_WARN_BOOL_CONVERSION = YES;
				CLANG_WARN_CONSTANT_CONVERSION = YES;
				CLANG_WARN_EMPTY_BODY = YES;
				CLANG_WARN_ENUM_CONVERSION = YES;
				CLANG_WARN_INFINITE_RECURSION = YES;
				CLANG_WARN_INT_CONVERSION = YES;
				CLANG_WARN_SUSPICIOUS_MOVE = YES;
				CLANG_WARN_UNREACHABLE_CODE = YES;
				CLANG_WARN__DUPLICATE_METHOD_MATCH = YES;
				COPY_PHASE_STRIP = YES;
				ENABLE_STRICT_OBJC_MSGSEND = YES;
				GCC_C_LANGUAGE_STANDARD = gnu99;
				GCC_GENERATE_DEBUGGING_SYMBOLS = NO;
				GCC_LINK_WITH_DYNAMIC_LIBRARIES = YES;
				GCC_NO_COMMON_BLOCKS = YES;
				GCC_VERSION = com.apple.compilers.llvm.clang.1_0;
				GCC_WARN_64_TO_32_BIT_CONVERSION = YES;
				GCC_WARN_ABOUT_RETURN_TYPE = YES;
				GCC_WARN_UNDECLARED_SELECTOR = YES;
				GCC_WARN_UNINITIALIZED_AUTOS = YES;
				GCC_WARN_UNUSED_FUNCTION = YES;
				GCC_WARN_UNUSED_VARIABLE = YES;
				IPHONEOS_DEPLOYMENT_TARGET = 9.0;
				ONLY_ACTIVE_ARCH = NO;
				OTHER_LDFLAGS = (
					"-ObjC",
					"-all_load",
				);
				SDKROOT = iphoneos;
				SKIP_INSTALL = YES;
				VALIDATE_PRODUCT = YES;
			};
			name = Release;
		};
		62777D0915B5996000A7E4CA /* Debug */ = {
			isa = XCBuildConfiguration;
			buildSettings = {
				CLANG_ENABLE_OBJC_ARC = YES;
				CLANG_STATIC_ANALYZER_MODE = deep;
				CLANG_WARN_DEPRECATED_OBJC_IMPLEMENTATIONS = YES;
				CLANG_WARN_OBJC_EXPLICIT_OWNERSHIP_TYPE = NO;
				CLANG_WARN_OBJC_IMPLICIT_ATOMIC_PROPERTIES = YES;
				CLANG_WARN_OBJC_IMPLICIT_RETAIN_SELF = YES;
				CLANG_WARN_OBJC_MISSING_PROPERTY_SYNTHESIS = NO;
				CLANG_WARN_OBJC_RECEIVER_WEAK = NO;
				CLANG_WARN_OBJC_REPEATED_USE_OF_WEAK = NO;
				CODE_SIGN_IDENTITY = "";
				DSTROOT = "/tmp/$(PROJECT_NAME).dst";
				GCC_GENERATE_DEBUGGING_SYMBOLS = YES;
				GCC_PRECOMPILE_PREFIX_HEADER = YES;
				GCC_PREFIX_HEADER = "";
				GCC_THUMB_SUPPORT = NO;
				GCC_WARN_MULTIPLE_DEFINITION_TYPES_FOR_SELECTOR = YES;
				GCC_WARN_STRICT_SELECTOR_MATCH = YES;
				IPHONEOS_DEPLOYMENT_TARGET = 8.0;
				LIBRARY_SEARCH_PATHS = "$(inherited)";
				ONLY_ACTIVE_ARCH = NO;
				OTHER_LDFLAGS = "-ObjC";
				PRODUCT_NAME = LoopMeSDK;
				PROVISIONING_PROFILE = "";
				PUBLIC_HEADERS_FOLDER_PATH = "include/$(TARGET_NAME)";
				RUN_CLANG_STATIC_ANALYZER = YES;
				SKIP_INSTALL = YES;
			};
			name = Debug;
		};
		62777D0A15B5996000A7E4CA /* Release */ = {
			isa = XCBuildConfiguration;
			buildSettings = {
				CLANG_ENABLE_OBJC_ARC = YES;
				CLANG_WARN_OBJC_EXPLICIT_OWNERSHIP_TYPE = YES;
				CLANG_WARN_OBJC_IMPLICIT_ATOMIC_PROPERTIES = NO;
				CLANG_WARN_OBJC_IMPLICIT_RETAIN_SELF = NO;
				CLANG_WARN_OBJC_RECEIVER_WEAK = NO;
				CLANG_WARN_OBJC_REPEATED_USE_OF_WEAK = NO;
				CODE_SIGN_IDENTITY = "";
				DSTROOT = "/tmp/$(PROJECT_NAME).dst";
				GCC_GENERATE_DEBUGGING_SYMBOLS = NO;
				GCC_PRECOMPILE_PREFIX_HEADER = YES;
				GCC_PREFIX_HEADER = "";
				GCC_THUMB_SUPPORT = NO;
				IPHONEOS_DEPLOYMENT_TARGET = 8.0;
				LIBRARY_SEARCH_PATHS = "$(inherited)";
				ONLY_ACTIVE_ARCH = NO;
				OTHER_LDFLAGS = "-ObjC";
				PRODUCT_NAME = LoopMeSDK;
				PROVISIONING_PROFILE = "";
				PUBLIC_HEADERS_FOLDER_PATH = "include/$(TARGET_NAME)";
				RUN_CLANG_STATIC_ANALYZER = YES;
				SKIP_INSTALL = YES;
			};
			name = Release;
		};
/* End XCBuildConfiguration section */

/* Begin XCConfigurationList section */
		47FF10021E6D77FC00558FA6 /* Build configuration list for PBXAggregateTarget "UniversalLib" */ = {
			isa = XCConfigurationList;
			buildConfigurations = (
				47FF10031E6D77FC00558FA6 /* Debug */,
				47FF10041E6D77FC00558FA6 /* Release */,
			);
			defaultConfigurationIsVisible = 0;
			defaultConfigurationName = Release;
		};
		62777CF315B5995F00A7E4CA /* Build configuration list for PBXProject "LoopMeSDK" */ = {
			isa = XCConfigurationList;
			buildConfigurations = (
				62777D0615B5996000A7E4CA /* Debug */,
				62777D0715B5996000A7E4CA /* Release */,
			);
			defaultConfigurationIsVisible = 0;
			defaultConfigurationName = Release;
		};
		62777D0815B5996000A7E4CA /* Build configuration list for PBXNativeTarget "LoopMeSDK" */ = {
			isa = XCConfigurationList;
			buildConfigurations = (
				62777D0915B5996000A7E4CA /* Debug */,
				62777D0A15B5996000A7E4CA /* Release */,
			);
			defaultConfigurationIsVisible = 0;
			defaultConfigurationName = Release;
		};
/* End XCConfigurationList section */
	};
	rootObject = 62777CF015B5995F00A7E4CA /* Project object */;
}
