// !$*UTF8*$!
{
	archiveVersion = 1;
	classes = {
	};
	objectVersion = 46;
	objects = {

/* Begin PBXBuildFile section */
		014D6C7C1B690C3D006F3F62 /* main.m in Sources */ = {isa = PBXBuildFile; fileRef = 014D6C7B1B690C3D006F3F62 /* main.m */; };
		014D6C7F1B690C3D006F3F62 /* AppDelegate.m in Sources */ = {isa = PBXBuildFile; fileRef = 014D6C7E1B690C3D006F3F62 /* AppDelegate.m */; };
		014D6C851B690C3D006F3F62 /* Main.storyboard in Resources */ = {isa = PBXBuildFile; fileRef = 014D6C831B690C3D006F3F62 /* Main.storyboard */; };
		014D6C871B690C3D006F3F62 /* Images.xcassets in Resources */ = {isa = PBXBuildFile; fileRef = 014D6C861B690C3D006F3F62 /* Images.xcassets */; };
		014D6C8A1B690C3D006F3F62 /* LaunchScreen.xib in Resources */ = {isa = PBXBuildFile; fileRef = 014D6C881B690C3D006F3F62 /* LaunchScreen.xib */; };
		014D6C961B690C3D006F3F62 /* LoopMeMediatonDemoTests.m in Sources */ = {isa = PBXBuildFile; fileRef = 014D6C951B690C3D006F3F62 /* LoopMeMediatonDemoTests.m */; };
		014D6CA21B690E95006F3F62 /* LDContentTableViewCell.m in Sources */ = {isa = PBXBuildFile; fileRef = 014D6CA11B690E95006F3F62 /* LDContentTableViewCell.m */; };
		01EDDB801B6B7B9D003BF9BE /* LDAdTableViewCell.m in Sources */ = {isa = PBXBuildFile; fileRef = 01EDDB7F1B6B7B9D003BF9BE /* LDAdTableViewCell.m */; };
		01EDDB8A1B6B82B8003BF9BE /* LDAdRequestViewController.m in Sources */ = {isa = PBXBuildFile; fileRef = 01EDDB891B6B82B8003BF9BE /* LDAdRequestViewController.m */; };
		01EDDB901B6B8404003BF9BE /* LDTableViewController.m in Sources */ = {isa = PBXBuildFile; fileRef = 01EDDB8F1B6B8404003BF9BE /* LDTableViewController.m */; };
		30685CBD8EEE5CD6466B0711 /* libPods-LoopMeMediatonDemo.a in Frameworks */ = {isa = PBXBuildFile; fileRef = 49BD68499F74140E135F796A /* libPods-LoopMeMediatonDemo.a */; };
		472CEB1B1E9FC60500C0E86E /* MopubLoopMeInterstitialAdapter.m in Sources */ = {isa = PBXBuildFile; fileRef = 472CEB1A1E9FC60500C0E86E /* MopubLoopMeInterstitialAdapter.m */; };
		472CEB1E1E9FC61E00C0E86E /* LDInterstitialViewController.m in Sources */ = {isa = PBXBuildFile; fileRef = 472CEB1D1E9FC61E00C0E86E /* LDInterstitialViewController.m */; };
		47A78E471D76FFF900937065 /* MopubLoopMeNativeAd.m in Sources */ = {isa = PBXBuildFile; fileRef = 47A78E441D76FFF900937065 /* MopubLoopMeNativeAd.m */; };
		47A78E481D76FFF900937065 /* MopubLoopMeNativeEvent.m in Sources */ = {isa = PBXBuildFile; fileRef = 47A78E461D76FFF900937065 /* MopubLoopMeNativeEvent.m */; };
		47C5689A1F1DECE10048B0CC /* MopubLoopMeRewardedVideoAdapter.m in Sources */ = {isa = PBXBuildFile; fileRef = 47C568991F1DECE10048B0CC /* MopubLoopMeRewardedVideoAdapter.m */; };
		47C5689D1F1DEF020048B0CC /* LDRewardedViewController.m in Sources */ = {isa = PBXBuildFile; fileRef = 47C5689C1F1DEF020048B0CC /* LDRewardedViewController.m */; };
		47C569081F1DF2A90048B0CC /* Info.plist in Resources */ = {isa = PBXBuildFile; fileRef = 47C5689F1F1DF2A90048B0CC /* Info.plist */; };
		47C569091F1DF2A90048B0CC /* LoopMeAdView.m in Sources */ = {isa = PBXBuildFile; fileRef = 47C568A21F1DF2A90048B0CC /* LoopMeAdView.m */; };
		47C5690A1F1DF2A90048B0CC /* LoopMeMaximizedViewController.m in Sources */ = {isa = PBXBuildFile; fileRef = 47C568A51F1DF2A90048B0CC /* LoopMeMaximizedViewController.m */; };
		47C5690B1F1DF2A90048B0CC /* LoopMeMinimizedAdView.m in Sources */ = {isa = PBXBuildFile; fileRef = 47C568A81F1DF2A90048B0CC /* LoopMeMinimizedAdView.m */; };
		47C5690C1F1DF2A90048B0CC /* LoopMeServerURLBuilder.m in Sources */ = {isa = PBXBuildFile; fileRef = 47C568AB1F1DF2A90048B0CC /* LoopMeServerURLBuilder.m */; };
		47C5690D1F1DF2A90048B0CC /* LoopMeJSClient.m in Sources */ = {isa = PBXBuildFile; fileRef = 47C568AE1F1DF2A90048B0CC /* LoopMeJSClient.m */; };
		47C5690E1F1DF2A90048B0CC /* LoopMeMRAIDClient.m in Sources */ = {isa = PBXBuildFile; fileRef = 47C568B01F1DF2A90048B0CC /* LoopMeMRAIDClient.m */; };
		47C5690F1F1DF2A90048B0CC /* LoopMeVideoClient.m in Sources */ = {isa = PBXBuildFile; fileRef = 47C568B21F1DF2A90048B0CC /* LoopMeVideoClient.m */; };
		47C569101F1DF2A90048B0CC /* LoopMeAdDisplayController.m in Sources */ = {isa = PBXBuildFile; fileRef = 47C568B81F1DF2A90048B0CC /* LoopMeAdDisplayController.m */; };
		47C569111F1DF2A90048B0CC /* LoopMeDestinationDisplayController.m in Sources */ = {isa = PBXBuildFile; fileRef = 47C568BA1F1DF2A90048B0CC /* LoopMeDestinationDisplayController.m */; };
		47C569121F1DF2A90048B0CC /* LoopMeInterstitial.m in Sources */ = {isa = PBXBuildFile; fileRef = 47C568BC1F1DF2A90048B0CC /* LoopMeInterstitial.m */; };
		47C569131F1DF2A90048B0CC /* LoopMeAdConfiguration.m in Sources */ = {isa = PBXBuildFile; fileRef = 47C568BF1F1DF2A90048B0CC /* LoopMeAdConfiguration.m */; };
		47C569141F1DF2A90048B0CC /* LoopMeAdManager.m in Sources */ = {isa = PBXBuildFile; fileRef = 47C568C11F1DF2A90048B0CC /* LoopMeAdManager.m */; };
		47C569151F1DF2A90048B0CC /* LoopMeReachability.m in Sources */ = {isa = PBXBuildFile; fileRef = 47C568C31F1DF2A90048B0CC /* LoopMeReachability.m */; };
		47C569161F1DF2A90048B0CC /* LoopMeServerCommunicator.m in Sources */ = {isa = PBXBuildFile; fileRef = 47C568C51F1DF2A90048B0CC /* LoopMeServerCommunicator.m */; };
		47C569171F1DF2A90048B0CC /* LoopMeURLResolver.m in Sources */ = {isa = PBXBuildFile; fileRef = 47C568C71F1DF2A90048B0CC /* LoopMeURLResolver.m */; };
		47C569181F1DF2A90048B0CC /* LoopMeVideoManager.m in Sources */ = {isa = PBXBuildFile; fileRef = 47C568C91F1DF2A90048B0CC /* LoopMeVideoManager.m */; };
		47C569191F1DF2A90048B0CC /* LoopMeResources.bundle in Resources */ = {isa = PBXBuildFile; fileRef = 47C568CB1F1DF2A90048B0CC /* LoopMeResources.bundle */; };
		47C5691A1F1DF2A90048B0CC /* LoopMeTargeting.m in Sources */ = {isa = PBXBuildFile; fileRef = 47C568CD1F1DF2A90048B0CC /* LoopMeTargeting.m */; };
		47C5691B1F1DF2A90048B0CC /* NSData+LoopMeAES128.m in Sources */ = {isa = PBXBuildFile; fileRef = 47C568D11F1DF2A90048B0CC /* NSData+LoopMeAES128.m */; };
		47C5691C1F1DF2A90048B0CC /* NSString+Encryption.m in Sources */ = {isa = PBXBuildFile; fileRef = 47C568D31F1DF2A90048B0CC /* NSString+Encryption.m */; };
		47C5691D1F1DF2A90048B0CC /* NSURL+LoopMeAdditions.m in Sources */ = {isa = PBXBuildFile; fileRef = 47C568D51F1DF2A90048B0CC /* NSURL+LoopMeAdditions.m */; };
		47C5691E1F1DF2A90048B0CC /* UIImage+LoopMeBinaryImage.m in Sources */ = {isa = PBXBuildFile; fileRef = 47C568D71F1DF2A90048B0CC /* UIImage+LoopMeBinaryImage.m */; };
		47C5691F1F1DF2A90048B0CC /* LoopMeAnalyticsProvider.m in Sources */ = {isa = PBXBuildFile; fileRef = 47C568D91F1DF2A90048B0CC /* LoopMeAnalyticsProvider.m */; };
		47C569201F1DF2A90048B0CC /* LoopMeError.m in Sources */ = {isa = PBXBuildFile; fileRef = 47C568DC1F1DF2A90048B0CC /* LoopMeError.m */; };
		47C569211F1DF2A90048B0CC /* LoopMeErrorEventSender.m in Sources */ = {isa = PBXBuildFile; fileRef = 47C568DE1F1DF2A90048B0CC /* LoopMeErrorEventSender.m */; };
		47C569221F1DF2A90048B0CC /* LoopMeGeoLocationProvider.m in Sources */ = {isa = PBXBuildFile; fileRef = 47C568E01F1DF2A90048B0CC /* LoopMeGeoLocationProvider.m */; };
		47C569231F1DF2A90048B0CC /* LoopMeGlobalSettings.m in Sources */ = {isa = PBXBuildFile; fileRef = 47C568E21F1DF2A90048B0CC /* LoopMeGlobalSettings.m */; };
		47C569241F1DF2A90048B0CC /* LoopMeIdentityProvider.m in Sources */ = {isa = PBXBuildFile; fileRef = 47C568E41F1DF2A90048B0CC /* LoopMeIdentityProvider.m */; };
		47C569251F1DF2A90048B0CC /* LoopMeLogging.m in Sources */ = {isa = PBXBuildFile; fileRef = 47C568E61F1DF2A90048B0CC /* LoopMeLogging.m */; };
		47C569261F1DF2A90048B0CC /* LoopMe360ViewController.m in Sources */ = {isa = PBXBuildFile; fileRef = 47C568EA1F1DF2A90048B0CC /* LoopMe360ViewController.m */; };
		47C569271F1DF2A90048B0CC /* LoopMeGLProgram.m in Sources */ = {isa = PBXBuildFile; fileRef = 47C568ED1F1DF2A90048B0CC /* LoopMeGLProgram.m */; };
		47C569281F1DF2A90048B0CC /* LoopMeInterstitialViewController.m in Sources */ = {isa = PBXBuildFile; fileRef = 47C568F01F1DF2A90048B0CC /* LoopMeInterstitialViewController.m */; };
		47C569291F1DF2A90048B0CC /* LoopMeBrowserViewController.m in Sources */ = {isa = PBXBuildFile; fileRef = 47C568F31F1DF2A90048B0CC /* LoopMeBrowserViewController.m */; };
		47C5692A1F1DF2A90048B0CC /* LoopMeBackView.m in Sources */ = {isa = PBXBuildFile; fileRef = 47C568F61F1DF2A90048B0CC /* LoopMeBackView.m */; };
		47C5692B1F1DF2A90048B0CC /* LoopMeCancelView.m in Sources */ = {isa = PBXBuildFile; fileRef = 47C568F81F1DF2A90048B0CC /* LoopMeCancelView.m */; };
		47C5692C1F1DF2A90048B0CC /* LoopMeCloseButton.m in Sources */ = {isa = PBXBuildFile; fileRef = 47C568FA1F1DF2A90048B0CC /* LoopMeCloseButton.m */; };
		47C5692D1F1DF2A90048B0CC /* LoopMeActivityIndicatorView.m in Sources */ = {isa = PBXBuildFile; fileRef = 47C568FD1F1DF2A90048B0CC /* LoopMeActivityIndicatorView.m */; };
		47C5692E1F1DF2A90048B0CC /* LoopMeProgressOverlayView.m in Sources */ = {isa = PBXBuildFile; fileRef = 47C568FF1F1DF2A90048B0CC /* LoopMeProgressOverlayView.m */; };
		47C5692F1F1DF2A90048B0CC /* LoopMeAdWebView.m in Sources */ = {isa = PBXBuildFile; fileRef = 47C569021F1DF2A90048B0CC /* LoopMeAdWebView.m */; };
		47C569301F1DF2A90048B0CC /* LOOMoatMobileAppKit.framework in Frameworks */ = {isa = PBXBuildFile; fileRef = 47C569031F1DF2A90048B0CC /* LOOMoatMobileAppKit.framework */; };
/* End PBXBuildFile section */

/* Begin PBXContainerItemProxy section */
		014D6C901B690C3D006F3F62 /* PBXContainerItemProxy */ = {
			isa = PBXContainerItemProxy;
			containerPortal = 014D6C6E1B690C3D006F3F62 /* Project object */;
			proxyType = 1;
			remoteGlobalIDString = 014D6C751B690C3D006F3F62;
			remoteInfo = LoopMeMediatonDemo;
		};
/* End PBXContainerItemProxy section */

/* Begin PBXFileReference section */
		014D6C761B690C3D006F3F62 /* LoopMeMediatonDemo.app */ = {isa = PBXFileReference; explicitFileType = wrapper.application; includeInIndex = 0; path = LoopMeMediatonDemo.app; sourceTree = BUILT_PRODUCTS_DIR; };
		014D6C7A1B690C3D006F3F62 /* Info.plist */ = {isa = PBXFileReference; lastKnownFileType = text.plist.xml; path = Info.plist; sourceTree = "<group>"; };
		014D6C7B1B690C3D006F3F62 /* main.m */ = {isa = PBXFileReference; lastKnownFileType = sourcecode.c.objc; path = main.m; sourceTree = "<group>"; };
		014D6C7D1B690C3D006F3F62 /* AppDelegate.h */ = {isa = PBXFileReference; lastKnownFileType = sourcecode.c.h; path = AppDelegate.h; sourceTree = "<group>"; };
		014D6C7E1B690C3D006F3F62 /* AppDelegate.m */ = {isa = PBXFileReference; lastKnownFileType = sourcecode.c.objc; path = AppDelegate.m; sourceTree = "<group>"; };
		014D6C841B690C3D006F3F62 /* Base */ = {isa = PBXFileReference; lastKnownFileType = file.storyboard; name = Base; path = Base.lproj/Main.storyboard; sourceTree = "<group>"; };
		014D6C861B690C3D006F3F62 /* Images.xcassets */ = {isa = PBXFileReference; lastKnownFileType = folder.assetcatalog; path = Images.xcassets; sourceTree = "<group>"; };
		014D6C891B690C3D006F3F62 /* Base */ = {isa = PBXFileReference; lastKnownFileType = file.xib; name = Base; path = Base.lproj/LaunchScreen.xib; sourceTree = "<group>"; };
		014D6C8F1B690C3D006F3F62 /* LoopMeMediatonDemoTests.xctest */ = {isa = PBXFileReference; explicitFileType = wrapper.cfbundle; includeInIndex = 0; path = LoopMeMediatonDemoTests.xctest; sourceTree = BUILT_PRODUCTS_DIR; };
		014D6C941B690C3D006F3F62 /* Info.plist */ = {isa = PBXFileReference; lastKnownFileType = text.plist.xml; path = Info.plist; sourceTree = "<group>"; };
		014D6C951B690C3D006F3F62 /* LoopMeMediatonDemoTests.m */ = {isa = PBXFileReference; lastKnownFileType = sourcecode.c.objc; path = LoopMeMediatonDemoTests.m; sourceTree = "<group>"; };
		014D6CA01B690E95006F3F62 /* LDContentTableViewCell.h */ = {isa = PBXFileReference; fileEncoding = 4; lastKnownFileType = sourcecode.c.h; path = LDContentTableViewCell.h; sourceTree = "<group>"; };
		014D6CA11B690E95006F3F62 /* LDContentTableViewCell.m */ = {isa = PBXFileReference; fileEncoding = 4; lastKnownFileType = sourcecode.c.objc; path = LDContentTableViewCell.m; sourceTree = "<group>"; };
		01EDDB7E1B6B7B9D003BF9BE /* LDAdTableViewCell.h */ = {isa = PBXFileReference; fileEncoding = 4; lastKnownFileType = sourcecode.c.h; path = LDAdTableViewCell.h; sourceTree = "<group>"; };
		01EDDB7F1B6B7B9D003BF9BE /* LDAdTableViewCell.m */ = {isa = PBXFileReference; fileEncoding = 4; lastKnownFileType = sourcecode.c.objc; path = LDAdTableViewCell.m; sourceTree = "<group>"; };
		01EDDB881B6B82B8003BF9BE /* LDAdRequestViewController.h */ = {isa = PBXFileReference; fileEncoding = 4; lastKnownFileType = sourcecode.c.h; path = LDAdRequestViewController.h; sourceTree = "<group>"; };
		01EDDB891B6B82B8003BF9BE /* LDAdRequestViewController.m */ = {isa = PBXFileReference; fileEncoding = 4; lastKnownFileType = sourcecode.c.objc; path = LDAdRequestViewController.m; sourceTree = "<group>"; };
		01EDDB8E1B6B8404003BF9BE /* LDTableViewController.h */ = {isa = PBXFileReference; fileEncoding = 4; lastKnownFileType = sourcecode.c.h; path = LDTableViewController.h; sourceTree = "<group>"; };
		01EDDB8F1B6B8404003BF9BE /* LDTableViewController.m */ = {isa = PBXFileReference; fileEncoding = 4; lastKnownFileType = sourcecode.c.objc; path = LDTableViewController.m; sourceTree = "<group>"; };
		472CEB191E9FC60500C0E86E /* MopubLoopMeInterstitialAdapter.h */ = {isa = PBXFileReference; fileEncoding = 4; lastKnownFileType = sourcecode.c.h; name = MopubLoopMeInterstitialAdapter.h; path = ../../MopubLoopMeInterstitialAdapter.h; sourceTree = "<group>"; };
		472CEB1A1E9FC60500C0E86E /* MopubLoopMeInterstitialAdapter.m */ = {isa = PBXFileReference; fileEncoding = 4; lastKnownFileType = sourcecode.c.objc; name = MopubLoopMeInterstitialAdapter.m; path = ../../MopubLoopMeInterstitialAdapter.m; sourceTree = "<group>"; };
		472CEB1C1E9FC61E00C0E86E /* LDInterstitialViewController.h */ = {isa = PBXFileReference; fileEncoding = 4; lastKnownFileType = sourcecode.c.h; path = LDInterstitialViewController.h; sourceTree = "<group>"; };
		472CEB1D1E9FC61E00C0E86E /* LDInterstitialViewController.m */ = {isa = PBXFileReference; fileEncoding = 4; lastKnownFileType = sourcecode.c.objc; path = LDInterstitialViewController.m; sourceTree = "<group>"; };
		47A78E431D76FFF900937065 /* MopubLoopMeNativeAd.h */ = {isa = PBXFileReference; fileEncoding = 4; lastKnownFileType = sourcecode.c.h; name = MopubLoopMeNativeAd.h; path = ../../MopubLoopMeNativeAd.h; sourceTree = "<group>"; };
		47A78E441D76FFF900937065 /* MopubLoopMeNativeAd.m */ = {isa = PBXFileReference; fileEncoding = 4; lastKnownFileType = sourcecode.c.objc; name = MopubLoopMeNativeAd.m; path = ../../MopubLoopMeNativeAd.m; sourceTree = "<group>"; };
		47A78E451D76FFF900937065 /* MopubLoopMeNativeEvent.h */ = {isa = PBXFileReference; fileEncoding = 4; lastKnownFileType = sourcecode.c.h; name = MopubLoopMeNativeEvent.h; path = ../../MopubLoopMeNativeEvent.h; sourceTree = "<group>"; };
		47A78E461D76FFF900937065 /* MopubLoopMeNativeEvent.m */ = {isa = PBXFileReference; fileEncoding = 4; lastKnownFileType = sourcecode.c.objc; name = MopubLoopMeNativeEvent.m; path = ../../MopubLoopMeNativeEvent.m; sourceTree = "<group>"; };
		47C568981F1DECE10048B0CC /* MopubLoopMeRewardedVideoAdapter.h */ = {isa = PBXFileReference; fileEncoding = 4; lastKnownFileType = sourcecode.c.h; name = MopubLoopMeRewardedVideoAdapter.h; path = ../../MopubLoopMeRewardedVideoAdapter.h; sourceTree = "<group>"; };
		47C568991F1DECE10048B0CC /* MopubLoopMeRewardedVideoAdapter.m */ = {isa = PBXFileReference; fileEncoding = 4; lastKnownFileType = sourcecode.c.objc; name = MopubLoopMeRewardedVideoAdapter.m; path = ../../MopubLoopMeRewardedVideoAdapter.m; sourceTree = "<group>"; };
		47C5689B1F1DEF020048B0CC /* LDRewardedViewController.h */ = {isa = PBXFileReference; fileEncoding = 4; lastKnownFileType = sourcecode.c.h; path = LDRewardedViewController.h; sourceTree = "<group>"; };
		47C5689C1F1DEF020048B0CC /* LDRewardedViewController.m */ = {isa = PBXFileReference; fileEncoding = 4; lastKnownFileType = sourcecode.c.objc; path = LDRewardedViewController.m; sourceTree = "<group>"; };
		47C5689F1F1DF2A90048B0CC /* Info.plist */ = {isa = PBXFileReference; fileEncoding = 4; lastKnownFileType = text.plist.xml; path = Info.plist; sourceTree = "<group>"; };
		47C568A21F1DF2A90048B0CC /* LoopMeAdView.m */ = {isa = PBXFileReference; fileEncoding = 4; lastKnownFileType = sourcecode.c.objc; path = LoopMeAdView.m; sourceTree = "<group>"; };
		47C568A41F1DF2A90048B0CC /* LoopMeMaximizedViewController.h */ = {isa = PBXFileReference; fileEncoding = 4; lastKnownFileType = sourcecode.c.h; path = LoopMeMaximizedViewController.h; sourceTree = "<group>"; };
		47C568A51F1DF2A90048B0CC /* LoopMeMaximizedViewController.m */ = {isa = PBXFileReference; fileEncoding = 4; lastKnownFileType = sourcecode.c.objc; path = LoopMeMaximizedViewController.m; sourceTree = "<group>"; };
		47C568A71F1DF2A90048B0CC /* LoopMeMinimizedAdView.h */ = {isa = PBXFileReference; fileEncoding = 4; lastKnownFileType = sourcecode.c.h; path = LoopMeMinimizedAdView.h; sourceTree = "<group>"; };
		47C568A81F1DF2A90048B0CC /* LoopMeMinimizedAdView.m */ = {isa = PBXFileReference; fileEncoding = 4; lastKnownFileType = sourcecode.c.objc; path = LoopMeMinimizedAdView.m; sourceTree = "<group>"; };
		47C568AA1F1DF2A90048B0CC /* LoopMeServerURLBuilder.h */ = {isa = PBXFileReference; fileEncoding = 4; lastKnownFileType = sourcecode.c.h; path = LoopMeServerURLBuilder.h; sourceTree = "<group>"; };
		47C568AB1F1DF2A90048B0CC /* LoopMeServerURLBuilder.m */ = {isa = PBXFileReference; fileEncoding = 4; lastKnownFileType = sourcecode.c.objc; path = LoopMeServerURLBuilder.m; sourceTree = "<group>"; };
		47C568AD1F1DF2A90048B0CC /* LoopMeJSClient.h */ = {isa = PBXFileReference; fileEncoding = 4; lastKnownFileType = sourcecode.c.h; path = LoopMeJSClient.h; sourceTree = "<group>"; };
		47C568AE1F1DF2A90048B0CC /* LoopMeJSClient.m */ = {isa = PBXFileReference; fileEncoding = 4; lastKnownFileType = sourcecode.c.objc; path = LoopMeJSClient.m; sourceTree = "<group>"; };
		47C568AF1F1DF2A90048B0CC /* LoopMeMRAIDClient.h */ = {isa = PBXFileReference; fileEncoding = 4; lastKnownFileType = sourcecode.c.h; path = LoopMeMRAIDClient.h; sourceTree = "<group>"; };
		47C568B01F1DF2A90048B0CC /* LoopMeMRAIDClient.m */ = {isa = PBXFileReference; fileEncoding = 4; lastKnownFileType = sourcecode.c.objc; path = LoopMeMRAIDClient.m; sourceTree = "<group>"; };
		47C568B11F1DF2A90048B0CC /* LoopMeVideoClient.h */ = {isa = PBXFileReference; fileEncoding = 4; lastKnownFileType = sourcecode.c.h; path = LoopMeVideoClient.h; sourceTree = "<group>"; };
		47C568B21F1DF2A90048B0CC /* LoopMeVideoClient.m */ = {isa = PBXFileReference; fileEncoding = 4; lastKnownFileType = sourcecode.c.objc; path = LoopMeVideoClient.m; sourceTree = "<group>"; };
		47C568B41F1DF2A90048B0CC /* LoopMeJSCommunicatorProtocol.h */ = {isa = PBXFileReference; fileEncoding = 4; lastKnownFileType = sourcecode.c.h; path = LoopMeJSCommunicatorProtocol.h; sourceTree = "<group>"; };
		47C568B51F1DF2A90048B0CC /* LoopMeVideoCommunicatorProtocol.h */ = {isa = PBXFileReference; fileEncoding = 4; lastKnownFileType = sourcecode.c.h; path = LoopMeVideoCommunicatorProtocol.h; sourceTree = "<group>"; };
		47C568B71F1DF2A90048B0CC /* LoopMeAdDisplayController.h */ = {isa = PBXFileReference; fileEncoding = 4; lastKnownFileType = sourcecode.c.h; path = LoopMeAdDisplayController.h; sourceTree = "<group>"; };
		47C568B81F1DF2A90048B0CC /* LoopMeAdDisplayController.m */ = {isa = PBXFileReference; fileEncoding = 4; lastKnownFileType = sourcecode.c.objc; path = LoopMeAdDisplayController.m; sourceTree = "<group>"; };
		47C568B91F1DF2A90048B0CC /* LoopMeDestinationDisplayController.h */ = {isa = PBXFileReference; fileEncoding = 4; lastKnownFileType = sourcecode.c.h; path = LoopMeDestinationDisplayController.h; sourceTree = "<group>"; };
		47C568BA1F1DF2A90048B0CC /* LoopMeDestinationDisplayController.m */ = {isa = PBXFileReference; fileEncoding = 4; lastKnownFileType = sourcecode.c.objc; path = LoopMeDestinationDisplayController.m; sourceTree = "<group>"; };
		47C568BC1F1DF2A90048B0CC /* LoopMeInterstitial.m */ = {isa = PBXFileReference; fileEncoding = 4; lastKnownFileType = sourcecode.c.objc; path = LoopMeInterstitial.m; sourceTree = "<group>"; };
		47C568BE1F1DF2A90048B0CC /* LoopMeAdConfiguration.h */ = {isa = PBXFileReference; fileEncoding = 4; lastKnownFileType = sourcecode.c.h; path = LoopMeAdConfiguration.h; sourceTree = "<group>"; };
		47C568BF1F1DF2A90048B0CC /* LoopMeAdConfiguration.m */ = {isa = PBXFileReference; fileEncoding = 4; lastKnownFileType = sourcecode.c.objc; path = LoopMeAdConfiguration.m; sourceTree = "<group>"; };
		47C568C01F1DF2A90048B0CC /* LoopMeAdManager.h */ = {isa = PBXFileReference; fileEncoding = 4; lastKnownFileType = sourcecode.c.h; path = LoopMeAdManager.h; sourceTree = "<group>"; };
		47C568C11F1DF2A90048B0CC /* LoopMeAdManager.m */ = {isa = PBXFileReference; fileEncoding = 4; lastKnownFileType = sourcecode.c.objc; path = LoopMeAdManager.m; sourceTree = "<group>"; };
		47C568C21F1DF2A90048B0CC /* LoopMeReachability.h */ = {isa = PBXFileReference; fileEncoding = 4; lastKnownFileType = sourcecode.c.h; path = LoopMeReachability.h; sourceTree = "<group>"; };
		47C568C31F1DF2A90048B0CC /* LoopMeReachability.m */ = {isa = PBXFileReference; fileEncoding = 4; lastKnownFileType = sourcecode.c.objc; path = LoopMeReachability.m; sourceTree = "<group>"; };
		47C568C41F1DF2A90048B0CC /* LoopMeServerCommunicator.h */ = {isa = PBXFileReference; fileEncoding = 4; lastKnownFileType = sourcecode.c.h; path = LoopMeServerCommunicator.h; sourceTree = "<group>"; };
		47C568C51F1DF2A90048B0CC /* LoopMeServerCommunicator.m */ = {isa = PBXFileReference; fileEncoding = 4; lastKnownFileType = sourcecode.c.objc; path = LoopMeServerCommunicator.m; sourceTree = "<group>"; };
		47C568C61F1DF2A90048B0CC /* LoopMeURLResolver.h */ = {isa = PBXFileReference; fileEncoding = 4; lastKnownFileType = sourcecode.c.h; path = LoopMeURLResolver.h; sourceTree = "<group>"; };
		47C568C71F1DF2A90048B0CC /* LoopMeURLResolver.m */ = {isa = PBXFileReference; fileEncoding = 4; lastKnownFileType = sourcecode.c.objc; path = LoopMeURLResolver.m; sourceTree = "<group>"; };
		47C568C81F1DF2A90048B0CC /* LoopMeVideoManager.h */ = {isa = PBXFileReference; fileEncoding = 4; lastKnownFileType = sourcecode.c.h; path = LoopMeVideoManager.h; sourceTree = "<group>"; };
		47C568C91F1DF2A90048B0CC /* LoopMeVideoManager.m */ = {isa = PBXFileReference; fileEncoding = 4; lastKnownFileType = sourcecode.c.objc; path = LoopMeVideoManager.m; sourceTree = "<group>"; };
		47C568CB1F1DF2A90048B0CC /* LoopMeResources.bundle */ = {isa = PBXFileReference; lastKnownFileType = "wrapper.plug-in"; path = LoopMeResources.bundle; sourceTree = "<group>"; };
		47C568CD1F1DF2A90048B0CC /* LoopMeTargeting.m */ = {isa = PBXFileReference; fileEncoding = 4; lastKnownFileType = sourcecode.c.objc; path = LoopMeTargeting.m; sourceTree = "<group>"; };
		47C568D01F1DF2A90048B0CC /* NSData+LoopMeAES128.h */ = {isa = PBXFileReference; fileEncoding = 4; lastKnownFileType = sourcecode.c.h; path = "NSData+LoopMeAES128.h"; sourceTree = "<group>"; };
		47C568D11F1DF2A90048B0CC /* NSData+LoopMeAES128.m */ = {isa = PBXFileReference; fileEncoding = 4; lastKnownFileType = sourcecode.c.objc; path = "NSData+LoopMeAES128.m"; sourceTree = "<group>"; };
		47C568D21F1DF2A90048B0CC /* NSString+Encryption.h */ = {isa = PBXFileReference; fileEncoding = 4; lastKnownFileType = sourcecode.c.h; path = "NSString+Encryption.h"; sourceTree = "<group>"; };
		47C568D31F1DF2A90048B0CC /* NSString+Encryption.m */ = {isa = PBXFileReference; fileEncoding = 4; lastKnownFileType = sourcecode.c.objc; path = "NSString+Encryption.m"; sourceTree = "<group>"; };
		47C568D41F1DF2A90048B0CC /* NSURL+LoopMeAdditions.h */ = {isa = PBXFileReference; fileEncoding = 4; lastKnownFileType = sourcecode.c.h; path = "NSURL+LoopMeAdditions.h"; sourceTree = "<group>"; };
		47C568D51F1DF2A90048B0CC /* NSURL+LoopMeAdditions.m */ = {isa = PBXFileReference; fileEncoding = 4; lastKnownFileType = sourcecode.c.objc; path = "NSURL+LoopMeAdditions.m"; sourceTree = "<group>"; };
		47C568D61F1DF2A90048B0CC /* UIImage+LoopMeBinaryImage.h */ = {isa = PBXFileReference; fileEncoding = 4; lastKnownFileType = sourcecode.c.h; path = "UIImage+LoopMeBinaryImage.h"; sourceTree = "<group>"; };
		47C568D71F1DF2A90048B0CC /* UIImage+LoopMeBinaryImage.m */ = {isa = PBXFileReference; fileEncoding = 4; lastKnownFileType = sourcecode.c.objc; path = "UIImage+LoopMeBinaryImage.m"; sourceTree = "<group>"; };
		47C568D81F1DF2A90048B0CC /* LoopMeAnalyticsProvider.h */ = {isa = PBXFileReference; fileEncoding = 4; lastKnownFileType = sourcecode.c.h; path = LoopMeAnalyticsProvider.h; sourceTree = "<group>"; };
		47C568D91F1DF2A90048B0CC /* LoopMeAnalyticsProvider.m */ = {isa = PBXFileReference; fileEncoding = 4; lastKnownFileType = sourcecode.c.objc; path = LoopMeAnalyticsProvider.m; sourceTree = "<group>"; };
		47C568DA1F1DF2A90048B0CC /* LoopMeDefinitions.h */ = {isa = PBXFileReference; fileEncoding = 4; lastKnownFileType = sourcecode.c.h; path = LoopMeDefinitions.h; sourceTree = "<group>"; };
		47C568DB1F1DF2A90048B0CC /* LoopMeError.h */ = {isa = PBXFileReference; fileEncoding = 4; lastKnownFileType = sourcecode.c.h; path = LoopMeError.h; sourceTree = "<group>"; };
		47C568DC1F1DF2A90048B0CC /* LoopMeError.m */ = {isa = PBXFileReference; fileEncoding = 4; lastKnownFileType = sourcecode.c.objc; path = LoopMeError.m; sourceTree = "<group>"; };
		47C568DD1F1DF2A90048B0CC /* LoopMeErrorEventSender.h */ = {isa = PBXFileReference; fileEncoding = 4; lastKnownFileType = sourcecode.c.h; path = LoopMeErrorEventSender.h; sourceTree = "<group>"; };
		47C568DE1F1DF2A90048B0CC /* LoopMeErrorEventSender.m */ = {isa = PBXFileReference; fileEncoding = 4; lastKnownFileType = sourcecode.c.objc; path = LoopMeErrorEventSender.m; sourceTree = "<group>"; };
		47C568DF1F1DF2A90048B0CC /* LoopMeGeoLocationProvider.h */ = {isa = PBXFileReference; fileEncoding = 4; lastKnownFileType = sourcecode.c.h; path = LoopMeGeoLocationProvider.h; sourceTree = "<group>"; };
		47C568E01F1DF2A90048B0CC /* LoopMeGeoLocationProvider.m */ = {isa = PBXFileReference; fileEncoding = 4; lastKnownFileType = sourcecode.c.objc; path = LoopMeGeoLocationProvider.m; sourceTree = "<group>"; };
		47C568E11F1DF2A90048B0CC /* LoopMeGlobalSettings.h */ = {isa = PBXFileReference; fileEncoding = 4; lastKnownFileType = sourcecode.c.h; path = LoopMeGlobalSettings.h; sourceTree = "<group>"; };
		47C568E21F1DF2A90048B0CC /* LoopMeGlobalSettings.m */ = {isa = PBXFileReference; fileEncoding = 4; lastKnownFileType = sourcecode.c.objc; path = LoopMeGlobalSettings.m; sourceTree = "<group>"; };
		47C568E31F1DF2A90048B0CC /* LoopMeIdentityProvider.h */ = {isa = PBXFileReference; fileEncoding = 4; lastKnownFileType = sourcecode.c.h; path = LoopMeIdentityProvider.h; sourceTree = "<group>"; };
		47C568E41F1DF2A90048B0CC /* LoopMeIdentityProvider.m */ = {isa = PBXFileReference; fileEncoding = 4; lastKnownFileType = sourcecode.c.objc; path = LoopMeIdentityProvider.m; sourceTree = "<group>"; };
		47C568E51F1DF2A90048B0CC /* LoopMeLogging.h */ = {isa = PBXFileReference; fileEncoding = 4; lastKnownFileType = sourcecode.c.h; path = LoopMeLogging.h; sourceTree = "<group>"; };
		47C568E61F1DF2A90048B0CC /* LoopMeLogging.m */ = {isa = PBXFileReference; fileEncoding = 4; lastKnownFileType = sourcecode.c.objc; path = LoopMeLogging.m; sourceTree = "<group>"; };
		47C568E91F1DF2A90048B0CC /* LoopMe360ViewController.h */ = {isa = PBXFileReference; fileEncoding = 4; lastKnownFileType = sourcecode.c.h; path = LoopMe360ViewController.h; sourceTree = "<group>"; };
		47C568EA1F1DF2A90048B0CC /* LoopMe360ViewController.m */ = {isa = PBXFileReference; fileEncoding = 4; lastKnownFileType = sourcecode.c.objc; path = LoopMe360ViewController.m; sourceTree = "<group>"; };
		47C568EC1F1DF2A90048B0CC /* LoopMeGLProgram.h */ = {isa = PBXFileReference; fileEncoding = 4; lastKnownFileType = sourcecode.c.h; path = LoopMeGLProgram.h; sourceTree = "<group>"; };
		47C568ED1F1DF2A90048B0CC /* LoopMeGLProgram.m */ = {isa = PBXFileReference; fileEncoding = 4; lastKnownFileType = sourcecode.c.objc; path = LoopMeGLProgram.m; sourceTree = "<group>"; };
		47C568EF1F1DF2A90048B0CC /* LoopMeInterstitialViewController.h */ = {isa = PBXFileReference; fileEncoding = 4; lastKnownFileType = sourcecode.c.h; path = LoopMeInterstitialViewController.h; sourceTree = "<group>"; };
		47C568F01F1DF2A90048B0CC /* LoopMeInterstitialViewController.m */ = {isa = PBXFileReference; fileEncoding = 4; lastKnownFileType = sourcecode.c.objc; path = LoopMeInterstitialViewController.m; sourceTree = "<group>"; };
		47C568F21F1DF2A90048B0CC /* LoopMeBrowserViewController.h */ = {isa = PBXFileReference; fileEncoding = 4; lastKnownFileType = sourcecode.c.h; path = LoopMeBrowserViewController.h; sourceTree = "<group>"; };
		47C568F31F1DF2A90048B0CC /* LoopMeBrowserViewController.m */ = {isa = PBXFileReference; fileEncoding = 4; lastKnownFileType = sourcecode.c.objc; path = LoopMeBrowserViewController.m; sourceTree = "<group>"; };
		47C568F51F1DF2A90048B0CC /* LoopMeBackView.h */ = {isa = PBXFileReference; fileEncoding = 4; lastKnownFileType = sourcecode.c.h; path = LoopMeBackView.h; sourceTree = "<group>"; };
		47C568F61F1DF2A90048B0CC /* LoopMeBackView.m */ = {isa = PBXFileReference; fileEncoding = 4; lastKnownFileType = sourcecode.c.objc; path = LoopMeBackView.m; sourceTree = "<group>"; };
		47C568F71F1DF2A90048B0CC /* LoopMeCancelView.h */ = {isa = PBXFileReference; fileEncoding = 4; lastKnownFileType = sourcecode.c.h; path = LoopMeCancelView.h; sourceTree = "<group>"; };
		47C568F81F1DF2A90048B0CC /* LoopMeCancelView.m */ = {isa = PBXFileReference; fileEncoding = 4; lastKnownFileType = sourcecode.c.objc; path = LoopMeCancelView.m; sourceTree = "<group>"; };
		47C568F91F1DF2A90048B0CC /* LoopMeCloseButton.h */ = {isa = PBXFileReference; fileEncoding = 4; lastKnownFileType = sourcecode.c.h; path = LoopMeCloseButton.h; sourceTree = "<group>"; };
		47C568FA1F1DF2A90048B0CC /* LoopMeCloseButton.m */ = {isa = PBXFileReference; fileEncoding = 4; lastKnownFileType = sourcecode.c.objc; path = LoopMeCloseButton.m; sourceTree = "<group>"; };
		47C568FC1F1DF2A90048B0CC /* LoopMeActivityIndicatorView.h */ = {isa = PBXFileReference; fileEncoding = 4; lastKnownFileType = sourcecode.c.h; path = LoopMeActivityIndicatorView.h; sourceTree = "<group>"; };
		47C568FD1F1DF2A90048B0CC /* LoopMeActivityIndicatorView.m */ = {isa = PBXFileReference; fileEncoding = 4; lastKnownFileType = sourcecode.c.objc; path = LoopMeActivityIndicatorView.m; sourceTree = "<group>"; };
		47C568FE1F1DF2A90048B0CC /* LoopMeProgressOverlayView.h */ = {isa = PBXFileReference; fileEncoding = 4; lastKnownFileType = sourcecode.c.h; path = LoopMeProgressOverlayView.h; sourceTree = "<group>"; };
		47C568FF1F1DF2A90048B0CC /* LoopMeProgressOverlayView.m */ = {isa = PBXFileReference; fileEncoding = 4; lastKnownFileType = sourcecode.c.objc; path = LoopMeProgressOverlayView.m; sourceTree = "<group>"; };
		47C569011F1DF2A90048B0CC /* LoopMeAdWebView.h */ = {isa = PBXFileReference; fileEncoding = 4; lastKnownFileType = sourcecode.c.h; path = LoopMeAdWebView.h; sourceTree = "<group>"; };
		47C569021F1DF2A90048B0CC /* LoopMeAdWebView.m */ = {isa = PBXFileReference; fileEncoding = 4; lastKnownFileType = sourcecode.c.objc; path = LoopMeAdWebView.m; sourceTree = "<group>"; };
		47C569031F1DF2A90048B0CC /* LOOMoatMobileAppKit.framework */ = {isa = PBXFileReference; lastKnownFileType = wrapper.framework; path = LOOMoatMobileAppKit.framework; sourceTree = "<group>"; };
		47C569041F1DF2A90048B0CC /* LoopMeAdView.h */ = {isa = PBXFileReference; fileEncoding = 4; lastKnownFileType = sourcecode.c.h; path = LoopMeAdView.h; sourceTree = "<group>"; };
		47C569051F1DF2A90048B0CC /* LoopMeInterstitial.h */ = {isa = PBXFileReference; fileEncoding = 4; lastKnownFileType = sourcecode.c.h; path = LoopMeInterstitial.h; sourceTree = "<group>"; };
		47C569061F1DF2A90048B0CC /* LoopMeSDK.h */ = {isa = PBXFileReference; fileEncoding = 4; lastKnownFileType = sourcecode.c.h; path = LoopMeSDK.h; sourceTree = "<group>"; };
		47C569071F1DF2A90048B0CC /* LoopMeTargeting.h */ = {isa = PBXFileReference; fileEncoding = 4; lastKnownFileType = sourcecode.c.h; path = LoopMeTargeting.h; sourceTree = "<group>"; };
		49BD68499F74140E135F796A /* libPods-LoopMeMediatonDemo.a */ = {isa = PBXFileReference; explicitFileType = archive.ar; includeInIndex = 0; path = "libPods-LoopMeMediatonDemo.a"; sourceTree = BUILT_PRODUCTS_DIR; };
		61A8E52A2DF5DB92180A3DFD /* Pods-LoopMeMediatonDemo.debug.xcconfig */ = {isa = PBXFileReference; includeInIndex = 1; lastKnownFileType = text.xcconfig; name = "Pods-LoopMeMediatonDemo.debug.xcconfig"; path = "Pods/Target Support Files/Pods-LoopMeMediatonDemo/Pods-LoopMeMediatonDemo.debug.xcconfig"; sourceTree = "<group>"; };
		92B881A40A25E4ACFF4AF5B2 /* Pods-LoopMeMediatonDemo.release.xcconfig */ = {isa = PBXFileReference; includeInIndex = 1; lastKnownFileType = text.xcconfig; name = "Pods-LoopMeMediatonDemo.release.xcconfig"; path = "Pods/Target Support Files/Pods-LoopMeMediatonDemo/Pods-LoopMeMediatonDemo.release.xcconfig"; sourceTree = "<group>"; };
/* End PBXFileReference section */

/* Begin PBXFrameworksBuildPhase section */
		014D6C731B690C3D006F3F62 /* Frameworks */ = {
			isa = PBXFrameworksBuildPhase;
			buildActionMask = 2147483647;
			files = (
				30685CBD8EEE5CD6466B0711 /* libPods-LoopMeMediatonDemo.a in Frameworks */,
				47C569301F1DF2A90048B0CC /* LOOMoatMobileAppKit.framework in Frameworks */,
			);
			runOnlyForDeploymentPostprocessing = 0;
		};
		014D6C8C1B690C3D006F3F62 /* Frameworks */ = {
			isa = PBXFrameworksBuildPhase;
			buildActionMask = 2147483647;
			files = (
			);
			runOnlyForDeploymentPostprocessing = 0;
		};
/* End PBXFrameworksBuildPhase section */

/* Begin PBXGroup section */
		014D6C6D1B690C3D006F3F62 = {
			isa = PBXGroup;
			children = (
				014D6C781B690C3D006F3F62 /* LoopMeMediatonDemo */,
				014D6C921B690C3D006F3F62 /* LoopMeMediatonDemoTests */,
				014D6C771B690C3D006F3F62 /* Products */,
				339080416A066F0726CA0631 /* Pods */,
				2F4DA869365EEEE6E95249D3 /* Frameworks */,
			);
			sourceTree = "<group>";
		};
		014D6C771B690C3D006F3F62 /* Products */ = {
			isa = PBXGroup;
			children = (
				014D6C761B690C3D006F3F62 /* LoopMeMediatonDemo.app */,
				014D6C8F1B690C3D006F3F62 /* LoopMeMediatonDemoTests.xctest */,
			);
			name = Products;
			sourceTree = "<group>";
		};
		014D6C781B690C3D006F3F62 /* LoopMeMediatonDemo */ = {
			isa = PBXGroup;
			children = (
				47C5689E1F1DF2A90048B0CC /* LoopMeSDK */,
				47A78E491D76FFFC00937065 /* LoopMeBridge */,
				01EDDB811B6B8277003BF9BE /* ViewControllers */,
				014D6C9F1B690E64006F3F62 /* Cell */,
				014D6C7D1B690C3D006F3F62 /* AppDelegate.h */,
				014D6C7E1B690C3D006F3F62 /* AppDelegate.m */,
				014D6C831B690C3D006F3F62 /* Main.storyboard */,
				014D6C861B690C3D006F3F62 /* Images.xcassets */,
				014D6C881B690C3D006F3F62 /* LaunchScreen.xib */,
				014D6C791B690C3D006F3F62 /* Supporting Files */,
			);
			path = LoopMeMediatonDemo;
			sourceTree = "<group>";
		};
		014D6C791B690C3D006F3F62 /* Supporting Files */ = {
			isa = PBXGroup;
			children = (
				014D6C7A1B690C3D006F3F62 /* Info.plist */,
				014D6C7B1B690C3D006F3F62 /* main.m */,
			);
			name = "Supporting Files";
			sourceTree = "<group>";
		};
		014D6C921B690C3D006F3F62 /* LoopMeMediatonDemoTests */ = {
			isa = PBXGroup;
			children = (
				014D6C951B690C3D006F3F62 /* LoopMeMediatonDemoTests.m */,
				014D6C931B690C3D006F3F62 /* Supporting Files */,
			);
			path = LoopMeMediatonDemoTests;
			sourceTree = "<group>";
		};
		014D6C931B690C3D006F3F62 /* Supporting Files */ = {
			isa = PBXGroup;
			children = (
				014D6C941B690C3D006F3F62 /* Info.plist */,
			);
			name = "Supporting Files";
			sourceTree = "<group>";
		};
		014D6C9F1B690E64006F3F62 /* Cell */ = {
			isa = PBXGroup;
			children = (
				01EDDB7E1B6B7B9D003BF9BE /* LDAdTableViewCell.h */,
				01EDDB7F1B6B7B9D003BF9BE /* LDAdTableViewCell.m */,
				014D6CA01B690E95006F3F62 /* LDContentTableViewCell.h */,
				014D6CA11B690E95006F3F62 /* LDContentTableViewCell.m */,
			);
			path = Cell;
			sourceTree = "<group>";
		};
		01EDDB811B6B8277003BF9BE /* ViewControllers */ = {
			isa = PBXGroup;
			children = (
				01EDDB881B6B82B8003BF9BE /* LDAdRequestViewController.h */,
				01EDDB891B6B82B8003BF9BE /* LDAdRequestViewController.m */,
				01EDDB8E1B6B8404003BF9BE /* LDTableViewController.h */,
				01EDDB8F1B6B8404003BF9BE /* LDTableViewController.m */,
				472CEB1C1E9FC61E00C0E86E /* LDInterstitialViewController.h */,
				472CEB1D1E9FC61E00C0E86E /* LDInterstitialViewController.m */,
				47C5689B1F1DEF020048B0CC /* LDRewardedViewController.h */,
				47C5689C1F1DEF020048B0CC /* LDRewardedViewController.m */,
			);
			path = ViewControllers;
			sourceTree = "<group>";
		};
		2F4DA869365EEEE6E95249D3 /* Frameworks */ = {
			isa = PBXGroup;
			children = (
				49BD68499F74140E135F796A /* libPods-LoopMeMediatonDemo.a */,
			);
			name = Frameworks;
			sourceTree = "<group>";
		};
		339080416A066F0726CA0631 /* Pods */ = {
			isa = PBXGroup;
			children = (
				61A8E52A2DF5DB92180A3DFD /* Pods-LoopMeMediatonDemo.debug.xcconfig */,
				92B881A40A25E4ACFF4AF5B2 /* Pods-LoopMeMediatonDemo.release.xcconfig */,
			);
			name = Pods;
			sourceTree = "<group>";
		};
		47A78E491D76FFFC00937065 /* LoopMeBridge */ = {
			isa = PBXGroup;
			children = (
				47C568981F1DECE10048B0CC /* MopubLoopMeRewardedVideoAdapter.h */,
				47C568991F1DECE10048B0CC /* MopubLoopMeRewardedVideoAdapter.m */,
				472CEB191E9FC60500C0E86E /* MopubLoopMeInterstitialAdapter.h */,
				472CEB1A1E9FC60500C0E86E /* MopubLoopMeInterstitialAdapter.m */,
				47A78E431D76FFF900937065 /* MopubLoopMeNativeAd.h */,
				47A78E441D76FFF900937065 /* MopubLoopMeNativeAd.m */,
				47A78E451D76FFF900937065 /* MopubLoopMeNativeEvent.h */,
				47A78E461D76FFF900937065 /* MopubLoopMeNativeEvent.m */,
			);
			name = LoopMeBridge;
			sourceTree = "<group>";
		};
		47C5689E1F1DF2A90048B0CC /* LoopMeSDK */ = {
			isa = PBXGroup;
			children = (
				47C5689F1F1DF2A90048B0CC /* Info.plist */,
				47C568A01F1DF2A90048B0CC /* Internal */,
				47C569031F1DF2A90048B0CC /* LOOMoatMobileAppKit.framework */,
				47C569041F1DF2A90048B0CC /* LoopMeAdView.h */,
				47C569051F1DF2A90048B0CC /* LoopMeInterstitial.h */,
				47C569061F1DF2A90048B0CC /* LoopMeSDK.h */,
				47C569071F1DF2A90048B0CC /* LoopMeTargeting.h */,
			);
			name = LoopMeSDK;
			path = ../../../../LoopMeSDK;
			sourceTree = "<group>";
		};
		47C568A01F1DF2A90048B0CC /* Internal */ = {
			isa = PBXGroup;
			children = (
				47C568A11F1DF2A90048B0CC /* AdView */,
				47C568A91F1DF2A90048B0CC /* Builder */,
				47C568AC1F1DF2A90048B0CC /* Clients */,
				47C568B61F1DF2A90048B0CC /* Controllers */,
				47C568BB1F1DF2A90048B0CC /* Interstitial */,
				47C568BD1F1DF2A90048B0CC /* Network */,
				47C568CA1F1DF2A90048B0CC /* Resources */,
				47C568CC1F1DF2A90048B0CC /* Targeting */,
				47C568CE1F1DF2A90048B0CC /* Utility */,
				47C568E71F1DF2A90048B0CC /* ViewControllers */,
				47C568F41F1DF2A90048B0CC /* Views */,
			);
			path = Internal;
			sourceTree = "<group>";
		};
		47C568A11F1DF2A90048B0CC /* AdView */ = {
			isa = PBXGroup;
			children = (
				47C568A21F1DF2A90048B0CC /* LoopMeAdView.m */,
				47C568A31F1DF2A90048B0CC /* maximized */,
				47C568A61F1DF2A90048B0CC /* minimized */,
			);
			path = AdView;
			sourceTree = "<group>";
		};
		47C568A31F1DF2A90048B0CC /* maximized */ = {
			isa = PBXGroup;
			children = (
				47C568A41F1DF2A90048B0CC /* LoopMeMaximizedViewController.h */,
				47C568A51F1DF2A90048B0CC /* LoopMeMaximizedViewController.m */,
			);
			path = maximized;
			sourceTree = "<group>";
		};
		47C568A61F1DF2A90048B0CC /* minimized */ = {
			isa = PBXGroup;
			children = (
				47C568A71F1DF2A90048B0CC /* LoopMeMinimizedAdView.h */,
				47C568A81F1DF2A90048B0CC /* LoopMeMinimizedAdView.m */,
			);
			path = minimized;
			sourceTree = "<group>";
		};
		47C568A91F1DF2A90048B0CC /* Builder */ = {
			isa = PBXGroup;
			children = (
				47C568AA1F1DF2A90048B0CC /* LoopMeServerURLBuilder.h */,
				47C568AB1F1DF2A90048B0CC /* LoopMeServerURLBuilder.m */,
			);
			path = Builder;
			sourceTree = "<group>";
		};
		47C568AC1F1DF2A90048B0CC /* Clients */ = {
			isa = PBXGroup;
			children = (
				47C568AD1F1DF2A90048B0CC /* LoopMeJSClient.h */,
				47C568AE1F1DF2A90048B0CC /* LoopMeJSClient.m */,
				47C568AF1F1DF2A90048B0CC /* LoopMeMRAIDClient.h */,
				47C568B01F1DF2A90048B0CC /* LoopMeMRAIDClient.m */,
				47C568B11F1DF2A90048B0CC /* LoopMeVideoClient.h */,
				47C568B21F1DF2A90048B0CC /* LoopMeVideoClient.m */,
				47C568B31F1DF2A90048B0CC /* Protocols */,
			);
			path = Clients;
			sourceTree = "<group>";
		};
		47C568B31F1DF2A90048B0CC /* Protocols */ = {
			isa = PBXGroup;
			children = (
				47C568B41F1DF2A90048B0CC /* LoopMeJSCommunicatorProtocol.h */,
				47C568B51F1DF2A90048B0CC /* LoopMeVideoCommunicatorProtocol.h */,
			);
			path = Protocols;
			sourceTree = "<group>";
		};
		47C568B61F1DF2A90048B0CC /* Controllers */ = {
			isa = PBXGroup;
			children = (
				47C568B71F1DF2A90048B0CC /* LoopMeAdDisplayController.h */,
				47C568B81F1DF2A90048B0CC /* LoopMeAdDisplayController.m */,
				47C568B91F1DF2A90048B0CC /* LoopMeDestinationDisplayController.h */,
				47C568BA1F1DF2A90048B0CC /* LoopMeDestinationDisplayController.m */,
			);
			path = Controllers;
			sourceTree = "<group>";
		};
		47C568BB1F1DF2A90048B0CC /* Interstitial */ = {
			isa = PBXGroup;
			children = (
				47C568BC1F1DF2A90048B0CC /* LoopMeInterstitial.m */,
			);
			path = Interstitial;
			sourceTree = "<group>";
		};
		47C568BD1F1DF2A90048B0CC /* Network */ = {
			isa = PBXGroup;
			children = (
				47C568BE1F1DF2A90048B0CC /* LoopMeAdConfiguration.h */,
				47C568BF1F1DF2A90048B0CC /* LoopMeAdConfiguration.m */,
				47C568C01F1DF2A90048B0CC /* LoopMeAdManager.h */,
				47C568C11F1DF2A90048B0CC /* LoopMeAdManager.m */,
				47C568C21F1DF2A90048B0CC /* LoopMeReachability.h */,
				47C568C31F1DF2A90048B0CC /* LoopMeReachability.m */,
				47C568C41F1DF2A90048B0CC /* LoopMeServerCommunicator.h */,
				47C568C51F1DF2A90048B0CC /* LoopMeServerCommunicator.m */,
				47C568C61F1DF2A90048B0CC /* LoopMeURLResolver.h */,
				47C568C71F1DF2A90048B0CC /* LoopMeURLResolver.m */,
				47C568C81F1DF2A90048B0CC /* LoopMeVideoManager.h */,
				47C568C91F1DF2A90048B0CC /* LoopMeVideoManager.m */,
			);
			path = Network;
			sourceTree = "<group>";
		};
		47C568CA1F1DF2A90048B0CC /* Resources */ = {
			isa = PBXGroup;
			children = (
				47C568CB1F1DF2A90048B0CC /* LoopMeResources.bundle */,
			);
			path = Resources;
			sourceTree = "<group>";
		};
		47C568CC1F1DF2A90048B0CC /* Targeting */ = {
			isa = PBXGroup;
			children = (
				47C568CD1F1DF2A90048B0CC /* LoopMeTargeting.m */,
			);
			path = Targeting;
			sourceTree = "<group>";
		};
		47C568CE1F1DF2A90048B0CC /* Utility */ = {
			isa = PBXGroup;
			children = (
				47C568CF1F1DF2A90048B0CC /* Categories */,
				47C568D81F1DF2A90048B0CC /* LoopMeAnalyticsProvider.h */,
				47C568D91F1DF2A90048B0CC /* LoopMeAnalyticsProvider.m */,
				47C568DA1F1DF2A90048B0CC /* LoopMeDefinitions.h */,
				47C568DB1F1DF2A90048B0CC /* LoopMeError.h */,
				47C568DC1F1DF2A90048B0CC /* LoopMeError.m */,
				47C568DD1F1DF2A90048B0CC /* LoopMeErrorEventSender.h */,
				47C568DE1F1DF2A90048B0CC /* LoopMeErrorEventSender.m */,
				47C568DF1F1DF2A90048B0CC /* LoopMeGeoLocationProvider.h */,
				47C568E01F1DF2A90048B0CC /* LoopMeGeoLocationProvider.m */,
				47C568E11F1DF2A90048B0CC /* LoopMeGlobalSettings.h */,
				47C568E21F1DF2A90048B0CC /* LoopMeGlobalSettings.m */,
				47C568E31F1DF2A90048B0CC /* LoopMeIdentityProvider.h */,
				47C568E41F1DF2A90048B0CC /* LoopMeIdentityProvider.m */,
				47C568E51F1DF2A90048B0CC /* LoopMeLogging.h */,
				47C568E61F1DF2A90048B0CC /* LoopMeLogging.m */,
			);
			path = Utility;
			sourceTree = "<group>";
		};
		47C568CF1F1DF2A90048B0CC /* Categories */ = {
			isa = PBXGroup;
			children = (
				47C568D01F1DF2A90048B0CC /* NSData+LoopMeAES128.h */,
				47C568D11F1DF2A90048B0CC /* NSData+LoopMeAES128.m */,
				47C568D21F1DF2A90048B0CC /* NSString+Encryption.h */,
				47C568D31F1DF2A90048B0CC /* NSString+Encryption.m */,
				47C568D41F1DF2A90048B0CC /* NSURL+LoopMeAdditions.h */,
				47C568D51F1DF2A90048B0CC /* NSURL+LoopMeAdditions.m */,
				47C568D61F1DF2A90048B0CC /* UIImage+LoopMeBinaryImage.h */,
				47C568D71F1DF2A90048B0CC /* UIImage+LoopMeBinaryImage.m */,
			);
			path = Categories;
			sourceTree = "<group>";
		};
		47C568E71F1DF2A90048B0CC /* ViewControllers */ = {
			isa = PBXGroup;
			children = (
				47C568E81F1DF2A90048B0CC /* 360 */,
				47C568EE1F1DF2A90048B0CC /* Ad */,
				47C568F11F1DF2A90048B0CC /* Browser */,
			);
			path = ViewControllers;
			sourceTree = "<group>";
		};
		47C568E81F1DF2A90048B0CC /* 360 */ = {
			isa = PBXGroup;
			children = (
				47C568E91F1DF2A90048B0CC /* LoopMe360ViewController.h */,
				47C568EA1F1DF2A90048B0CC /* LoopMe360ViewController.m */,
				47C568EB1F1DF2A90048B0CC /* Shaders */,
			);
			path = 360;
			sourceTree = "<group>";
		};
		47C568EB1F1DF2A90048B0CC /* Shaders */ = {
			isa = PBXGroup;
			children = (
				47C568EC1F1DF2A90048B0CC /* LoopMeGLProgram.h */,
				47C568ED1F1DF2A90048B0CC /* LoopMeGLProgram.m */,
			);
			path = Shaders;
			sourceTree = "<group>";
		};
		47C568EE1F1DF2A90048B0CC /* Ad */ = {
			isa = PBXGroup;
			children = (
				47C568EF1F1DF2A90048B0CC /* LoopMeInterstitialViewController.h */,
				47C568F01F1DF2A90048B0CC /* LoopMeInterstitialViewController.m */,
			);
			path = Ad;
			sourceTree = "<group>";
		};
		47C568F11F1DF2A90048B0CC /* Browser */ = {
			isa = PBXGroup;
			children = (
				47C568F21F1DF2A90048B0CC /* LoopMeBrowserViewController.h */,
				47C568F31F1DF2A90048B0CC /* LoopMeBrowserViewController.m */,
			);
			path = Browser;
			sourceTree = "<group>";
		};
		47C568F41F1DF2A90048B0CC /* Views */ = {
			isa = PBXGroup;
			children = (
				47C568F51F1DF2A90048B0CC /* LoopMeBackView.h */,
				47C568F61F1DF2A90048B0CC /* LoopMeBackView.m */,
				47C568F71F1DF2A90048B0CC /* LoopMeCancelView.h */,
				47C568F81F1DF2A90048B0CC /* LoopMeCancelView.m */,
				47C568F91F1DF2A90048B0CC /* LoopMeCloseButton.h */,
				47C568FA1F1DF2A90048B0CC /* LoopMeCloseButton.m */,
				47C568FB1F1DF2A90048B0CC /* ProgressOvelray */,
				47C569001F1DF2A90048B0CC /* WebView */,
			);
			path = Views;
			sourceTree = "<group>";
		};
		47C568FB1F1DF2A90048B0CC /* ProgressOvelray */ = {
			isa = PBXGroup;
			children = (
				47C568FC1F1DF2A90048B0CC /* LoopMeActivityIndicatorView.h */,
				47C568FD1F1DF2A90048B0CC /* LoopMeActivityIndicatorView.m */,
				47C568FE1F1DF2A90048B0CC /* LoopMeProgressOverlayView.h */,
				47C568FF1F1DF2A90048B0CC /* LoopMeProgressOverlayView.m */,
			);
			path = ProgressOvelray;
			sourceTree = "<group>";
		};
		47C569001F1DF2A90048B0CC /* WebView */ = {
			isa = PBXGroup;
			children = (
				47C569011F1DF2A90048B0CC /* LoopMeAdWebView.h */,
				47C569021F1DF2A90048B0CC /* LoopMeAdWebView.m */,
			);
			path = WebView;
			sourceTree = "<group>";
		};
/* End PBXGroup section */

/* Begin PBXNativeTarget section */
		014D6C751B690C3D006F3F62 /* LoopMeMediatonDemo */ = {
			isa = PBXNativeTarget;
			buildConfigurationList = 014D6C991B690C3D006F3F62 /* Build configuration list for PBXNativeTarget "LoopMeMediatonDemo" */;
			buildPhases = (
				69545976791E1EAF02FF6206 /* [CP] Check Pods Manifest.lock */,
				014D6C721B690C3D006F3F62 /* Sources */,
				014D6C731B690C3D006F3F62 /* Frameworks */,
				014D6C741B690C3D006F3F62 /* Resources */,
				EEDC78F93E0B76386016B916 /* [CP] Embed Pods Frameworks */,
				8E6A57D1A0B83D1D379C4170 /* [CP] Copy Pods Resources */,
			);
			buildRules = (
			);
			dependencies = (
			);
			name = LoopMeMediatonDemo;
			productName = LoopMeMediatonDemo;
			productReference = 014D6C761B690C3D006F3F62 /* LoopMeMediatonDemo.app */;
			productType = "com.apple.product-type.application";
		};
		014D6C8E1B690C3D006F3F62 /* LoopMeMediatonDemoTests */ = {
			isa = PBXNativeTarget;
			buildConfigurationList = 014D6C9C1B690C3D006F3F62 /* Build configuration list for PBXNativeTarget "LoopMeMediatonDemoTests" */;
			buildPhases = (
				014D6C8B1B690C3D006F3F62 /* Sources */,
				014D6C8C1B690C3D006F3F62 /* Frameworks */,
				014D6C8D1B690C3D006F3F62 /* Resources */,
			);
			buildRules = (
			);
			dependencies = (
				014D6C911B690C3D006F3F62 /* PBXTargetDependency */,
			);
			name = LoopMeMediatonDemoTests;
			productName = LoopMeMediatonDemoTests;
			productReference = 014D6C8F1B690C3D006F3F62 /* LoopMeMediatonDemoTests.xctest */;
			productType = "com.apple.product-type.bundle.unit-test";
		};
/* End PBXNativeTarget section */

/* Begin PBXProject section */
		014D6C6E1B690C3D006F3F62 /* Project object */ = {
			isa = PBXProject;
			attributes = {
				LastUpgradeCheck = 0640;
				ORGANIZATIONNAME = injectios;
				TargetAttributes = {
					014D6C751B690C3D006F3F62 = {
						CreatedOnToolsVersion = 6.4;
						DevelopmentTeam = Q876VLK88R;
					};
					014D6C8E1B690C3D006F3F62 = {
						CreatedOnToolsVersion = 6.4;
						TestTargetID = 014D6C751B690C3D006F3F62;
					};
				};
			};
			buildConfigurationList = 014D6C711B690C3D006F3F62 /* Build configuration list for PBXProject "LoopMeMediatonDemo" */;
			compatibilityVersion = "Xcode 3.2";
			developmentRegion = English;
			hasScannedForEncodings = 0;
			knownRegions = (
				en,
				Base,
			);
			mainGroup = 014D6C6D1B690C3D006F3F62;
			productRefGroup = 014D6C771B690C3D006F3F62 /* Products */;
			projectDirPath = "";
			projectRoot = "";
			targets = (
				014D6C751B690C3D006F3F62 /* LoopMeMediatonDemo */,
				014D6C8E1B690C3D006F3F62 /* LoopMeMediatonDemoTests */,
			);
		};
/* End PBXProject section */

/* Begin PBXResourcesBuildPhase section */
		014D6C741B690C3D006F3F62 /* Resources */ = {
			isa = PBXResourcesBuildPhase;
			buildActionMask = 2147483647;
			files = (
				47C569081F1DF2A90048B0CC /* Info.plist in Resources */,
				47C569191F1DF2A90048B0CC /* LoopMeResources.bundle in Resources */,
				014D6C851B690C3D006F3F62 /* Main.storyboard in Resources */,
				014D6C8A1B690C3D006F3F62 /* LaunchScreen.xib in Resources */,
				014D6C871B690C3D006F3F62 /* Images.xcassets in Resources */,
			);
			runOnlyForDeploymentPostprocessing = 0;
		};
		014D6C8D1B690C3D006F3F62 /* Resources */ = {
			isa = PBXResourcesBuildPhase;
			buildActionMask = 2147483647;
			files = (
			);
			runOnlyForDeploymentPostprocessing = 0;
		};
/* End PBXResourcesBuildPhase section */

/* Begin PBXShellScriptBuildPhase section */
		69545976791E1EAF02FF6206 /* [CP] Check Pods Manifest.lock */ = {
			isa = PBXShellScriptBuildPhase;
			buildActionMask = 2147483647;
			files = (
			);
			inputPaths = (
			);
			name = "[CP] Check Pods Manifest.lock";
			outputPaths = (
			);
			runOnlyForDeploymentPostprocessing = 0;
			shellPath = /bin/sh;
			shellScript = "diff \"${PODS_PODFILE_DIR_PATH}/Podfile.lock\" \"${PODS_ROOT}/Manifest.lock\" > /dev/null\nif [ $? != 0 ] ; then\n    # print error to STDERR\n    echo \"error: The sandbox is not in sync with the Podfile.lock. Run 'pod install' or update your CocoaPods installation.\" >&2\n    exit 1\nfi\n";
			showEnvVarsInLog = 0;
		};
		8E6A57D1A0B83D1D379C4170 /* [CP] Copy Pods Resources */ = {
			isa = PBXShellScriptBuildPhase;
			buildActionMask = 2147483647;
			files = (
			);
			inputPaths = (
			);
			name = "[CP] Copy Pods Resources";
			outputPaths = (
			);
			runOnlyForDeploymentPostprocessing = 0;
			shellPath = /bin/sh;
			shellScript = "\"${SRCROOT}/Pods/Target Support Files/Pods-LoopMeMediatonDemo/Pods-LoopMeMediatonDemo-resources.sh\"\n";
			showEnvVarsInLog = 0;
		};
		EEDC78F93E0B76386016B916 /* [CP] Embed Pods Frameworks */ = {
			isa = PBXShellScriptBuildPhase;
			buildActionMask = 2147483647;
			files = (
			);
			inputPaths = (
			);
			name = "[CP] Embed Pods Frameworks";
			outputPaths = (
			);
			runOnlyForDeploymentPostprocessing = 0;
			shellPath = /bin/sh;
			shellScript = "\"${SRCROOT}/Pods/Target Support Files/Pods-LoopMeMediatonDemo/Pods-LoopMeMediatonDemo-frameworks.sh\"\n";
			showEnvVarsInLog = 0;
		};
/* End PBXShellScriptBuildPhase section */

/* Begin PBXSourcesBuildPhase section */
		014D6C721B690C3D006F3F62 /* Sources */ = {
			isa = PBXSourcesBuildPhase;
			buildActionMask = 2147483647;
			files = (
				47C5690F1F1DF2A90048B0CC /* LoopMeVideoClient.m in Sources */,
				47C5691E1F1DF2A90048B0CC /* UIImage+LoopMeBinaryImage.m in Sources */,
				47C569261F1DF2A90048B0CC /* LoopMe360ViewController.m in Sources */,
				47C569291F1DF2A90048B0CC /* LoopMeBrowserViewController.m in Sources */,
				47C5692B1F1DF2A90048B0CC /* LoopMeCancelView.m in Sources */,
				47C5690C1F1DF2A90048B0CC /* LoopMeServerURLBuilder.m in Sources */,
				47C569111F1DF2A90048B0CC /* LoopMeDestinationDisplayController.m in Sources */,
				47C569211F1DF2A90048B0CC /* LoopMeErrorEventSender.m in Sources */,
				47C569121F1DF2A90048B0CC /* LoopMeInterstitial.m in Sources */,
				014D6CA21B690E95006F3F62 /* LDContentTableViewCell.m in Sources */,
				47C569181F1DF2A90048B0CC /* LoopMeVideoManager.m in Sources */,
				47C5691B1F1DF2A90048B0CC /* NSData+LoopMeAES128.m in Sources */,
				47C569131F1DF2A90048B0CC /* LoopMeAdConfiguration.m in Sources */,
				47A78E481D76FFF900937065 /* MopubLoopMeNativeEvent.m in Sources */,
				47C569241F1DF2A90048B0CC /* LoopMeIdentityProvider.m in Sources */,
				47C569201F1DF2A90048B0CC /* LoopMeError.m in Sources */,
				47C569091F1DF2A90048B0CC /* LoopMeAdView.m in Sources */,
				47C5692E1F1DF2A90048B0CC /* LoopMeProgressOverlayView.m in Sources */,
				47C569171F1DF2A90048B0CC /* LoopMeURLResolver.m in Sources */,
				47C5691C1F1DF2A90048B0CC /* NSString+Encryption.m in Sources */,
				47C5692C1F1DF2A90048B0CC /* LoopMeCloseButton.m in Sources */,
				47C5692A1F1DF2A90048B0CC /* LoopMeBackView.m in Sources */,
				47C569221F1DF2A90048B0CC /* LoopMeGeoLocationProvider.m in Sources */,
				47C569141F1DF2A90048B0CC /* LoopMeAdManager.m in Sources */,
				47C5690A1F1DF2A90048B0CC /* LoopMeMaximizedViewController.m in Sources */,
				47C5691A1F1DF2A90048B0CC /* LoopMeTargeting.m in Sources */,
				47C5690B1F1DF2A90048B0CC /* LoopMeMinimizedAdView.m in Sources */,
				47C569281F1DF2A90048B0CC /* LoopMeInterstitialViewController.m in Sources */,
				47C5691F1F1DF2A90048B0CC /* LoopMeAnalyticsProvider.m in Sources */,
				47C569231F1DF2A90048B0CC /* LoopMeGlobalSettings.m in Sources */,
				01EDDB901B6B8404003BF9BE /* LDTableViewController.m in Sources */,
				47C5689D1F1DEF020048B0CC /* LDRewardedViewController.m in Sources */,
				47C5690D1F1DF2A90048B0CC /* LoopMeJSClient.m in Sources */,
				472CEB1E1E9FC61E00C0E86E /* LDInterstitialViewController.m in Sources */,
				47C569161F1DF2A90048B0CC /* LoopMeServerCommunicator.m in Sources */,
				47C569271F1DF2A90048B0CC /* LoopMeGLProgram.m in Sources */,
				014D6C7F1B690C3D006F3F62 /* AppDelegate.m in Sources */,
				47A78E471D76FFF900937065 /* MopubLoopMeNativeAd.m in Sources */,
				47C569151F1DF2A90048B0CC /* LoopMeReachability.m in Sources */,
				47C569101F1DF2A90048B0CC /* LoopMeAdDisplayController.m in Sources */,
				47C5690E1F1DF2A90048B0CC /* LoopMeMRAIDClient.m in Sources */,
				01EDDB801B6B7B9D003BF9BE /* LDAdTableViewCell.m in Sources */,
				47C5692D1F1DF2A90048B0CC /* LoopMeActivityIndicatorView.m in Sources */,
				472CEB1B1E9FC60500C0E86E /* MopubLoopMeInterstitialAdapter.m in Sources */,
				47C5691D1F1DF2A90048B0CC /* NSURL+LoopMeAdditions.m in Sources */,
				47C5689A1F1DECE10048B0CC /* MopubLoopMeRewardedVideoAdapter.m in Sources */,
				47C5692F1F1DF2A90048B0CC /* LoopMeAdWebView.m in Sources */,
				47C569251F1DF2A90048B0CC /* LoopMeLogging.m in Sources */,
				014D6C7C1B690C3D006F3F62 /* main.m in Sources */,
				01EDDB8A1B6B82B8003BF9BE /* LDAdRequestViewController.m in Sources */,
			);
			runOnlyForDeploymentPostprocessing = 0;
		};
		014D6C8B1B690C3D006F3F62 /* Sources */ = {
			isa = PBXSourcesBuildPhase;
			buildActionMask = 2147483647;
			files = (
				014D6C961B690C3D006F3F62 /* LoopMeMediatonDemoTests.m in Sources */,
			);
			runOnlyForDeploymentPostprocessing = 0;
		};
/* End PBXSourcesBuildPhase section */

/* Begin PBXTargetDependency section */
		014D6C911B690C3D006F3F62 /* PBXTargetDependency */ = {
			isa = PBXTargetDependency;
			target = 014D6C751B690C3D006F3F62 /* LoopMeMediatonDemo */;
			targetProxy = 014D6C901B690C3D006F3F62 /* PBXContainerItemProxy */;
		};
/* End PBXTargetDependency section */

/* Begin PBXVariantGroup section */
		014D6C831B690C3D006F3F62 /* Main.storyboard */ = {
			isa = PBXVariantGroup;
			children = (
				014D6C841B690C3D006F3F62 /* Base */,
			);
			name = Main.storyboard;
			sourceTree = "<group>";
		};
		014D6C881B690C3D006F3F62 /* LaunchScreen.xib */ = {
			isa = PBXVariantGroup;
			children = (
				014D6C891B690C3D006F3F62 /* Base */,
			);
			name = LaunchScreen.xib;
			sourceTree = "<group>";
		};
/* End PBXVariantGroup section */

/* Begin XCBuildConfiguration section */
		014D6C971B690C3D006F3F62 /* Debug */ = {
			isa = XCBuildConfiguration;
			buildSettings = {
				ALWAYS_SEARCH_USER_PATHS = NO;
				CLANG_CXX_LANGUAGE_STANDARD = "gnu++0x";
				CLANG_CXX_LIBRARY = "libc++";
				CLANG_ENABLE_MODULES = YES;
				CLANG_ENABLE_OBJC_ARC = YES;
				CLANG_WARN_BOOL_CONVERSION = YES;
				CLANG_WARN_CONSTANT_CONVERSION = YES;
				CLANG_WARN_DIRECT_OBJC_ISA_USAGE = YES_ERROR;
				CLANG_WARN_EMPTY_BODY = YES;
				CLANG_WARN_ENUM_CONVERSION = YES;
				CLANG_WARN_INT_CONVERSION = YES;
				CLANG_WARN_OBJC_ROOT_CLASS = YES_ERROR;
				CLANG_WARN_UNREACHABLE_CODE = YES;
				CLANG_WARN__DUPLICATE_METHOD_MATCH = YES;
				"CODE_SIGN_IDENTITY[sdk=iphoneos*]" = "iPhone Developer";
				COPY_PHASE_STRIP = NO;
				DEBUG_INFORMATION_FORMAT = "dwarf-with-dsym";
				ENABLE_STRICT_OBJC_MSGSEND = YES;
				GCC_C_LANGUAGE_STANDARD = gnu99;
				GCC_DYNAMIC_NO_PIC = NO;
				GCC_NO_COMMON_BLOCKS = YES;
				GCC_OPTIMIZATION_LEVEL = 0;
				GCC_PREPROCESSOR_DEFINITIONS = (
					"DEBUG=1",
					"$(inherited)",
				);
				GCC_SYMBOLS_PRIVATE_EXTERN = NO;
				GCC_WARN_64_TO_32_BIT_CONVERSION = YES;
				GCC_WARN_ABOUT_RETURN_TYPE = YES_ERROR;
				GCC_WARN_UNDECLARED_SELECTOR = YES;
				GCC_WARN_UNINITIALIZED_AUTOS = YES_AGGRESSIVE;
				GCC_WARN_UNUSED_FUNCTION = YES;
				GCC_WARN_UNUSED_VARIABLE = YES;
				IPHONEOS_DEPLOYMENT_TARGET = 8.4;
				MTL_ENABLE_DEBUG_INFO = YES;
				ONLY_ACTIVE_ARCH = YES;
				SDKROOT = iphoneos;
			};
			name = Debug;
		};
		014D6C981B690C3D006F3F62 /* Release */ = {
			isa = XCBuildConfiguration;
			buildSettings = {
				ALWAYS_SEARCH_USER_PATHS = NO;
				CLANG_CXX_LANGUAGE_STANDARD = "gnu++0x";
				CLANG_CXX_LIBRARY = "libc++";
				CLANG_ENABLE_MODULES = YES;
				CLANG_ENABLE_OBJC_ARC = YES;
				CLANG_WARN_BOOL_CONVERSION = YES;
				CLANG_WARN_CONSTANT_CONVERSION = YES;
				CLANG_WARN_DIRECT_OBJC_ISA_USAGE = YES_ERROR;
				CLANG_WARN_EMPTY_BODY = YES;
				CLANG_WARN_ENUM_CONVERSION = YES;
				CLANG_WARN_INT_CONVERSION = YES;
				CLANG_WARN_OBJC_ROOT_CLASS = YES_ERROR;
				CLANG_WARN_UNREACHABLE_CODE = YES;
				CLANG_WARN__DUPLICATE_METHOD_MATCH = YES;
				"CODE_SIGN_IDENTITY[sdk=iphoneos*]" = "iPhone Developer";
				COPY_PHASE_STRIP = NO;
				DEBUG_INFORMATION_FORMAT = "dwarf-with-dsym";
				ENABLE_NS_ASSERTIONS = NO;
				ENABLE_STRICT_OBJC_MSGSEND = YES;
				GCC_C_LANGUAGE_STANDARD = gnu99;
				GCC_NO_COMMON_BLOCKS = YES;
				GCC_WARN_64_TO_32_BIT_CONVERSION = YES;
				GCC_WARN_ABOUT_RETURN_TYPE = YES_ERROR;
				GCC_WARN_UNDECLARED_SELECTOR = YES;
				GCC_WARN_UNINITIALIZED_AUTOS = YES_AGGRESSIVE;
				GCC_WARN_UNUSED_FUNCTION = YES;
				GCC_WARN_UNUSED_VARIABLE = YES;
				IPHONEOS_DEPLOYMENT_TARGET = 8.4;
				MTL_ENABLE_DEBUG_INFO = NO;
				SDKROOT = iphoneos;
				VALIDATE_PRODUCT = YES;
			};
			name = Release;
		};
		014D6C9A1B690C3D006F3F62 /* Debug */ = {
			isa = XCBuildConfiguration;
			baseConfigurationReference = 61A8E52A2DF5DB92180A3DFD /* Pods-LoopMeMediatonDemo.debug.xcconfig */;
			buildSettings = {
				ASSETCATALOG_COMPILER_APPICON_NAME = AppIcon;
				DEVELOPMENT_TEAM = Q876VLK88R;
				FRAMEWORK_SEARCH_PATHS = "$(PROJECT_DIR)/../../../LoopMeSDK";
				HEADER_SEARCH_PATHS = (
					"$(inherited)",
					/Applications/Xcode.app/Contents/Developer/Toolchains/XcodeDefault.xctoolchain/usr/include,
					../../LoopMeSDK,
				);
				INFOPLIST_FILE = LoopMeMediatonDemo/Info.plist;
				LD_RUNPATH_SEARCH_PATHS = "$(inherited) @executable_path/Frameworks";
				PRODUCT_NAME = "$(TARGET_NAME)";
			};
			name = Debug;
		};
		014D6C9B1B690C3D006F3F62 /* Release */ = {
			isa = XCBuildConfiguration;
			baseConfigurationReference = 92B881A40A25E4ACFF4AF5B2 /* Pods-LoopMeMediatonDemo.release.xcconfig */;
			buildSettings = {
				ASSETCATALOG_COMPILER_APPICON_NAME = AppIcon;
				DEVELOPMENT_TEAM = Q876VLK88R;
				FRAMEWORK_SEARCH_PATHS = "$(PROJECT_DIR)/../../../LoopMeSDK";
				HEADER_SEARCH_PATHS = (
					"$(inherited)",
					/Applications/Xcode.app/Contents/Developer/Toolchains/XcodeDefault.xctoolchain/usr/include,
					../../LoopMeSDK,
				);
				INFOPLIST_FILE = LoopMeMediatonDemo/Info.plist;
				LD_RUNPATH_SEARCH_PATHS = "$(inherited) @executable_path/Frameworks";
				PRODUCT_NAME = "$(TARGET_NAME)";
			};
			name = Release;
		};
		014D6C9D1B690C3D006F3F62 /* Debug */ = {
			isa = XCBuildConfiguration;
			buildSettings = {
				BUNDLE_LOADER = "$(TEST_HOST)";
				FRAMEWORK_SEARCH_PATHS = (
					"$(SDKROOT)/Developer/Library/Frameworks",
					"$(inherited)",
				);
				GCC_PREPROCESSOR_DEFINITIONS = (
					"DEBUG=1",
					"$(inherited)",
				);
				INFOPLIST_FILE = LoopMeMediatonDemoTests/Info.plist;
				LD_RUNPATH_SEARCH_PATHS = "$(inherited) @executable_path/Frameworks @loader_path/Frameworks";
				PRODUCT_NAME = "$(TARGET_NAME)";
				TEST_HOST = "$(BUILT_PRODUCTS_DIR)/LoopMeMediatonDemo.app/LoopMeMediatonDemo";
			};
			name = Debug;
		};
		014D6C9E1B690C3D006F3F62 /* Release */ = {
			isa = XCBuildConfiguration;
			buildSettings = {
				BUNDLE_LOADER = "$(TEST_HOST)";
				FRAMEWORK_SEARCH_PATHS = (
					"$(SDKROOT)/Developer/Library/Frameworks",
					"$(inherited)",
				);
				INFOPLIST_FILE = LoopMeMediatonDemoTests/Info.plist;
				LD_RUNPATH_SEARCH_PATHS = "$(inherited) @executable_path/Frameworks @loader_path/Frameworks";
				PRODUCT_NAME = "$(TARGET_NAME)";
				TEST_HOST = "$(BUILT_PRODUCTS_DIR)/LoopMeMediatonDemo.app/LoopMeMediatonDemo";
			};
			name = Release;
		};
/* End XCBuildConfiguration section */

/* Begin XCConfigurationList section */
		014D6C711B690C3D006F3F62 /* Build configuration list for PBXProject "LoopMeMediatonDemo" */ = {
			isa = XCConfigurationList;
			buildConfigurations = (
				014D6C971B690C3D006F3F62 /* Debug */,
				014D6C981B690C3D006F3F62 /* Release */,
			);
			defaultConfigurationIsVisible = 0;
			defaultConfigurationName = Release;
		};
		014D6C991B690C3D006F3F62 /* Build configuration list for PBXNativeTarget "LoopMeMediatonDemo" */ = {
			isa = XCConfigurationList;
			buildConfigurations = (
				014D6C9A1B690C3D006F3F62 /* Debug */,
				014D6C9B1B690C3D006F3F62 /* Release */,
			);
			defaultConfigurationIsVisible = 0;
			defaultConfigurationName = Release;
		};
		014D6C9C1B690C3D006F3F62 /* Build configuration list for PBXNativeTarget "LoopMeMediatonDemoTests" */ = {
			isa = XCConfigurationList;
			buildConfigurations = (
				014D6C9D1B690C3D006F3F62 /* Debug */,
				014D6C9E1B690C3D006F3F62 /* Release */,
			);
			defaultConfigurationIsVisible = 0;
			defaultConfigurationName = Release;
		};
/* End XCConfigurationList section */
	};
	rootObject = 014D6C6E1B690C3D006F3F62 /* Project object */;
}
