// !$*UTF8*$!
{
	archiveVersion = 1;
	classes = {
	};
	objectVersion = 46;
	objects = {

/* Begin PBXBuildFile section */
		014D6C7C1B690C3D006F3F62 /* main.m in Sources */ = {isa = PBXBuildFile; fileRef = 014D6C7B1B690C3D006F3F62 /* main.m */; };
		014D6C7F1B690C3D006F3F62 /* AppDelegate.m in Sources */ = {isa = PBXBuildFile; fileRef = 014D6C7E1B690C3D006F3F62 /* AppDelegate.m */; };
		014D6C851B690C3D006F3F62 /* Main.storyboard in Resources */ = {isa = PBXBuildFile; fileRef = 014D6C831B690C3D006F3F62 /* Main.storyboard */; };
		014D6C871B690C3D006F3F62 /* Images.xcassets in Resources */ = {isa = PBXBuildFile; fileRef = 014D6C861B690C3D006F3F62 /* Images.xcassets */; };
		014D6C8A1B690C3D006F3F62 /* LaunchScreen.xib in Resources */ = {isa = PBXBuildFile; fileRef = 014D6C881B690C3D006F3F62 /* LaunchScreen.xib */; };
		014D6C961B690C3D006F3F62 /* LoopMeMediatonDemoTests.m in Sources */ = {isa = PBXBuildFile; fileRef = 014D6C951B690C3D006F3F62 /* LoopMeMediatonDemoTests.m */; };
		014D6CA21B690E95006F3F62 /* LDContentTableViewCell.m in Sources */ = {isa = PBXBuildFile; fileRef = 014D6CA11B690E95006F3F62 /* LDContentTableViewCell.m */; };
		01EDDB801B6B7B9D003BF9BE /* LDAdTableViewCell.m in Sources */ = {isa = PBXBuildFile; fileRef = 01EDDB7F1B6B7B9D003BF9BE /* LDAdTableViewCell.m */; };
		01EDDB8A1B6B82B8003BF9BE /* LDAdRequestViewController.m in Sources */ = {isa = PBXBuildFile; fileRef = 01EDDB891B6B82B8003BF9BE /* LDAdRequestViewController.m */; };
		01EDDB901B6B8404003BF9BE /* LDTableViewController.m in Sources */ = {isa = PBXBuildFile; fileRef = 01EDDB8F1B6B8404003BF9BE /* LDTableViewController.m */; };
		30685CBD8EEE5CD6466B0711 /* libPods-LoopMeMediatonDemo.a in Frameworks */ = {isa = PBXBuildFile; fileRef = 49BD68499F74140E135F796A /* libPods-LoopMeMediatonDemo.a */; };
		472CEB1B1E9FC60500C0E86E /* MopubLoopMeInterstitialAdapter.m in Sources */ = {isa = PBXBuildFile; fileRef = 472CEB1A1E9FC60500C0E86E /* MopubLoopMeInterstitialAdapter.m */; };
		472CEB1E1E9FC61E00C0E86E /* LDInterstitialViewController.m in Sources */ = {isa = PBXBuildFile; fileRef = 472CEB1D1E9FC61E00C0E86E /* LDInterstitialViewController.m */; };
		47A78E471D76FFF900937065 /* MopubLoopMeNativeAd.m in Sources */ = {isa = PBXBuildFile; fileRef = 47A78E441D76FFF900937065 /* MopubLoopMeNativeAd.m */; };
		47A78E481D76FFF900937065 /* MopubLoopMeNativeEvent.m in Sources */ = {isa = PBXBuildFile; fileRef = 47A78E461D76FFF900937065 /* MopubLoopMeNativeEvent.m */; };
		47C714221E9CD92400C54F8F /* LoopMeAdView.m in Sources */ = {isa = PBXBuildFile; fileRef = 47C713BE1E9CD92400C54F8F /* LoopMeAdView.m */; };
		47C714231E9CD92400C54F8F /* LoopMeMaximizedViewController.m in Sources */ = {isa = PBXBuildFile; fileRef = 47C713C11E9CD92400C54F8F /* LoopMeMaximizedViewController.m */; };
		47C714241E9CD92400C54F8F /* LoopMeMinimizedAdView.m in Sources */ = {isa = PBXBuildFile; fileRef = 47C713C41E9CD92400C54F8F /* LoopMeMinimizedAdView.m */; };
		47C714251E9CD92400C54F8F /* LoopMeServerURLBuilder.m in Sources */ = {isa = PBXBuildFile; fileRef = 47C713C71E9CD92400C54F8F /* LoopMeServerURLBuilder.m */; };
		47C714261E9CD92400C54F8F /* LoopMeJSClient.m in Sources */ = {isa = PBXBuildFile; fileRef = 47C713CA1E9CD92400C54F8F /* LoopMeJSClient.m */; };
		47C714271E9CD92400C54F8F /* LoopMeMRAIDClient.m in Sources */ = {isa = PBXBuildFile; fileRef = 47C713CC1E9CD92400C54F8F /* LoopMeMRAIDClient.m */; };
		47C714281E9CD92400C54F8F /* LoopMeVideoClient.m in Sources */ = {isa = PBXBuildFile; fileRef = 47C713CE1E9CD92400C54F8F /* LoopMeVideoClient.m */; };
		47C714291E9CD92400C54F8F /* LoopMeAdDisplayController.m in Sources */ = {isa = PBXBuildFile; fileRef = 47C713D41E9CD92400C54F8F /* LoopMeAdDisplayController.m */; };
		47C7142A1E9CD92400C54F8F /* LoopMeDestinationDisplayController.m in Sources */ = {isa = PBXBuildFile; fileRef = 47C713D61E9CD92400C54F8F /* LoopMeDestinationDisplayController.m */; };
		47C7142B1E9CD92400C54F8F /* LoopMeInterstitial.m in Sources */ = {isa = PBXBuildFile; fileRef = 47C713D81E9CD92400C54F8F /* LoopMeInterstitial.m */; };
		47C7142C1E9CD92400C54F8F /* LoopMeAdConfiguration.m in Sources */ = {isa = PBXBuildFile; fileRef = 47C713DB1E9CD92400C54F8F /* LoopMeAdConfiguration.m */; };
		47C7142D1E9CD92400C54F8F /* LoopMeAdManager.m in Sources */ = {isa = PBXBuildFile; fileRef = 47C713DD1E9CD92400C54F8F /* LoopMeAdManager.m */; };
		47C7142E1E9CD92400C54F8F /* LoopMeReachability.m in Sources */ = {isa = PBXBuildFile; fileRef = 47C713DF1E9CD92400C54F8F /* LoopMeReachability.m */; };
		47C7142F1E9CD92400C54F8F /* LoopMeServerCommunicator.m in Sources */ = {isa = PBXBuildFile; fileRef = 47C713E11E9CD92400C54F8F /* LoopMeServerCommunicator.m */; };
		47C714301E9CD92400C54F8F /* LoopMeURLResolver.m in Sources */ = {isa = PBXBuildFile; fileRef = 47C713E31E9CD92400C54F8F /* LoopMeURLResolver.m */; };
		47C714311E9CD92400C54F8F /* LoopMeVideoManager.m in Sources */ = {isa = PBXBuildFile; fileRef = 47C713E51E9CD92400C54F8F /* LoopMeVideoManager.m */; };
		47C714321E9CD92400C54F8F /* Resources.bundle in Resources */ = {isa = PBXBuildFile; fileRef = 47C713E71E9CD92400C54F8F /* Resources.bundle */; };
		47C714331E9CD92400C54F8F /* LoopMeTargeting.m in Sources */ = {isa = PBXBuildFile; fileRef = 47C713E91E9CD92400C54F8F /* LoopMeTargeting.m */; };
		47C714341E9CD92400C54F8F /* NSData+LoopMeAES128.m in Sources */ = {isa = PBXBuildFile; fileRef = 47C713ED1E9CD92400C54F8F /* NSData+LoopMeAES128.m */; };
		47C714351E9CD92400C54F8F /* NSString+Encryption.m in Sources */ = {isa = PBXBuildFile; fileRef = 47C713EF1E9CD92400C54F8F /* NSString+Encryption.m */; };
		47C714361E9CD92400C54F8F /* NSURL+LoopMeAdditions.m in Sources */ = {isa = PBXBuildFile; fileRef = 47C713F11E9CD92400C54F8F /* NSURL+LoopMeAdditions.m */; };
		47C714371E9CD92400C54F8F /* UIImage+LoopMeBinaryImage.m in Sources */ = {isa = PBXBuildFile; fileRef = 47C713F31E9CD92400C54F8F /* UIImage+LoopMeBinaryImage.m */; };
		47C714381E9CD92400C54F8F /* LoopMeAnalyticsProvider.m in Sources */ = {isa = PBXBuildFile; fileRef = 47C713F51E9CD92400C54F8F /* LoopMeAnalyticsProvider.m */; };
		47C714391E9CD92400C54F8F /* LoopMeError.m in Sources */ = {isa = PBXBuildFile; fileRef = 47C713F81E9CD92400C54F8F /* LoopMeError.m */; };
		47C7143A1E9CD92400C54F8F /* LoopMeErrorEventSender.m in Sources */ = {isa = PBXBuildFile; fileRef = 47C713FA1E9CD92400C54F8F /* LoopMeErrorEventSender.m */; };
		47C7143B1E9CD92400C54F8F /* LoopMeGeoLocationProvider.m in Sources */ = {isa = PBXBuildFile; fileRef = 47C713FC1E9CD92400C54F8F /* LoopMeGeoLocationProvider.m */; };
		47C7143C1E9CD92400C54F8F /* LoopMeGlobalSettings.m in Sources */ = {isa = PBXBuildFile; fileRef = 47C713FE1E9CD92400C54F8F /* LoopMeGlobalSettings.m */; };
		47C7143D1E9CD92400C54F8F /* LoopMeIdentityProvider.m in Sources */ = {isa = PBXBuildFile; fileRef = 47C714001E9CD92400C54F8F /* LoopMeIdentityProvider.m */; };
		47C7143E1E9CD92400C54F8F /* LoopMeLogging.m in Sources */ = {isa = PBXBuildFile; fileRef = 47C714021E9CD92400C54F8F /* LoopMeLogging.m */; };
		47C7143F1E9CD92400C54F8F /* LoopMe360ViewController.m in Sources */ = {isa = PBXBuildFile; fileRef = 47C714061E9CD92400C54F8F /* LoopMe360ViewController.m */; };
		47C714401E9CD92400C54F8F /* LoopMeGLProgram.m in Sources */ = {isa = PBXBuildFile; fileRef = 47C714091E9CD92400C54F8F /* LoopMeGLProgram.m */; };
		47C714411E9CD92400C54F8F /* LoopMeInterstitialViewController.m in Sources */ = {isa = PBXBuildFile; fileRef = 47C7140C1E9CD92400C54F8F /* LoopMeInterstitialViewController.m */; };
		47C714421E9CD92400C54F8F /* LoopMeBrowserViewController.m in Sources */ = {isa = PBXBuildFile; fileRef = 47C7140F1E9CD92400C54F8F /* LoopMeBrowserViewController.m */; };
		47C714431E9CD92400C54F8F /* LoopMeBackView.m in Sources */ = {isa = PBXBuildFile; fileRef = 47C714121E9CD92400C54F8F /* LoopMeBackView.m */; };
		47C714441E9CD92400C54F8F /* LoopMeCancelView.m in Sources */ = {isa = PBXBuildFile; fileRef = 47C714141E9CD92400C54F8F /* LoopMeCancelView.m */; };
		47C714451E9CD92400C54F8F /* LoopMeCloseButton.m in Sources */ = {isa = PBXBuildFile; fileRef = 47C714161E9CD92400C54F8F /* LoopMeCloseButton.m */; };
		47C714461E9CD92400C54F8F /* LoopMeActivityIndicatorView.m in Sources */ = {isa = PBXBuildFile; fileRef = 47C714191E9CD92400C54F8F /* LoopMeActivityIndicatorView.m */; };
		47C714471E9CD92400C54F8F /* LoopMeProgressOverlayView.m in Sources */ = {isa = PBXBuildFile; fileRef = 47C7141B1E9CD92400C54F8F /* LoopMeProgressOverlayView.m */; };
		47C714481E9CD92400C54F8F /* LoopMeAdWebView.m in Sources */ = {isa = PBXBuildFile; fileRef = 47C7141E1E9CD92400C54F8F /* LoopMeAdWebView.m */; };
/* End PBXBuildFile section */

/* Begin PBXContainerItemProxy section */
		014D6C901B690C3D006F3F62 /* PBXContainerItemProxy */ = {
			isa = PBXContainerItemProxy;
			containerPortal = 014D6C6E1B690C3D006F3F62 /* Project object */;
			proxyType = 1;
			remoteGlobalIDString = 014D6C751B690C3D006F3F62;
			remoteInfo = LoopMeMediatonDemo;
		};
/* End PBXContainerItemProxy section */

/* Begin PBXFileReference section */
		014D6C761B690C3D006F3F62 /* LoopMeMediatonDemo.app */ = {isa = PBXFileReference; explicitFileType = wrapper.application; includeInIndex = 0; path = LoopMeMediatonDemo.app; sourceTree = BUILT_PRODUCTS_DIR; };
		014D6C7A1B690C3D006F3F62 /* Info.plist */ = {isa = PBXFileReference; lastKnownFileType = text.plist.xml; path = Info.plist; sourceTree = "<group>"; };
		014D6C7B1B690C3D006F3F62 /* main.m */ = {isa = PBXFileReference; lastKnownFileType = sourcecode.c.objc; path = main.m; sourceTree = "<group>"; };
		014D6C7D1B690C3D006F3F62 /* AppDelegate.h */ = {isa = PBXFileReference; lastKnownFileType = sourcecode.c.h; path = AppDelegate.h; sourceTree = "<group>"; };
		014D6C7E1B690C3D006F3F62 /* AppDelegate.m */ = {isa = PBXFileReference; lastKnownFileType = sourcecode.c.objc; path = AppDelegate.m; sourceTree = "<group>"; };
		014D6C841B690C3D006F3F62 /* Base */ = {isa = PBXFileReference; lastKnownFileType = file.storyboard; name = Base; path = Base.lproj/Main.storyboard; sourceTree = "<group>"; };
		014D6C861B690C3D006F3F62 /* Images.xcassets */ = {isa = PBXFileReference; lastKnownFileType = folder.assetcatalog; path = Images.xcassets; sourceTree = "<group>"; };
		014D6C891B690C3D006F3F62 /* Base */ = {isa = PBXFileReference; lastKnownFileType = file.xib; name = Base; path = Base.lproj/LaunchScreen.xib; sourceTree = "<group>"; };
		014D6C8F1B690C3D006F3F62 /* LoopMeMediatonDemoTests.xctest */ = {isa = PBXFileReference; explicitFileType = wrapper.cfbundle; includeInIndex = 0; path = LoopMeMediatonDemoTests.xctest; sourceTree = BUILT_PRODUCTS_DIR; };
		014D6C941B690C3D006F3F62 /* Info.plist */ = {isa = PBXFileReference; lastKnownFileType = text.plist.xml; path = Info.plist; sourceTree = "<group>"; };
		014D6C951B690C3D006F3F62 /* LoopMeMediatonDemoTests.m */ = {isa = PBXFileReference; lastKnownFileType = sourcecode.c.objc; path = LoopMeMediatonDemoTests.m; sourceTree = "<group>"; };
		014D6CA01B690E95006F3F62 /* LDContentTableViewCell.h */ = {isa = PBXFileReference; fileEncoding = 4; lastKnownFileType = sourcecode.c.h; path = LDContentTableViewCell.h; sourceTree = "<group>"; };
		014D6CA11B690E95006F3F62 /* LDContentTableViewCell.m */ = {isa = PBXFileReference; fileEncoding = 4; lastKnownFileType = sourcecode.c.objc; path = LDContentTableViewCell.m; sourceTree = "<group>"; };
		01EDDB7E1B6B7B9D003BF9BE /* LDAdTableViewCell.h */ = {isa = PBXFileReference; fileEncoding = 4; lastKnownFileType = sourcecode.c.h; path = LDAdTableViewCell.h; sourceTree = "<group>"; };
		01EDDB7F1B6B7B9D003BF9BE /* LDAdTableViewCell.m */ = {isa = PBXFileReference; fileEncoding = 4; lastKnownFileType = sourcecode.c.objc; path = LDAdTableViewCell.m; sourceTree = "<group>"; };
		01EDDB881B6B82B8003BF9BE /* LDAdRequestViewController.h */ = {isa = PBXFileReference; fileEncoding = 4; lastKnownFileType = sourcecode.c.h; path = LDAdRequestViewController.h; sourceTree = "<group>"; };
		01EDDB891B6B82B8003BF9BE /* LDAdRequestViewController.m */ = {isa = PBXFileReference; fileEncoding = 4; lastKnownFileType = sourcecode.c.objc; path = LDAdRequestViewController.m; sourceTree = "<group>"; };
		01EDDB8E1B6B8404003BF9BE /* LDTableViewController.h */ = {isa = PBXFileReference; fileEncoding = 4; lastKnownFileType = sourcecode.c.h; path = LDTableViewController.h; sourceTree = "<group>"; };
		01EDDB8F1B6B8404003BF9BE /* LDTableViewController.m */ = {isa = PBXFileReference; fileEncoding = 4; lastKnownFileType = sourcecode.c.objc; path = LDTableViewController.m; sourceTree = "<group>"; };
		472CEB191E9FC60500C0E86E /* MopubLoopMeInterstitialAdapter.h */ = {isa = PBXFileReference; fileEncoding = 4; lastKnownFileType = sourcecode.c.h; name = MopubLoopMeInterstitialAdapter.h; path = ../../MopubLoopMeInterstitialAdapter.h; sourceTree = "<group>"; };
		472CEB1A1E9FC60500C0E86E /* MopubLoopMeInterstitialAdapter.m */ = {isa = PBXFileReference; fileEncoding = 4; lastKnownFileType = sourcecode.c.objc; name = MopubLoopMeInterstitialAdapter.m; path = ../../MopubLoopMeInterstitialAdapter.m; sourceTree = "<group>"; };
		472CEB1C1E9FC61E00C0E86E /* LDInterstitialViewController.h */ = {isa = PBXFileReference; fileEncoding = 4; lastKnownFileType = sourcecode.c.h; path = LDInterstitialViewController.h; sourceTree = "<group>"; };
		472CEB1D1E9FC61E00C0E86E /* LDInterstitialViewController.m */ = {isa = PBXFileReference; fileEncoding = 4; lastKnownFileType = sourcecode.c.objc; path = LDInterstitialViewController.m; sourceTree = "<group>"; };
		47A78E431D76FFF900937065 /* MopubLoopMeNativeAd.h */ = {isa = PBXFileReference; fileEncoding = 4; lastKnownFileType = sourcecode.c.h; name = MopubLoopMeNativeAd.h; path = ../../MopubLoopMeNativeAd.h; sourceTree = "<group>"; };
		47A78E441D76FFF900937065 /* MopubLoopMeNativeAd.m */ = {isa = PBXFileReference; fileEncoding = 4; lastKnownFileType = sourcecode.c.objc; name = MopubLoopMeNativeAd.m; path = ../../MopubLoopMeNativeAd.m; sourceTree = "<group>"; };
		47A78E451D76FFF900937065 /* MopubLoopMeNativeEvent.h */ = {isa = PBXFileReference; fileEncoding = 4; lastKnownFileType = sourcecode.c.h; name = MopubLoopMeNativeEvent.h; path = ../../MopubLoopMeNativeEvent.h; sourceTree = "<group>"; };
		47A78E461D76FFF900937065 /* MopubLoopMeNativeEvent.m */ = {isa = PBXFileReference; fileEncoding = 4; lastKnownFileType = sourcecode.c.objc; name = MopubLoopMeNativeEvent.m; path = ../../MopubLoopMeNativeEvent.m; sourceTree = "<group>"; };
		47C713BE1E9CD92400C54F8F /* LoopMeAdView.m */ = {isa = PBXFileReference; fileEncoding = 4; lastKnownFileType = sourcecode.c.objc; path = LoopMeAdView.m; sourceTree = "<group>"; };
		47C713C01E9CD92400C54F8F /* LoopMeMaximizedViewController.h */ = {isa = PBXFileReference; fileEncoding = 4; lastKnownFileType = sourcecode.c.h; path = LoopMeMaximizedViewController.h; sourceTree = "<group>"; };
		47C713C11E9CD92400C54F8F /* LoopMeMaximizedViewController.m */ = {isa = PBXFileReference; fileEncoding = 4; lastKnownFileType = sourcecode.c.objc; path = LoopMeMaximizedViewController.m; sourceTree = "<group>"; };
		47C713C31E9CD92400C54F8F /* LoopMeMinimizedAdView.h */ = {isa = PBXFileReference; fileEncoding = 4; lastKnownFileType = sourcecode.c.h; path = LoopMeMinimizedAdView.h; sourceTree = "<group>"; };
		47C713C41E9CD92400C54F8F /* LoopMeMinimizedAdView.m */ = {isa = PBXFileReference; fileEncoding = 4; lastKnownFileType = sourcecode.c.objc; path = LoopMeMinimizedAdView.m; sourceTree = "<group>"; };
		47C713C61E9CD92400C54F8F /* LoopMeServerURLBuilder.h */ = {isa = PBXFileReference; fileEncoding = 4; lastKnownFileType = sourcecode.c.h; path = LoopMeServerURLBuilder.h; sourceTree = "<group>"; };
		47C713C71E9CD92400C54F8F /* LoopMeServerURLBuilder.m */ = {isa = PBXFileReference; fileEncoding = 4; lastKnownFileType = sourcecode.c.objc; path = LoopMeServerURLBuilder.m; sourceTree = "<group>"; };
		47C713C91E9CD92400C54F8F /* LoopMeJSClient.h */ = {isa = PBXFileReference; fileEncoding = 4; lastKnownFileType = sourcecode.c.h; path = LoopMeJSClient.h; sourceTree = "<group>"; };
		47C713CA1E9CD92400C54F8F /* LoopMeJSClient.m */ = {isa = PBXFileReference; fileEncoding = 4; lastKnownFileType = sourcecode.c.objc; path = LoopMeJSClient.m; sourceTree = "<group>"; };
		47C713CB1E9CD92400C54F8F /* LoopMeMRAIDClient.h */ = {isa = PBXFileReference; fileEncoding = 4; lastKnownFileType = sourcecode.c.h; path = LoopMeMRAIDClient.h; sourceTree = "<group>"; };
		47C713CC1E9CD92400C54F8F /* LoopMeMRAIDClient.m */ = {isa = PBXFileReference; fileEncoding = 4; lastKnownFileType = sourcecode.c.objc; path = LoopMeMRAIDClient.m; sourceTree = "<group>"; };
		47C713CD1E9CD92400C54F8F /* LoopMeVideoClient.h */ = {isa = PBXFileReference; fileEncoding = 4; lastKnownFileType = sourcecode.c.h; path = LoopMeVideoClient.h; sourceTree = "<group>"; };
		47C713CE1E9CD92400C54F8F /* LoopMeVideoClient.m */ = {isa = PBXFileReference; fileEncoding = 4; lastKnownFileType = sourcecode.c.objc; path = LoopMeVideoClient.m; sourceTree = "<group>"; };
		47C713D01E9CD92400C54F8F /* LoopMeJSCommunicatorProtocol.h */ = {isa = PBXFileReference; fileEncoding = 4; lastKnownFileType = sourcecode.c.h; path = LoopMeJSCommunicatorProtocol.h; sourceTree = "<group>"; };
		47C713D11E9CD92400C54F8F /* LoopMeVideoCommunicatorProtocol.h */ = {isa = PBXFileReference; fileEncoding = 4; lastKnownFileType = sourcecode.c.h; path = LoopMeVideoCommunicatorProtocol.h; sourceTree = "<group>"; };
		47C713D31E9CD92400C54F8F /* LoopMeAdDisplayController.h */ = {isa = PBXFileReference; fileEncoding = 4; lastKnownFileType = sourcecode.c.h; path = LoopMeAdDisplayController.h; sourceTree = "<group>"; };
		47C713D41E9CD92400C54F8F /* LoopMeAdDisplayController.m */ = {isa = PBXFileReference; fileEncoding = 4; lastKnownFileType = sourcecode.c.objc; path = LoopMeAdDisplayController.m; sourceTree = "<group>"; };
		47C713D51E9CD92400C54F8F /* LoopMeDestinationDisplayController.h */ = {isa = PBXFileReference; fileEncoding = 4; lastKnownFileType = sourcecode.c.h; path = LoopMeDestinationDisplayController.h; sourceTree = "<group>"; };
		47C713D61E9CD92400C54F8F /* LoopMeDestinationDisplayController.m */ = {isa = PBXFileReference; fileEncoding = 4; lastKnownFileType = sourcecode.c.objc; path = LoopMeDestinationDisplayController.m; sourceTree = "<group>"; };
		47C713D81E9CD92400C54F8F /* LoopMeInterstitial.m */ = {isa = PBXFileReference; fileEncoding = 4; lastKnownFileType = sourcecode.c.objc; path = LoopMeInterstitial.m; sourceTree = "<group>"; };
		47C713DA1E9CD92400C54F8F /* LoopMeAdConfiguration.h */ = {isa = PBXFileReference; fileEncoding = 4; lastKnownFileType = sourcecode.c.h; path = LoopMeAdConfiguration.h; sourceTree = "<group>"; };
		47C713DB1E9CD92400C54F8F /* LoopMeAdConfiguration.m */ = {isa = PBXFileReference; fileEncoding = 4; lastKnownFileType = sourcecode.c.objc; path = LoopMeAdConfiguration.m; sourceTree = "<group>"; };
		47C713DC1E9CD92400C54F8F /* LoopMeAdManager.h */ = {isa = PBXFileReference; fileEncoding = 4; lastKnownFileType = sourcecode.c.h; path = LoopMeAdManager.h; sourceTree = "<group>"; };
		47C713DD1E9CD92400C54F8F /* LoopMeAdManager.m */ = {isa = PBXFileReference; fileEncoding = 4; lastKnownFileType = sourcecode.c.objc; path = LoopMeAdManager.m; sourceTree = "<group>"; };
		47C713DE1E9CD92400C54F8F /* LoopMeReachability.h */ = {isa = PBXFileReference; fileEncoding = 4; lastKnownFileType = sourcecode.c.h; path = LoopMeReachability.h; sourceTree = "<group>"; };
		47C713DF1E9CD92400C54F8F /* LoopMeReachability.m */ = {isa = PBXFileReference; fileEncoding = 4; lastKnownFileType = sourcecode.c.objc; path = LoopMeReachability.m; sourceTree = "<group>"; };
		47C713E01E9CD92400C54F8F /* LoopMeServerCommunicator.h */ = {isa = PBXFileReference; fileEncoding = 4; lastKnownFileType = sourcecode.c.h; path = LoopMeServerCommunicator.h; sourceTree = "<group>"; };
		47C713E11E9CD92400C54F8F /* LoopMeServerCommunicator.m */ = {isa = PBXFileReference; fileEncoding = 4; lastKnownFileType = sourcecode.c.objc; path = LoopMeServerCommunicator.m; sourceTree = "<group>"; };
		47C713E21E9CD92400C54F8F /* LoopMeURLResolver.h */ = {isa = PBXFileReference; fileEncoding = 4; lastKnownFileType = sourcecode.c.h; path = LoopMeURLResolver.h; sourceTree = "<group>"; };
		47C713E31E9CD92400C54F8F /* LoopMeURLResolver.m */ = {isa = PBXFileReference; fileEncoding = 4; lastKnownFileType = sourcecode.c.objc; path = LoopMeURLResolver.m; sourceTree = "<group>"; };
		47C713E41E9CD92400C54F8F /* LoopMeVideoManager.h */ = {isa = PBXFileReference; fileEncoding = 4; lastKnownFileType = sourcecode.c.h; path = LoopMeVideoManager.h; sourceTree = "<group>"; };
		47C713E51E9CD92400C54F8F /* LoopMeVideoManager.m */ = {isa = PBXFileReference; fileEncoding = 4; lastKnownFileType = sourcecode.c.objc; path = LoopMeVideoManager.m; sourceTree = "<group>"; };
		47C713E71E9CD92400C54F8F /* Resources.bundle */ = {isa = PBXFileReference; lastKnownFileType = "wrapper.plug-in"; path = Resources.bundle; sourceTree = "<group>"; };
		47C713E91E9CD92400C54F8F /* LoopMeTargeting.m */ = {isa = PBXFileReference; fileEncoding = 4; lastKnownFileType = sourcecode.c.objc; path = LoopMeTargeting.m; sourceTree = "<group>"; };
		47C713EC1E9CD92400C54F8F /* NSData+LoopMeAES128.h */ = {isa = PBXFileReference; fileEncoding = 4; lastKnownFileType = sourcecode.c.h; path = "NSData+LoopMeAES128.h"; sourceTree = "<group>"; };
		47C713ED1E9CD92400C54F8F /* NSData+LoopMeAES128.m */ = {isa = PBXFileReference; fileEncoding = 4; lastKnownFileType = sourcecode.c.objc; path = "NSData+LoopMeAES128.m"; sourceTree = "<group>"; };
		47C713EE1E9CD92400C54F8F /* NSString+Encryption.h */ = {isa = PBXFileReference; fileEncoding = 4; lastKnownFileType = sourcecode.c.h; path = "NSString+Encryption.h"; sourceTree = "<group>"; };
		47C713EF1E9CD92400C54F8F /* NSString+Encryption.m */ = {isa = PBXFileReference; fileEncoding = 4; lastKnownFileType = sourcecode.c.objc; path = "NSString+Encryption.m"; sourceTree = "<group>"; };
		47C713F01E9CD92400C54F8F /* NSURL+LoopMeAdditions.h */ = {isa = PBXFileReference; fileEncoding = 4; lastKnownFileType = sourcecode.c.h; path = "NSURL+LoopMeAdditions.h"; sourceTree = "<group>"; };
		47C713F11E9CD92400C54F8F /* NSURL+LoopMeAdditions.m */ = {isa = PBXFileReference; fileEncoding = 4; lastKnownFileType = sourcecode.c.objc; path = "NSURL+LoopMeAdditions.m"; sourceTree = "<group>"; };
		47C713F21E9CD92400C54F8F /* UIImage+LoopMeBinaryImage.h */ = {isa = PBXFileReference; fileEncoding = 4; lastKnownFileType = sourcecode.c.h; path = "UIImage+LoopMeBinaryImage.h"; sourceTree = "<group>"; };
		47C713F31E9CD92400C54F8F /* UIImage+LoopMeBinaryImage.m */ = {isa = PBXFileReference; fileEncoding = 4; lastKnownFileType = sourcecode.c.objc; path = "UIImage+LoopMeBinaryImage.m"; sourceTree = "<group>"; };
		47C713F41E9CD92400C54F8F /* LoopMeAnalyticsProvider.h */ = {isa = PBXFileReference; fileEncoding = 4; lastKnownFileType = sourcecode.c.h; path = LoopMeAnalyticsProvider.h; sourceTree = "<group>"; };
		47C713F51E9CD92400C54F8F /* LoopMeAnalyticsProvider.m */ = {isa = PBXFileReference; fileEncoding = 4; lastKnownFileType = sourcecode.c.objc; path = LoopMeAnalyticsProvider.m; sourceTree = "<group>"; };
		47C713F61E9CD92400C54F8F /* LoopMeDefinitions.h */ = {isa = PBXFileReference; fileEncoding = 4; lastKnownFileType = sourcecode.c.h; path = LoopMeDefinitions.h; sourceTree = "<group>"; };
		47C713F71E9CD92400C54F8F /* LoopMeError.h */ = {isa = PBXFileReference; fileEncoding = 4; lastKnownFileType = sourcecode.c.h; path = LoopMeError.h; sourceTree = "<group>"; };
		47C713F81E9CD92400C54F8F /* LoopMeError.m */ = {isa = PBXFileReference; fileEncoding = 4; lastKnownFileType = sourcecode.c.objc; path = LoopMeError.m; sourceTree = "<group>"; };
		47C713F91E9CD92400C54F8F /* LoopMeErrorEventSender.h */ = {isa = PBXFileReference; fileEncoding = 4; lastKnownFileType = sourcecode.c.h; path = LoopMeErrorEventSender.h; sourceTree = "<group>"; };
		47C713FA1E9CD92400C54F8F /* LoopMeErrorEventSender.m */ = {isa = PBXFileReference; fileEncoding = 4; lastKnownFileType = sourcecode.c.objc; path = LoopMeErrorEventSender.m; sourceTree = "<group>"; };
		47C713FB1E9CD92400C54F8F /* LoopMeGeoLocationProvider.h */ = {isa = PBXFileReference; fileEncoding = 4; lastKnownFileType = sourcecode.c.h; path = LoopMeGeoLocationProvider.h; sourceTree = "<group>"; };
		47C713FC1E9CD92400C54F8F /* LoopMeGeoLocationProvider.m */ = {isa = PBXFileReference; fileEncoding = 4; lastKnownFileType = sourcecode.c.objc; path = LoopMeGeoLocationProvider.m; sourceTree = "<group>"; };
		47C713FD1E9CD92400C54F8F /* LoopMeGlobalSettings.h */ = {isa = PBXFileReference; fileEncoding = 4; lastKnownFileType = sourcecode.c.h; path = LoopMeGlobalSettings.h; sourceTree = "<group>"; };
		47C713FE1E9CD92400C54F8F /* LoopMeGlobalSettings.m */ = {isa = PBXFileReference; fileEncoding = 4; lastKnownFileType = sourcecode.c.objc; path = LoopMeGlobalSettings.m; sourceTree = "<group>"; };
		47C713FF1E9CD92400C54F8F /* LoopMeIdentityProvider.h */ = {isa = PBXFileReference; fileEncoding = 4; lastKnownFileType = sourcecode.c.h; path = LoopMeIdentityProvider.h; sourceTree = "<group>"; };
		47C714001E9CD92400C54F8F /* LoopMeIdentityProvider.m */ = {isa = PBXFileReference; fileEncoding = 4; lastKnownFileType = sourcecode.c.objc; path = LoopMeIdentityProvider.m; sourceTree = "<group>"; };
		47C714011E9CD92400C54F8F /* LoopMeLogging.h */ = {isa = PBXFileReference; fileEncoding = 4; lastKnownFileType = sourcecode.c.h; path = LoopMeLogging.h; sourceTree = "<group>"; };
		47C714021E9CD92400C54F8F /* LoopMeLogging.m */ = {isa = PBXFileReference; fileEncoding = 4; lastKnownFileType = sourcecode.c.objc; path = LoopMeLogging.m; sourceTree = "<group>"; };
		47C714051E9CD92400C54F8F /* LoopMe360ViewController.h */ = {isa = PBXFileReference; fileEncoding = 4; lastKnownFileType = sourcecode.c.h; path = LoopMe360ViewController.h; sourceTree = "<group>"; };
		47C714061E9CD92400C54F8F /* LoopMe360ViewController.m */ = {isa = PBXFileReference; fileEncoding = 4; lastKnownFileType = sourcecode.c.objc; path = LoopMe360ViewController.m; sourceTree = "<group>"; };
		47C714081E9CD92400C54F8F /* LoopMeGLProgram.h */ = {isa = PBXFileReference; fileEncoding = 4; lastKnownFileType = sourcecode.c.h; path = LoopMeGLProgram.h; sourceTree = "<group>"; };
		47C714091E9CD92400C54F8F /* LoopMeGLProgram.m */ = {isa = PBXFileReference; fileEncoding = 4; lastKnownFileType = sourcecode.c.objc; path = LoopMeGLProgram.m; sourceTree = "<group>"; };
		47C7140B1E9CD92400C54F8F /* LoopMeInterstitialViewController.h */ = {isa = PBXFileReference; fileEncoding = 4; lastKnownFileType = sourcecode.c.h; path = LoopMeInterstitialViewController.h; sourceTree = "<group>"; };
		47C7140C1E9CD92400C54F8F /* LoopMeInterstitialViewController.m */ = {isa = PBXFileReference; fileEncoding = 4; lastKnownFileType = sourcecode.c.objc; path = LoopMeInterstitialViewController.m; sourceTree = "<group>"; };
		47C7140E1E9CD92400C54F8F /* LoopMeBrowserViewController.h */ = {isa = PBXFileReference; fileEncoding = 4; lastKnownFileType = sourcecode.c.h; path = LoopMeBrowserViewController.h; sourceTree = "<group>"; };
		47C7140F1E9CD92400C54F8F /* LoopMeBrowserViewController.m */ = {isa = PBXFileReference; fileEncoding = 4; lastKnownFileType = sourcecode.c.objc; path = LoopMeBrowserViewController.m; sourceTree = "<group>"; };
		47C714111E9CD92400C54F8F /* LoopMeBackView.h */ = {isa = PBXFileReference; fileEncoding = 4; lastKnownFileType = sourcecode.c.h; path = LoopMeBackView.h; sourceTree = "<group>"; };
		47C714121E9CD92400C54F8F /* LoopMeBackView.m */ = {isa = PBXFileReference; fileEncoding = 4; lastKnownFileType = sourcecode.c.objc; path = LoopMeBackView.m; sourceTree = "<group>"; };
		47C714131E9CD92400C54F8F /* LoopMeCancelView.h */ = {isa = PBXFileReference; fileEncoding = 4; lastKnownFileType = sourcecode.c.h; path = LoopMeCancelView.h; sourceTree = "<group>"; };
		47C714141E9CD92400C54F8F /* LoopMeCancelView.m */ = {isa = PBXFileReference; fileEncoding = 4; lastKnownFileType = sourcecode.c.objc; path = LoopMeCancelView.m; sourceTree = "<group>"; };
		47C714151E9CD92400C54F8F /* LoopMeCloseButton.h */ = {isa = PBXFileReference; fileEncoding = 4; lastKnownFileType = sourcecode.c.h; path = LoopMeCloseButton.h; sourceTree = "<group>"; };
		47C714161E9CD92400C54F8F /* LoopMeCloseButton.m */ = {isa = PBXFileReference; fileEncoding = 4; lastKnownFileType = sourcecode.c.objc; path = LoopMeCloseButton.m; sourceTree = "<group>"; };
		47C714181E9CD92400C54F8F /* LoopMeActivityIndicatorView.h */ = {isa = PBXFileReference; fileEncoding = 4; lastKnownFileType = sourcecode.c.h; path = LoopMeActivityIndicatorView.h; sourceTree = "<group>"; };
		47C714191E9CD92400C54F8F /* LoopMeActivityIndicatorView.m */ = {isa = PBXFileReference; fileEncoding = 4; lastKnownFileType = sourcecode.c.objc; path = LoopMeActivityIndicatorView.m; sourceTree = "<group>"; };
		47C7141A1E9CD92400C54F8F /* LoopMeProgressOverlayView.h */ = {isa = PBXFileReference; fileEncoding = 4; lastKnownFileType = sourcecode.c.h; path = LoopMeProgressOverlayView.h; sourceTree = "<group>"; };
		47C7141B1E9CD92400C54F8F /* LoopMeProgressOverlayView.m */ = {isa = PBXFileReference; fileEncoding = 4; lastKnownFileType = sourcecode.c.objc; path = LoopMeProgressOverlayView.m; sourceTree = "<group>"; };
		47C7141D1E9CD92400C54F8F /* LoopMeAdWebView.h */ = {isa = PBXFileReference; fileEncoding = 4; lastKnownFileType = sourcecode.c.h; path = LoopMeAdWebView.h; sourceTree = "<group>"; };
		47C7141E1E9CD92400C54F8F /* LoopMeAdWebView.m */ = {isa = PBXFileReference; fileEncoding = 4; lastKnownFileType = sourcecode.c.objc; path = LoopMeAdWebView.m; sourceTree = "<group>"; };
		47C7141F1E9CD92400C54F8F /* LoopMeAdView.h */ = {isa = PBXFileReference; fileEncoding = 4; lastKnownFileType = sourcecode.c.h; path = LoopMeAdView.h; sourceTree = "<group>"; };
		47C714201E9CD92400C54F8F /* LoopMeInterstitial.h */ = {isa = PBXFileReference; fileEncoding = 4; lastKnownFileType = sourcecode.c.h; path = LoopMeInterstitial.h; sourceTree = "<group>"; };
		47C714211E9CD92400C54F8F /* LoopMeTargeting.h */ = {isa = PBXFileReference; fileEncoding = 4; lastKnownFileType = sourcecode.c.h; path = LoopMeTargeting.h; sourceTree = "<group>"; };
		49BD68499F74140E135F796A /* libPods-LoopMeMediatonDemo.a */ = {isa = PBXFileReference; explicitFileType = archive.ar; includeInIndex = 0; path = "libPods-LoopMeMediatonDemo.a"; sourceTree = BUILT_PRODUCTS_DIR; };
		61A8E52A2DF5DB92180A3DFD /* Pods-LoopMeMediatonDemo.debug.xcconfig */ = {isa = PBXFileReference; includeInIndex = 1; lastKnownFileType = text.xcconfig; name = "Pods-LoopMeMediatonDemo.debug.xcconfig"; path = "Pods/Target Support Files/Pods-LoopMeMediatonDemo/Pods-LoopMeMediatonDemo.debug.xcconfig"; sourceTree = "<group>"; };
		92B881A40A25E4ACFF4AF5B2 /* Pods-LoopMeMediatonDemo.release.xcconfig */ = {isa = PBXFileReference; includeInIndex = 1; lastKnownFileType = text.xcconfig; name = "Pods-LoopMeMediatonDemo.release.xcconfig"; path = "Pods/Target Support Files/Pods-LoopMeMediatonDemo/Pods-LoopMeMediatonDemo.release.xcconfig"; sourceTree = "<group>"; };
/* End PBXFileReference section */

/* Begin PBXFrameworksBuildPhase section */
		014D6C731B690C3D006F3F62 /* Frameworks */ = {
			isa = PBXFrameworksBuildPhase;
			buildActionMask = 2147483647;
			files = (
				30685CBD8EEE5CD6466B0711 /* libPods-LoopMeMediatonDemo.a in Frameworks */,
			);
			runOnlyForDeploymentPostprocessing = 0;
		};
		014D6C8C1B690C3D006F3F62 /* Frameworks */ = {
			isa = PBXFrameworksBuildPhase;
			buildActionMask = 2147483647;
			files = (
			);
			runOnlyForDeploymentPostprocessing = 0;
		};
/* End PBXFrameworksBuildPhase section */

/* Begin PBXGroup section */
		014D6C6D1B690C3D006F3F62 = {
			isa = PBXGroup;
			children = (
				014D6C781B690C3D006F3F62 /* LoopMeMediatonDemo */,
				014D6C921B690C3D006F3F62 /* LoopMeMediatonDemoTests */,
				014D6C771B690C3D006F3F62 /* Products */,
				339080416A066F0726CA0631 /* Pods */,
				2F4DA869365EEEE6E95249D3 /* Frameworks */,
			);
			sourceTree = "<group>";
		};
		014D6C771B690C3D006F3F62 /* Products */ = {
			isa = PBXGroup;
			children = (
				014D6C761B690C3D006F3F62 /* LoopMeMediatonDemo.app */,
				014D6C8F1B690C3D006F3F62 /* LoopMeMediatonDemoTests.xctest */,
			);
			name = Products;
			sourceTree = "<group>";
		};
		014D6C781B690C3D006F3F62 /* LoopMeMediatonDemo */ = {
			isa = PBXGroup;
			children = (
				47C713BB1E9CD92400C54F8F /* LoopMeSDK */,
				47A78E491D76FFFC00937065 /* LoopMeBridge */,
				01EDDB811B6B8277003BF9BE /* ViewControllers */,
				014D6C9F1B690E64006F3F62 /* Cell */,
				014D6C7D1B690C3D006F3F62 /* AppDelegate.h */,
				014D6C7E1B690C3D006F3F62 /* AppDelegate.m */,
				014D6C831B690C3D006F3F62 /* Main.storyboard */,
				014D6C861B690C3D006F3F62 /* Images.xcassets */,
				014D6C881B690C3D006F3F62 /* LaunchScreen.xib */,
				014D6C791B690C3D006F3F62 /* Supporting Files */,
			);
			path = LoopMeMediatonDemo;
			sourceTree = "<group>";
		};
		014D6C791B690C3D006F3F62 /* Supporting Files */ = {
			isa = PBXGroup;
			children = (
				014D6C7A1B690C3D006F3F62 /* Info.plist */,
				014D6C7B1B690C3D006F3F62 /* main.m */,
			);
			name = "Supporting Files";
			sourceTree = "<group>";
		};
		014D6C921B690C3D006F3F62 /* LoopMeMediatonDemoTests */ = {
			isa = PBXGroup;
			children = (
				014D6C951B690C3D006F3F62 /* LoopMeMediatonDemoTests.m */,
				014D6C931B690C3D006F3F62 /* Supporting Files */,
			);
			path = LoopMeMediatonDemoTests;
			sourceTree = "<group>";
		};
		014D6C931B690C3D006F3F62 /* Supporting Files */ = {
			isa = PBXGroup;
			children = (
				014D6C941B690C3D006F3F62 /* Info.plist */,
			);
			name = "Supporting Files";
			sourceTree = "<group>";
		};
		014D6C9F1B690E64006F3F62 /* Cell */ = {
			isa = PBXGroup;
			children = (
				01EDDB7E1B6B7B9D003BF9BE /* LDAdTableViewCell.h */,
				01EDDB7F1B6B7B9D003BF9BE /* LDAdTableViewCell.m */,
				014D6CA01B690E95006F3F62 /* LDContentTableViewCell.h */,
				014D6CA11B690E95006F3F62 /* LDContentTableViewCell.m */,
			);
			path = Cell;
			sourceTree = "<group>";
		};
		01EDDB811B6B8277003BF9BE /* ViewControllers */ = {
			isa = PBXGroup;
			children = (
				01EDDB881B6B82B8003BF9BE /* LDAdRequestViewController.h */,
				01EDDB891B6B82B8003BF9BE /* LDAdRequestViewController.m */,
				01EDDB8E1B6B8404003BF9BE /* LDTableViewController.h */,
				01EDDB8F1B6B8404003BF9BE /* LDTableViewController.m */,
				472CEB1C1E9FC61E00C0E86E /* LDInterstitialViewController.h */,
				472CEB1D1E9FC61E00C0E86E /* LDInterstitialViewController.m */,
			);
			path = ViewControllers;
			sourceTree = "<group>";
		};
		2F4DA869365EEEE6E95249D3 /* Frameworks */ = {
			isa = PBXGroup;
			children = (
				49BD68499F74140E135F796A /* libPods-LoopMeMediatonDemo.a */,
			);
			name = Frameworks;
			sourceTree = "<group>";
		};
		339080416A066F0726CA0631 /* Pods */ = {
			isa = PBXGroup;
			children = (
				61A8E52A2DF5DB92180A3DFD /* Pods-LoopMeMediatonDemo.debug.xcconfig */,
				92B881A40A25E4ACFF4AF5B2 /* Pods-LoopMeMediatonDemo.release.xcconfig */,
			);
			name = Pods;
			sourceTree = "<group>";
		};
		47A78E491D76FFFC00937065 /* LoopMeBridge */ = {
			isa = PBXGroup;
			children = (
				472CEB191E9FC60500C0E86E /* MopubLoopMeInterstitialAdapter.h */,
				472CEB1A1E9FC60500C0E86E /* MopubLoopMeInterstitialAdapter.m */,
				47A78E431D76FFF900937065 /* MopubLoopMeNativeAd.h */,
				47A78E441D76FFF900937065 /* MopubLoopMeNativeAd.m */,
				47A78E451D76FFF900937065 /* MopubLoopMeNativeEvent.h */,
				47A78E461D76FFF900937065 /* MopubLoopMeNativeEvent.m */,
			);
			name = LoopMeBridge;
			sourceTree = "<group>";
		};
		47C713BB1E9CD92400C54F8F /* LoopMeSDK */ = {
			isa = PBXGroup;
			children = (
				47C713BC1E9CD92400C54F8F /* Internal */,
				47C7141F1E9CD92400C54F8F /* LoopMeAdView.h */,
				47C714201E9CD92400C54F8F /* LoopMeInterstitial.h */,
				47C714211E9CD92400C54F8F /* LoopMeTargeting.h */,
			);
			name = LoopMeSDK;
			path = ../../../../LoopMeSDK;
			sourceTree = "<group>";
		};
		47C713BC1E9CD92400C54F8F /* Internal */ = {
			isa = PBXGroup;
			children = (
				47C713BD1E9CD92400C54F8F /* AdView */,
				47C713C51E9CD92400C54F8F /* Builder */,
				47C713C81E9CD92400C54F8F /* Clients */,
				47C713D21E9CD92400C54F8F /* Controllers */,
				47C713D71E9CD92400C54F8F /* Interstitial */,
				47C713D91E9CD92400C54F8F /* Network */,
				47C713E61E9CD92400C54F8F /* Resources */,
				47C713E81E9CD92400C54F8F /* Targeting */,
				47C713EA1E9CD92400C54F8F /* Utility */,
				47C714031E9CD92400C54F8F /* ViewControllers */,
				47C714101E9CD92400C54F8F /* Views */,
			);
			path = Internal;
			sourceTree = "<group>";
		};
		47C713BD1E9CD92400C54F8F /* AdView */ = {
			isa = PBXGroup;
			children = (
				47C713BE1E9CD92400C54F8F /* LoopMeAdView.m */,
				47C713BF1E9CD92400C54F8F /* maximized */,
				47C713C21E9CD92400C54F8F /* minimized */,
			);
			path = AdView;
			sourceTree = "<group>";
		};
		47C713BF1E9CD92400C54F8F /* maximized */ = {
			isa = PBXGroup;
			children = (
				47C713C01E9CD92400C54F8F /* LoopMeMaximizedViewController.h */,
				47C713C11E9CD92400C54F8F /* LoopMeMaximizedViewController.m */,
			);
			path = maximized;
			sourceTree = "<group>";
		};
		47C713C21E9CD92400C54F8F /* minimized */ = {
			isa = PBXGroup;
			children = (
				47C713C31E9CD92400C54F8F /* LoopMeMinimizedAdView.h */,
				47C713C41E9CD92400C54F8F /* LoopMeMinimizedAdView.m */,
			);
			path = minimized;
			sourceTree = "<group>";
		};
		47C713C51E9CD92400C54F8F /* Builder */ = {
			isa = PBXGroup;
			children = (
				47C713C61E9CD92400C54F8F /* LoopMeServerURLBuilder.h */,
				47C713C71E9CD92400C54F8F /* LoopMeServerURLBuilder.m */,
			);
			path = Builder;
			sourceTree = "<group>";
		};
		47C713C81E9CD92400C54F8F /* Clients */ = {
			isa = PBXGroup;
			children = (
				47C713C91E9CD92400C54F8F /* LoopMeJSClient.h */,
				47C713CA1E9CD92400C54F8F /* LoopMeJSClient.m */,
				47C713CB1E9CD92400C54F8F /* LoopMeMRAIDClient.h */,
				47C713CC1E9CD92400C54F8F /* LoopMeMRAIDClient.m */,
				47C713CD1E9CD92400C54F8F /* LoopMeVideoClient.h */,
				47C713CE1E9CD92400C54F8F /* LoopMeVideoClient.m */,
				47C713CF1E9CD92400C54F8F /* Protocols */,
			);
			path = Clients;
			sourceTree = "<group>";
		};
		47C713CF1E9CD92400C54F8F /* Protocols */ = {
			isa = PBXGroup;
			children = (
				47C713D01E9CD92400C54F8F /* LoopMeJSCommunicatorProtocol.h */,
				47C713D11E9CD92400C54F8F /* LoopMeVideoCommunicatorProtocol.h */,
			);
			path = Protocols;
			sourceTree = "<group>";
		};
		47C713D21E9CD92400C54F8F /* Controllers */ = {
			isa = PBXGroup;
			children = (
				47C713D31E9CD92400C54F8F /* LoopMeAdDisplayController.h */,
				47C713D41E9CD92400C54F8F /* LoopMeAdDisplayController.m */,
				47C713D51E9CD92400C54F8F /* LoopMeDestinationDisplayController.h */,
				47C713D61E9CD92400C54F8F /* LoopMeDestinationDisplayController.m */,
			);
			path = Controllers;
			sourceTree = "<group>";
		};
		47C713D71E9CD92400C54F8F /* Interstitial */ = {
			isa = PBXGroup;
			children = (
				47C713D81E9CD92400C54F8F /* LoopMeInterstitial.m */,
			);
			path = Interstitial;
			sourceTree = "<group>";
		};
		47C713D91E9CD92400C54F8F /* Network */ = {
			isa = PBXGroup;
			children = (
				47C713DA1E9CD92400C54F8F /* LoopMeAdConfiguration.h */,
				47C713DB1E9CD92400C54F8F /* LoopMeAdConfiguration.m */,
				47C713DC1E9CD92400C54F8F /* LoopMeAdManager.h */,
				47C713DD1E9CD92400C54F8F /* LoopMeAdManager.m */,
				47C713DE1E9CD92400C54F8F /* LoopMeReachability.h */,
				47C713DF1E9CD92400C54F8F /* LoopMeReachability.m */,
				47C713E01E9CD92400C54F8F /* LoopMeServerCommunicator.h */,
				47C713E11E9CD92400C54F8F /* LoopMeServerCommunicator.m */,
				47C713E21E9CD92400C54F8F /* LoopMeURLResolver.h */,
				47C713E31E9CD92400C54F8F /* LoopMeURLResolver.m */,
				47C713E41E9CD92400C54F8F /* LoopMeVideoManager.h */,
				47C713E51E9CD92400C54F8F /* LoopMeVideoManager.m */,
			);
			path = Network;
			sourceTree = "<group>";
		};
		47C713E61E9CD92400C54F8F /* Resources */ = {
			isa = PBXGroup;
			children = (
				47C713E71E9CD92400C54F8F /* Resources.bundle */,
			);
			path = Resources;
			sourceTree = "<group>";
		};
		47C713E81E9CD92400C54F8F /* Targeting */ = {
			isa = PBXGroup;
			children = (
				47C713E91E9CD92400C54F8F /* LoopMeTargeting.m */,
			);
			path = Targeting;
			sourceTree = "<group>";
		};
		47C713EA1E9CD92400C54F8F /* Utility */ = {
			isa = PBXGroup;
			children = (
				47C713EB1E9CD92400C54F8F /* Categories */,
				47C713F41E9CD92400C54F8F /* LoopMeAnalyticsProvider.h */,
				47C713F51E9CD92400C54F8F /* LoopMeAnalyticsProvider.m */,
				47C713F61E9CD92400C54F8F /* LoopMeDefinitions.h */,
				47C713F71E9CD92400C54F8F /* LoopMeError.h */,
				47C713F81E9CD92400C54F8F /* LoopMeError.m */,
				47C713F91E9CD92400C54F8F /* LoopMeErrorEventSender.h */,
				47C713FA1E9CD92400C54F8F /* LoopMeErrorEventSender.m */,
				47C713FB1E9CD92400C54F8F /* LoopMeGeoLocationProvider.h */,
				47C713FC1E9CD92400C54F8F /* LoopMeGeoLocationProvider.m */,
				47C713FD1E9CD92400C54F8F /* LoopMeGlobalSettings.h */,
				47C713FE1E9CD92400C54F8F /* LoopMeGlobalSettings.m */,
				47C713FF1E9CD92400C54F8F /* LoopMeIdentityProvider.h */,
				47C714001E9CD92400C54F8F /* LoopMeIdentityProvider.m */,
				47C714011E9CD92400C54F8F /* LoopMeLogging.h */,
				47C714021E9CD92400C54F8F /* LoopMeLogging.m */,
			);
			path = Utility;
			sourceTree = "<group>";
		};
		47C713EB1E9CD92400C54F8F /* Categories */ = {
			isa = PBXGroup;
			children = (
				47C713EC1E9CD92400C54F8F /* NSData+LoopMeAES128.h */,
				47C713ED1E9CD92400C54F8F /* NSData+LoopMeAES128.m */,
				47C713EE1E9CD92400C54F8F /* NSString+Encryption.h */,
				47C713EF1E9CD92400C54F8F /* NSString+Encryption.m */,
				47C713F01E9CD92400C54F8F /* NSURL+LoopMeAdditions.h */,
				47C713F11E9CD92400C54F8F /* NSURL+LoopMeAdditions.m */,
				47C713F21E9CD92400C54F8F /* UIImage+LoopMeBinaryImage.h */,
				47C713F31E9CD92400C54F8F /* UIImage+LoopMeBinaryImage.m */,
			);
			path = Categories;
			sourceTree = "<group>";
		};
		47C714031E9CD92400C54F8F /* ViewControllers */ = {
			isa = PBXGroup;
			children = (
				47C714041E9CD92400C54F8F /* 360 */,
				47C7140A1E9CD92400C54F8F /* Ad */,
				47C7140D1E9CD92400C54F8F /* Browser */,
			);
			path = ViewControllers;
			sourceTree = "<group>";
		};
		47C714041E9CD92400C54F8F /* 360 */ = {
			isa = PBXGroup;
			children = (
				47C714051E9CD92400C54F8F /* LoopMe360ViewController.h */,
				47C714061E9CD92400C54F8F /* LoopMe360ViewController.m */,
				47C714071E9CD92400C54F8F /* Shaders */,
			);
			path = 360;
			sourceTree = "<group>";
		};
		47C714071E9CD92400C54F8F /* Shaders */ = {
			isa = PBXGroup;
			children = (
				47C714081E9CD92400C54F8F /* LoopMeGLProgram.h */,
				47C714091E9CD92400C54F8F /* LoopMeGLProgram.m */,
			);
			path = Shaders;
			sourceTree = "<group>";
		};
		47C7140A1E9CD92400C54F8F /* Ad */ = {
			isa = PBXGroup;
			children = (
				47C7140B1E9CD92400C54F8F /* LoopMeInterstitialViewController.h */,
				47C7140C1E9CD92400C54F8F /* LoopMeInterstitialViewController.m */,
			);
			path = Ad;
			sourceTree = "<group>";
		};
		47C7140D1E9CD92400C54F8F /* Browser */ = {
			isa = PBXGroup;
			children = (
				47C7140E1E9CD92400C54F8F /* LoopMeBrowserViewController.h */,
				47C7140F1E9CD92400C54F8F /* LoopMeBrowserViewController.m */,
			);
			path = Browser;
			sourceTree = "<group>";
		};
		47C714101E9CD92400C54F8F /* Views */ = {
			isa = PBXGroup;
			children = (
				47C714111E9CD92400C54F8F /* LoopMeBackView.h */,
				47C714121E9CD92400C54F8F /* LoopMeBackView.m */,
				47C714131E9CD92400C54F8F /* LoopMeCancelView.h */,
				47C714141E9CD92400C54F8F /* LoopMeCancelView.m */,
				47C714151E9CD92400C54F8F /* LoopMeCloseButton.h */,
				47C714161E9CD92400C54F8F /* LoopMeCloseButton.m */,
				47C714171E9CD92400C54F8F /* ProgressOvelray */,
				47C7141C1E9CD92400C54F8F /* WebView */,
			);
			path = Views;
			sourceTree = "<group>";
		};
		47C714171E9CD92400C54F8F /* ProgressOvelray */ = {
			isa = PBXGroup;
			children = (
				47C714181E9CD92400C54F8F /* LoopMeActivityIndicatorView.h */,
				47C714191E9CD92400C54F8F /* LoopMeActivityIndicatorView.m */,
				47C7141A1E9CD92400C54F8F /* LoopMeProgressOverlayView.h */,
				47C7141B1E9CD92400C54F8F /* LoopMeProgressOverlayView.m */,
			);
			path = ProgressOvelray;
			sourceTree = "<group>";
		};
		47C7141C1E9CD92400C54F8F /* WebView */ = {
			isa = PBXGroup;
			children = (
				47C7141D1E9CD92400C54F8F /* LoopMeAdWebView.h */,
				47C7141E1E9CD92400C54F8F /* LoopMeAdWebView.m */,
			);
			path = WebView;
			sourceTree = "<group>";
		};
/* End PBXGroup section */

/* Begin PBXNativeTarget section */
		014D6C751B690C3D006F3F62 /* LoopMeMediatonDemo */ = {
			isa = PBXNativeTarget;
			buildConfigurationList = 014D6C991B690C3D006F3F62 /* Build configuration list for PBXNativeTarget "LoopMeMediatonDemo" */;
			buildPhases = (
				69545976791E1EAF02FF6206 /* [CP] Check Pods Manifest.lock */,
				014D6C721B690C3D006F3F62 /* Sources */,
				014D6C731B690C3D006F3F62 /* Frameworks */,
				014D6C741B690C3D006F3F62 /* Resources */,
				EEDC78F93E0B76386016B916 /* [CP] Embed Pods Frameworks */,
				8E6A57D1A0B83D1D379C4170 /* [CP] Copy Pods Resources */,
			);
			buildRules = (
			);
			dependencies = (
			);
			name = LoopMeMediatonDemo;
			productName = LoopMeMediatonDemo;
			productReference = 014D6C761B690C3D006F3F62 /* LoopMeMediatonDemo.app */;
			productType = "com.apple.product-type.application";
		};
		014D6C8E1B690C3D006F3F62 /* LoopMeMediatonDemoTests */ = {
			isa = PBXNativeTarget;
			buildConfigurationList = 014D6C9C1B690C3D006F3F62 /* Build configuration list for PBXNativeTarget "LoopMeMediatonDemoTests" */;
			buildPhases = (
				014D6C8B1B690C3D006F3F62 /* Sources */,
				014D6C8C1B690C3D006F3F62 /* Frameworks */,
				014D6C8D1B690C3D006F3F62 /* Resources */,
			);
			buildRules = (
			);
			dependencies = (
				014D6C911B690C3D006F3F62 /* PBXTargetDependency */,
			);
			name = LoopMeMediatonDemoTests;
			productName = LoopMeMediatonDemoTests;
			productReference = 014D6C8F1B690C3D006F3F62 /* LoopMeMediatonDemoTests.xctest */;
			productType = "com.apple.product-type.bundle.unit-test";
		};
/* End PBXNativeTarget section */

/* Begin PBXProject section */
		014D6C6E1B690C3D006F3F62 /* Project object */ = {
			isa = PBXProject;
			attributes = {
				LastUpgradeCheck = 0640;
				ORGANIZATIONNAME = injectios;
				TargetAttributes = {
					014D6C751B690C3D006F3F62 = {
						CreatedOnToolsVersion = 6.4;
						DevelopmentTeam = Q876VLK88R;
					};
					014D6C8E1B690C3D006F3F62 = {
						CreatedOnToolsVersion = 6.4;
						TestTargetID = 014D6C751B690C3D006F3F62;
					};
				};
			};
			buildConfigurationList = 014D6C711B690C3D006F3F62 /* Build configuration list for PBXProject "LoopMeMediatonDemo" */;
			compatibilityVersion = "Xcode 3.2";
			developmentRegion = English;
			hasScannedForEncodings = 0;
			knownRegions = (
				en,
				Base,
			);
			mainGroup = 014D6C6D1B690C3D006F3F62;
			productRefGroup = 014D6C771B690C3D006F3F62 /* Products */;
			projectDirPath = "";
			projectRoot = "";
			targets = (
				014D6C751B690C3D006F3F62 /* LoopMeMediatonDemo */,
				014D6C8E1B690C3D006F3F62 /* LoopMeMediatonDemoTests */,
			);
		};
/* End PBXProject section */

/* Begin PBXResourcesBuildPhase section */
		014D6C741B690C3D006F3F62 /* Resources */ = {
			isa = PBXResourcesBuildPhase;
			buildActionMask = 2147483647;
			files = (
				014D6C851B690C3D006F3F62 /* Main.storyboard in Resources */,
				014D6C8A1B690C3D006F3F62 /* LaunchScreen.xib in Resources */,
				014D6C871B690C3D006F3F62 /* Images.xcassets in Resources */,
				47C714321E9CD92400C54F8F /* Resources.bundle in Resources */,
			);
			runOnlyForDeploymentPostprocessing = 0;
		};
		014D6C8D1B690C3D006F3F62 /* Resources */ = {
			isa = PBXResourcesBuildPhase;
			buildActionMask = 2147483647;
			files = (
			);
			runOnlyForDeploymentPostprocessing = 0;
		};
/* End PBXResourcesBuildPhase section */

/* Begin PBXShellScriptBuildPhase section */
		69545976791E1EAF02FF6206 /* [CP] Check Pods Manifest.lock */ = {
			isa = PBXShellScriptBuildPhase;
			buildActionMask = 2147483647;
			files = (
			);
			inputPaths = (
			);
			name = "[CP] Check Pods Manifest.lock";
			outputPaths = (
			);
			runOnlyForDeploymentPostprocessing = 0;
			shellPath = /bin/sh;
			shellScript = "diff \"${PODS_ROOT}/../Podfile.lock\" \"${PODS_ROOT}/Manifest.lock\" > /dev/null\nif [ $? != 0 ] ; then\n    # print error to STDERR\n    echo \"error: The sandbox is not in sync with the Podfile.lock. Run 'pod install' or update your CocoaPods installation.\" >&2\n    exit 1\nfi\n";
			showEnvVarsInLog = 0;
		};
		8E6A57D1A0B83D1D379C4170 /* [CP] Copy Pods Resources */ = {
			isa = PBXShellScriptBuildPhase;
			buildActionMask = 2147483647;
			files = (
			);
			inputPaths = (
			);
			name = "[CP] Copy Pods Resources";
			outputPaths = (
			);
			runOnlyForDeploymentPostprocessing = 0;
			shellPath = /bin/sh;
			shellScript = "\"${SRCROOT}/Pods/Target Support Files/Pods-LoopMeMediatonDemo/Pods-LoopMeMediatonDemo-resources.sh\"\n";
			showEnvVarsInLog = 0;
		};
		EEDC78F93E0B76386016B916 /* [CP] Embed Pods Frameworks */ = {
			isa = PBXShellScriptBuildPhase;
			buildActionMask = 2147483647;
			files = (
			);
			inputPaths = (
			);
			name = "[CP] Embed Pods Frameworks";
			outputPaths = (
			);
			runOnlyForDeploymentPostprocessing = 0;
			shellPath = /bin/sh;
			shellScript = "\"${SRCROOT}/Pods/Target Support Files/Pods-LoopMeMediatonDemo/Pods-LoopMeMediatonDemo-frameworks.sh\"\n";
			showEnvVarsInLog = 0;
		};
/* End PBXShellScriptBuildPhase section */

/* Begin PBXSourcesBuildPhase section */
		014D6C721B690C3D006F3F62 /* Sources */ = {
			isa = PBXSourcesBuildPhase;
			buildActionMask = 2147483647;
			files = (
				014D6CA21B690E95006F3F62 /* LDContentTableViewCell.m in Sources */,
				47C714291E9CD92400C54F8F /* LoopMeAdDisplayController.m in Sources */,
				47C714231E9CD92400C54F8F /* LoopMeMaximizedViewController.m in Sources */,
				47C714281E9CD92400C54F8F /* LoopMeVideoClient.m in Sources */,
				47A78E481D76FFF900937065 /* MopubLoopMeNativeEvent.m in Sources */,
				47C714431E9CD92400C54F8F /* LoopMeBackView.m in Sources */,
				47C7143B1E9CD92400C54F8F /* LoopMeGeoLocationProvider.m in Sources */,
				47C714411E9CD92400C54F8F /* LoopMeInterstitialViewController.m in Sources */,
				47C7142B1E9CD92400C54F8F /* LoopMeInterstitial.m in Sources */,
				01EDDB901B6B8404003BF9BE /* LDTableViewController.m in Sources */,
				47C714441E9CD92400C54F8F /* LoopMeCancelView.m in Sources */,
				47C7143D1E9CD92400C54F8F /* LoopMeIdentityProvider.m in Sources */,
				47C714331E9CD92400C54F8F /* LoopMeTargeting.m in Sources */,
				47C714341E9CD92400C54F8F /* NSData+LoopMeAES128.m in Sources */,
				47C7142F1E9CD92400C54F8F /* LoopMeServerCommunicator.m in Sources */,
				47C7143F1E9CD92400C54F8F /* LoopMe360ViewController.m in Sources */,
				47C714351E9CD92400C54F8F /* NSString+Encryption.m in Sources */,
				47C714271E9CD92400C54F8F /* LoopMeMRAIDClient.m in Sources */,
				47C714471E9CD92400C54F8F /* LoopMeProgressOverlayView.m in Sources */,
				47C7143C1E9CD92400C54F8F /* LoopMeGlobalSettings.m in Sources */,
				472CEB1E1E9FC61E00C0E86E /* LDInterstitialViewController.m in Sources */,
				47C7143A1E9CD92400C54F8F /* LoopMeErrorEventSender.m in Sources */,
				47C714451E9CD92400C54F8F /* LoopMeCloseButton.m in Sources */,
				47C714361E9CD92400C54F8F /* NSURL+LoopMeAdditions.m in Sources */,
				47C7142A1E9CD92400C54F8F /* LoopMeDestinationDisplayController.m in Sources */,
				014D6C7F1B690C3D006F3F62 /* AppDelegate.m in Sources */,
				47A78E471D76FFF900937065 /* MopubLoopMeNativeAd.m in Sources */,
				47C714461E9CD92400C54F8F /* LoopMeActivityIndicatorView.m in Sources */,
				01EDDB801B6B7B9D003BF9BE /* LDAdTableViewCell.m in Sources */,
				47C714421E9CD92400C54F8F /* LoopMeBrowserViewController.m in Sources */,
				472CEB1B1E9FC60500C0E86E /* MopubLoopMeInterstitialAdapter.m in Sources */,
				47C714311E9CD92400C54F8F /* LoopMeVideoManager.m in Sources */,
				47C7142E1E9CD92400C54F8F /* LoopMeReachability.m in Sources */,
				47C714371E9CD92400C54F8F /* UIImage+LoopMeBinaryImage.m in Sources */,
				47C714221E9CD92400C54F8F /* LoopMeAdView.m in Sources */,
				47C7143E1E9CD92400C54F8F /* LoopMeLogging.m in Sources */,
				47C7142C1E9CD92400C54F8F /* LoopMeAdConfiguration.m in Sources */,
				47C714301E9CD92400C54F8F /* LoopMeURLResolver.m in Sources */,
				47C714251E9CD92400C54F8F /* LoopMeServerURLBuilder.m in Sources */,
				47C714241E9CD92400C54F8F /* LoopMeMinimizedAdView.m in Sources */,
				47C714401E9CD92400C54F8F /* LoopMeGLProgram.m in Sources */,
				47C7142D1E9CD92400C54F8F /* LoopMeAdManager.m in Sources */,
				014D6C7C1B690C3D006F3F62 /* main.m in Sources */,
				47C714381E9CD92400C54F8F /* LoopMeAnalyticsProvider.m in Sources */,
				47C714481E9CD92400C54F8F /* LoopMeAdWebView.m in Sources */,
				01EDDB8A1B6B82B8003BF9BE /* LDAdRequestViewController.m in Sources */,
				47C714261E9CD92400C54F8F /* LoopMeJSClient.m in Sources */,
				47C714391E9CD92400C54F8F /* LoopMeError.m in Sources */,
			);
			runOnlyForDeploymentPostprocessing = 0;
		};
		014D6C8B1B690C3D006F3F62 /* Sources */ = {
			isa = PBXSourcesBuildPhase;
			buildActionMask = 2147483647;
			files = (
				014D6C961B690C3D006F3F62 /* LoopMeMediatonDemoTests.m in Sources */,
			);
			runOnlyForDeploymentPostprocessing = 0;
		};
/* End PBXSourcesBuildPhase section */

/* Begin PBXTargetDependency section */
		014D6C911B690C3D006F3F62 /* PBXTargetDependency */ = {
			isa = PBXTargetDependency;
			target = 014D6C751B690C3D006F3F62 /* LoopMeMediatonDemo */;
			targetProxy = 014D6C901B690C3D006F3F62 /* PBXContainerItemProxy */;
		};
/* End PBXTargetDependency section */

/* Begin PBXVariantGroup section */
		014D6C831B690C3D006F3F62 /* Main.storyboard */ = {
			isa = PBXVariantGroup;
			children = (
				014D6C841B690C3D006F3F62 /* Base */,
			);
			name = Main.storyboard;
			sourceTree = "<group>";
		};
		014D6C881B690C3D006F3F62 /* LaunchScreen.xib */ = {
			isa = PBXVariantGroup;
			children = (
				014D6C891B690C3D006F3F62 /* Base */,
			);
			name = LaunchScreen.xib;
			sourceTree = "<group>";
		};
/* End PBXVariantGroup section */

/* Begin XCBuildConfiguration section */
		014D6C971B690C3D006F3F62 /* Debug */ = {
			isa = XCBuildConfiguration;
			buildSettings = {
				ALWAYS_SEARCH_USER_PATHS = NO;
				CLANG_CXX_LANGUAGE_STANDARD = "gnu++0x";
				CLANG_CXX_LIBRARY = "libc++";
				CLANG_ENABLE_MODULES = YES;
				CLANG_ENABLE_OBJC_ARC = YES;
				CLANG_WARN_BOOL_CONVERSION = YES;
				CLANG_WARN_CONSTANT_CONVERSION = YES;
				CLANG_WARN_DIRECT_OBJC_ISA_USAGE = YES_ERROR;
				CLANG_WARN_EMPTY_BODY = YES;
				CLANG_WARN_ENUM_CONVERSION = YES;
				CLANG_WARN_INT_CONVERSION = YES;
				CLANG_WARN_OBJC_ROOT_CLASS = YES_ERROR;
				CLANG_WARN_UNREACHABLE_CODE = YES;
				CLANG_WARN__DUPLICATE_METHOD_MATCH = YES;
				"CODE_SIGN_IDENTITY[sdk=iphoneos*]" = "iPhone Developer";
				COPY_PHASE_STRIP = NO;
				DEBUG_INFORMATION_FORMAT = "dwarf-with-dsym";
				ENABLE_STRICT_OBJC_MSGSEND = YES;
				GCC_C_LANGUAGE_STANDARD = gnu99;
				GCC_DYNAMIC_NO_PIC = NO;
				GCC_NO_COMMON_BLOCKS = YES;
				GCC_OPTIMIZATION_LEVEL = 0;
				GCC_PREPROCESSOR_DEFINITIONS = (
					"DEBUG=1",
					"$(inherited)",
				);
				GCC_SYMBOLS_PRIVATE_EXTERN = NO;
				GCC_WARN_64_TO_32_BIT_CONVERSION = YES;
				GCC_WARN_ABOUT_RETURN_TYPE = YES_ERROR;
				GCC_WARN_UNDECLARED_SELECTOR = YES;
				GCC_WARN_UNINITIALIZED_AUTOS = YES_AGGRESSIVE;
				GCC_WARN_UNUSED_FUNCTION = YES;
				GCC_WARN_UNUSED_VARIABLE = YES;
				IPHONEOS_DEPLOYMENT_TARGET = 8.4;
				MTL_ENABLE_DEBUG_INFO = YES;
				ONLY_ACTIVE_ARCH = YES;
				SDKROOT = iphoneos;
			};
			name = Debug;
		};
		014D6C981B690C3D006F3F62 /* Release */ = {
			isa = XCBuildConfiguration;
			buildSettings = {
				ALWAYS_SEARCH_USER_PATHS = NO;
				CLANG_CXX_LANGUAGE_STANDARD = "gnu++0x";
				CLANG_CXX_LIBRARY = "libc++";
				CLANG_ENABLE_MODULES = YES;
				CLANG_ENABLE_OBJC_ARC = YES;
				CLANG_WARN_BOOL_CONVERSION = YES;
				CLANG_WARN_CONSTANT_CONVERSION = YES;
				CLANG_WARN_DIRECT_OBJC_ISA_USAGE = YES_ERROR;
				CLANG_WARN_EMPTY_BODY = YES;
				CLANG_WARN_ENUM_CONVERSION = YES;
				CLANG_WARN_INT_CONVERSION = YES;
				CLANG_WARN_OBJC_ROOT_CLASS = YES_ERROR;
				CLANG_WARN_UNREACHABLE_CODE = YES;
				CLANG_WARN__DUPLICATE_METHOD_MATCH = YES;
				"CODE_SIGN_IDENTITY[sdk=iphoneos*]" = "iPhone Developer";
				COPY_PHASE_STRIP = NO;
				DEBUG_INFORMATION_FORMAT = "dwarf-with-dsym";
				ENABLE_NS_ASSERTIONS = NO;
				ENABLE_STRICT_OBJC_MSGSEND = YES;
				GCC_C_LANGUAGE_STANDARD = gnu99;
				GCC_NO_COMMON_BLOCKS = YES;
				GCC_WARN_64_TO_32_BIT_CONVERSION = YES;
				GCC_WARN_ABOUT_RETURN_TYPE = YES_ERROR;
				GCC_WARN_UNDECLARED_SELECTOR = YES;
				GCC_WARN_UNINITIALIZED_AUTOS = YES_AGGRESSIVE;
				GCC_WARN_UNUSED_FUNCTION = YES;
				GCC_WARN_UNUSED_VARIABLE = YES;
				IPHONEOS_DEPLOYMENT_TARGET = 8.4;
				MTL_ENABLE_DEBUG_INFO = NO;
				SDKROOT = iphoneos;
				VALIDATE_PRODUCT = YES;
			};
			name = Release;
		};
		014D6C9A1B690C3D006F3F62 /* Debug */ = {
			isa = XCBuildConfiguration;
			baseConfigurationReference = 61A8E52A2DF5DB92180A3DFD /* Pods-LoopMeMediatonDemo.debug.xcconfig */;
			buildSettings = {
				ASSETCATALOG_COMPILER_APPICON_NAME = AppIcon;
				DEVELOPMENT_TEAM = Q876VLK88R;
				HEADER_SEARCH_PATHS = (
					"$(inherited)",
					/Applications/Xcode.app/Contents/Developer/Toolchains/XcodeDefault.xctoolchain/usr/include,
					../../LoopMeSDK,
				);
				INFOPLIST_FILE = LoopMeMediatonDemo/Info.plist;
				LD_RUNPATH_SEARCH_PATHS = "$(inherited) @executable_path/Frameworks";
				PRODUCT_NAME = "$(TARGET_NAME)";
			};
			name = Debug;
		};
		014D6C9B1B690C3D006F3F62 /* Release */ = {
			isa = XCBuildConfiguration;
			baseConfigurationReference = 92B881A40A25E4ACFF4AF5B2 /* Pods-LoopMeMediatonDemo.release.xcconfig */;
			buildSettings = {
				ASSETCATALOG_COMPILER_APPICON_NAME = AppIcon;
				DEVELOPMENT_TEAM = Q876VLK88R;
				HEADER_SEARCH_PATHS = (
					"$(inherited)",
					/Applications/Xcode.app/Contents/Developer/Toolchains/XcodeDefault.xctoolchain/usr/include,
					../../LoopMeSDK,
				);
				INFOPLIST_FILE = LoopMeMediatonDemo/Info.plist;
				LD_RUNPATH_SEARCH_PATHS = "$(inherited) @executable_path/Frameworks";
				PRODUCT_NAME = "$(TARGET_NAME)";
			};
			name = Release;
		};
		014D6C9D1B690C3D006F3F62 /* Debug */ = {
			isa = XCBuildConfiguration;
			buildSettings = {
				BUNDLE_LOADER = "$(TEST_HOST)";
				FRAMEWORK_SEARCH_PATHS = (
					"$(SDKROOT)/Developer/Library/Frameworks",
					"$(inherited)",
				);
				GCC_PREPROCESSOR_DEFINITIONS = (
					"DEBUG=1",
					"$(inherited)",
				);
				INFOPLIST_FILE = LoopMeMediatonDemoTests/Info.plist;
				LD_RUNPATH_SEARCH_PATHS = "$(inherited) @executable_path/Frameworks @loader_path/Frameworks";
				PRODUCT_NAME = "$(TARGET_NAME)";
				TEST_HOST = "$(BUILT_PRODUCTS_DIR)/LoopMeMediatonDemo.app/LoopMeMediatonDemo";
			};
			name = Debug;
		};
		014D6C9E1B690C3D006F3F62 /* Release */ = {
			isa = XCBuildConfiguration;
			buildSettings = {
				BUNDLE_LOADER = "$(TEST_HOST)";
				FRAMEWORK_SEARCH_PATHS = (
					"$(SDKROOT)/Developer/Library/Frameworks",
					"$(inherited)",
				);
				INFOPLIST_FILE = LoopMeMediatonDemoTests/Info.plist;
				LD_RUNPATH_SEARCH_PATHS = "$(inherited) @executable_path/Frameworks @loader_path/Frameworks";
				PRODUCT_NAME = "$(TARGET_NAME)";
				TEST_HOST = "$(BUILT_PRODUCTS_DIR)/LoopMeMediatonDemo.app/LoopMeMediatonDemo";
			};
			name = Release;
		};
/* End XCBuildConfiguration section */

/* Begin XCConfigurationList section */
		014D6C711B690C3D006F3F62 /* Build configuration list for PBXProject "LoopMeMediatonDemo" */ = {
			isa = XCConfigurationList;
			buildConfigurations = (
				014D6C971B690C3D006F3F62 /* Debug */,
				014D6C981B690C3D006F3F62 /* Release */,
			);
			defaultConfigurationIsVisible = 0;
			defaultConfigurationName = Release;
		};
		014D6C991B690C3D006F3F62 /* Build configuration list for PBXNativeTarget "LoopMeMediatonDemo" */ = {
			isa = XCConfigurationList;
			buildConfigurations = (
				014D6C9A1B690C3D006F3F62 /* Debug */,
				014D6C9B1B690C3D006F3F62 /* Release */,
			);
			defaultConfigurationIsVisible = 0;
			defaultConfigurationName = Release;
		};
		014D6C9C1B690C3D006F3F62 /* Build configuration list for PBXNativeTarget "LoopMeMediatonDemoTests" */ = {
			isa = XCConfigurationList;
			buildConfigurations = (
				014D6C9D1B690C3D006F3F62 /* Debug */,
				014D6C9E1B690C3D006F3F62 /* Release */,
			);
			defaultConfigurationIsVisible = 0;
			defaultConfigurationName = Release;
		};
/* End XCConfigurationList section */
	};
	rootObject = 014D6C6E1B690C3D006F3F62 /* Project object */;
}
